// !$*UTF8*$!
{
	archiveVersion = 1;
	classes = {
	};
	objectVersion = 60;
	objects = {

/* Begin PBXBuildFile section */
		D117BFAF2CA8B0880046A1E5 /* Network.swift in Sources */ = {isa = PBXBuildFile; fileRef = D117BFAE2CA8B0840046A1E5 /* Network.swift */; };
		D117BFB22CA8BF7E0046A1E5 /* ApolloGQL in Frameworks */ = {isa = PBXBuildFile; productRef = D117BFB12CA8BF7E0046A1E5 /* ApolloGQL */; };
		D11990622B9CBC160031E8A0 /* MusicKitTests.swift in Sources */ = {isa = PBXBuildFile; fileRef = D11990612B9CBC160031E8A0 /* MusicKitTests.swift */; };
		D11990652B9CC58D0031E8A0 /* MusicKit.framework in Frameworks */ = {isa = PBXBuildFile; fileRef = D11990642B9CC58D0031E8A0 /* MusicKit.framework */; };
		D11D58A82C39A06300501C6F /* ExpandedBottomSheet.swift in Sources */ = {isa = PBXBuildFile; fileRef = D11D58A72C39A06300501C6F /* ExpandedBottomSheet.swift */; };
		D11D792C2C6C5B9D0073BA21 /* Array.swift in Sources */ = {isa = PBXBuildFile; fileRef = D11D792B2C6C5B9D0073BA21 /* Array.swift */; };
		D12E1BB02C37B64500A4DC28 /* DateFormatter.swift in Sources */ = {isa = PBXBuildFile; fileRef = D12E1BAF2C37B64500A4DC28 /* DateFormatter.swift */; };
		D131F16D2B8AE54E002261BC /* Color.swift in Sources */ = {isa = PBXBuildFile; fileRef = D131F16C2B8AE54E002261BC /* Color.swift */; };
		D131F1702B8AE8B9002261BC /* TabBar.swift in Sources */ = {isa = PBXBuildFile; fileRef = D131F16F2B8AE8B9002261BC /* TabBar.swift */; };
		D131F17B2B8B090D002261BC /* MetronomeShape.swift in Sources */ = {isa = PBXBuildFile; fileRef = D131F17A2B8B090D002261BC /* MetronomeShape.swift */; };
		D138E6932CE0565C00FE2BA6 /* ApolloGQL in Frameworks */ = {isa = PBXBuildFile; productRef = D138E6922CE0565C00FE2BA6 /* ApolloGQL */; };
		D13D0EDA2BCC2FA1006B2683 /* Int.swift in Sources */ = {isa = PBXBuildFile; fileRef = D13D0ED92BCC2FA1006B2683 /* Int.swift */; };
		D13D0EDC2BCC4B23006B2683 /* SetString.swift in Sources */ = {isa = PBXBuildFile; fileRef = D13D0EDB2BCC4B23006B2683 /* SetString.swift */; };
		D14092FC2CA86C13008B5CDB /* Apollo in Frameworks */ = {isa = PBXBuildFile; productRef = D14092FB2CA86C13008B5CDB /* Apollo */; };
		D14092FE2CA86C13008B5CDB /* ApolloAPI in Frameworks */ = {isa = PBXBuildFile; productRef = D14092FD2CA86C13008B5CDB /* ApolloAPI */; };
		D14A43712C5DF83A00556C03 /* TabBarContainer.swift in Sources */ = {isa = PBXBuildFile; fileRef = D14A43702C5DF83A00556C03 /* TabBarContainer.swift */; };
		D15501B82BF1961C0088BCCE /* MovementEditRow.swift in Sources */ = {isa = PBXBuildFile; fileRef = D15501B72BF1961C0088BCCE /* MovementEditRow.swift */; };
		D157BF622C56DA0F00139677 /* RepetoireRow.swift in Sources */ = {isa = PBXBuildFile; fileRef = D157BF612C56DA0F00139677 /* RepetoireRow.swift */; };
		D15B56F72CCD553700EB71CD /* ApolloGQL in Frameworks */ = {isa = PBXBuildFile; productRef = D15B56F62CCD553700EB71CD /* ApolloGQL */; };
		D15B56FA2CCD556D00EB71CD /* ApolloGQL in Frameworks */ = {isa = PBXBuildFile; productRef = D15B56F92CCD556D00EB71CD /* ApolloGQL */; };
		D15B56FD2CCD56D500EB71CD /* ApolloGQL in Frameworks */ = {isa = PBXBuildFile; productRef = D15B56FC2CCD56D500EB71CD /* ApolloGQL */; };
		D15B57002CCDD64E00EB71CD /* ApolloGQL in Frameworks */ = {isa = PBXBuildFile; productRef = D15B56FF2CCDD64E00EB71CD /* ApolloGQL */; };
		D15B57032CCE9A4800EB71CD /* ApolloGQL in Frameworks */ = {isa = PBXBuildFile; productRef = D15B57022CCE9A4800EB71CD /* ApolloGQL */; };
		D15B57062CCEA09E00EB71CD /* ApolloGQL in Frameworks */ = {isa = PBXBuildFile; productRef = D15B57052CCEA09E00EB71CD /* ApolloGQL */; };
		D15B57092CCEA53300EB71CD /* ApolloGQL in Frameworks */ = {isa = PBXBuildFile; productRef = D15B57082CCEA53300EB71CD /* ApolloGQL */; };
		D15B570C2CCEA5A700EB71CD /* ApolloGQL in Frameworks */ = {isa = PBXBuildFile; productRef = D15B570B2CCEA5A700EB71CD /* ApolloGQL */; };
		D15B570E2CCEA8F200EB71CD /* ApolloGQL in Frameworks */ = {isa = PBXBuildFile; productRef = D15B570D2CCEA8F200EB71CD /* ApolloGQL */; };
		D15C882F2BF05E5000AAC950 /* AlertToast in Frameworks */ = {isa = PBXBuildFile; productRef = D15C882E2BF05E5000AAC950 /* AlertToast */; };
		D15C88312BF063B900AAC950 /* Error.swift in Sources */ = {isa = PBXBuildFile; fileRef = D15C88302BF063B900AAC950 /* Error.swift */; };
		D16E3A922C61E1AC00DA96A7 /* SearchView.swift in Sources */ = {isa = PBXBuildFile; fileRef = D16E3A912C61E1AC00DA96A7 /* SearchView.swift */; };
		D177FDA92C55855C00830F0D /* View.swift in Sources */ = {isa = PBXBuildFile; fileRef = D177FDA82C55855C00830F0D /* View.swift */; };
		D178732E2CA9B5D40009EBC5 /* ApolloGQL in Frameworks */ = {isa = PBXBuildFile; productRef = D178732D2CA9B5D40009EBC5 /* ApolloGQL */; };
		D17C5CA82B9E561300C1CA44 /* NewPieceRow.swift in Sources */ = {isa = PBXBuildFile; fileRef = D17C5CA72B9E561300C1CA44 /* NewPieceRow.swift */; };
		D17EAA6B2CD5785100D9656E /* ApolloGQL in Frameworks */ = {isa = PBXBuildFile; productRef = D17EAA6A2CD5785100D9656E /* ApolloGQL */; };
		D17EAA6E2CD57DA000D9656E /* ApolloGQL in Frameworks */ = {isa = PBXBuildFile; productRef = D17EAA6D2CD57DA000D9656E /* ApolloGQL */; };
		D17EAA712CD5840C00D9656E /* ApolloGQL in Frameworks */ = {isa = PBXBuildFile; productRef = D17EAA702CD5840C00D9656E /* ApolloGQL */; };
		D17EAA742CD586A400D9656E /* ApolloGQL in Frameworks */ = {isa = PBXBuildFile; productRef = D17EAA732CD586A400D9656E /* ApolloGQL */; };
		D17EAA772CD6892000D9656E /* ApolloGQL in Frameworks */ = {isa = PBXBuildFile; productRef = D17EAA762CD6892000D9656E /* ApolloGQL */; };
		D1840DD02C48902F001ED849 /* Logger.swift in Sources */ = {isa = PBXBuildFile; fileRef = D1840DCF2C48902F001ED849 /* Logger.swift */; };
		D185AC152BDF3B7E007F398D /* PieceEditViewModel.swift in Sources */ = {isa = PBXBuildFile; fileRef = D185AC142BDF3B7E007F398D /* PieceEditViewModel.swift */; };
		D19487C82CE139F40056D850 /* ApolloGQL in Frameworks */ = {isa = PBXBuildFile; productRef = D19487C72CE139F40056D850 /* ApolloGQL */; };
		D19487CB2CE13A940056D850 /* ApolloGQL in Frameworks */ = {isa = PBXBuildFile; productRef = D19487CA2CE13A940056D850 /* ApolloGQL */; };
		D19487CE2CE14E940056D850 /* ApolloGQL in Frameworks */ = {isa = PBXBuildFile; productRef = D19487CD2CE14E940056D850 /* ApolloGQL */; };
		D19487D02CE14E940056D850 /* Mocks in Frameworks */ = {isa = PBXBuildFile; productRef = D19487CF2CE14E940056D850 /* Mocks */; };
		D19487D32CE1AE220056D850 /* ApolloGQL in Frameworks */ = {isa = PBXBuildFile; productRef = D19487D22CE1AE220056D850 /* ApolloGQL */; };
		D19487D52CE1AE220056D850 /* Mocks in Frameworks */ = {isa = PBXBuildFile; productRef = D19487D42CE1AE220056D850 /* Mocks */; };
		D19487D82CE1AE620056D850 /* ApolloGQL in Frameworks */ = {isa = PBXBuildFile; productRef = D19487D72CE1AE620056D850 /* ApolloGQL */; };
		D19487DA2CE1AE620056D850 /* Mocks in Frameworks */ = {isa = PBXBuildFile; productRef = D19487D92CE1AE620056D850 /* Mocks */; };
		D19487DD2CE1AF410056D850 /* ApolloGQL in Frameworks */ = {isa = PBXBuildFile; productRef = D19487DC2CE1AF410056D850 /* ApolloGQL */; };
		D19487DF2CE1AF410056D850 /* Mocks in Frameworks */ = {isa = PBXBuildFile; productRef = D19487DE2CE1AF410056D850 /* Mocks */; };
		D197387E2C153F7100EBF53F /* PieceShow.swift in Sources */ = {isa = PBXBuildFile; fileRef = D197387D2C153F7100EBF53F /* PieceShow.swift */; };
		D19738802C1540B600EBF53F /* PracticeSessionViewModel.swift in Sources */ = {isa = PBXBuildFile; fileRef = D197387F2C1540B600EBF53F /* PracticeSessionViewModel.swift */; };
		D19738822C1540E500EBF53F /* PracticeSession.swift in Sources */ = {isa = PBXBuildFile; fileRef = D19738812C1540E500EBF53F /* PracticeSession.swift */; };
		D19E733F2B898F9300BB3EC7 /* PracticeLoggerApp.swift in Sources */ = {isa = PBXBuildFile; fileRef = D19E733E2B898F9300BB3EC7 /* PracticeLoggerApp.swift */; };
		D19E73412B898F9300BB3EC7 /* ContentView.swift in Sources */ = {isa = PBXBuildFile; fileRef = D19E73402B898F9300BB3EC7 /* ContentView.swift */; };
		D19E73432B898F9400BB3EC7 /* Assets.xcassets in Resources */ = {isa = PBXBuildFile; fileRef = D19E73422B898F9400BB3EC7 /* Assets.xcassets */; };
		D19E73462B898F9400BB3EC7 /* Preview Assets.xcassets in Resources */ = {isa = PBXBuildFile; fileRef = D19E73452B898F9400BB3EC7 /* Preview Assets.xcassets */; };
		D19E735A2B898F9400BB3EC7 /* PracticeLoggerUITests.swift in Sources */ = {isa = PBXBuildFile; fileRef = D19E73592B898F9400BB3EC7 /* PracticeLoggerUITests.swift */; };
		D19E735C2B898F9400BB3EC7 /* PracticeLoggerUITestsLaunchTests.swift in Sources */ = {isa = PBXBuildFile; fileRef = D19E735B2B898F9400BB3EC7 /* PracticeLoggerUITestsLaunchTests.swift */; };
		D1A056112CB1A9E30024DC2A /* PracticeSessionView.swift in Sources */ = {isa = PBXBuildFile; fileRef = D1A056102CB1A9E30024DC2A /* PracticeSessionView.swift */; };
		D1AC00D62BD46BC80019FA0F /* PieceEdit.swift in Sources */ = {isa = PBXBuildFile; fileRef = D1AC00D52BD46BC80019FA0F /* PieceEdit.swift */; };
		D1BE01D22C67EE1E00529BAE /* NavigationContext.swift in Sources */ = {isa = PBXBuildFile; fileRef = D1BE01D12C67EE1E00529BAE /* NavigationContext.swift */; };
		D1C2BEB52BDCE22600E8E39F /* Tag.swift in Sources */ = {isa = PBXBuildFile; fileRef = D1C2BEB42BDCE22600E8E39F /* Tag.swift */; };
		D1C2BEB72BDD612F00E8E39F /* SignIn.swift in Sources */ = {isa = PBXBuildFile; fileRef = D1C2BEB62BDD612F00E8E39F /* SignIn.swift */; };
		D1C2BEB92BDD61A800E8E39F /* SignInViewModel.swift in Sources */ = {isa = PBXBuildFile; fileRef = D1C2BEB82BDD61A800E8E39F /* SignInViewModel.swift */; };
		D1C2BEBD2BDD63A200E8E39F /* Supabase in Frameworks */ = {isa = PBXBuildFile; productRef = D1C2BEBC2BDD63A200E8E39F /* Supabase */; };
		D1C2BEC22BDD76A300E8E39F /* Database.swift in Sources */ = {isa = PBXBuildFile; fileRef = D1C2BEC12BDD76A300E8E39F /* Database.swift */; };
		D1C2BEC42BDD7A9100E8E39F /* Profile.swift in Sources */ = {isa = PBXBuildFile; fileRef = D1C2BEC32BDD7A9100E8E39F /* Profile.swift */; };
		D1C6B0D82B8BC81300F7B877 /* Auth in Frameworks */ = {isa = PBXBuildFile; productRef = D1C6B0D72B8BC81300F7B877 /* Auth */; };
		D1C6B0DA2B8BC81300F7B877 /* Functions in Frameworks */ = {isa = PBXBuildFile; productRef = D1C6B0D92B8BC81300F7B877 /* Functions */; };
		D1C6B0DC2B8BC81300F7B877 /* PostgREST in Frameworks */ = {isa = PBXBuildFile; productRef = D1C6B0DB2B8BC81300F7B877 /* PostgREST */; };
		D1C6B0DE2B8BC81300F7B877 /* Realtime in Frameworks */ = {isa = PBXBuildFile; productRef = D1C6B0DD2B8BC81300F7B877 /* Realtime */; };
		D1C6B0E02B8BC81300F7B877 /* Storage in Frameworks */ = {isa = PBXBuildFile; productRef = D1C6B0DF2B8BC81300F7B877 /* Storage */; };
		D1CDA1042CC5E50A000BB3AB /* ApolloGQL in Frameworks */ = {isa = PBXBuildFile; productRef = D1CDA1032CC5E50A000BB3AB /* ApolloGQL */; };
		D1CDA1072CC5E901000BB3AB /* ApolloGQL in Frameworks */ = {isa = PBXBuildFile; productRef = D1CDA1062CC5E901000BB3AB /* ApolloGQL */; };
		D1CDA10A2CC60247000BB3AB /* ApolloGQL in Frameworks */ = {isa = PBXBuildFile; productRef = D1CDA1092CC60247000BB3AB /* ApolloGQL */; };
		D1CDA10C2CC60617000BB3AB /* ApolloGQL in Frameworks */ = {isa = PBXBuildFile; productRef = D1CDA10B2CC60617000BB3AB /* ApolloGQL */; };
		D1CDA10F2CC606DC000BB3AB /* ApolloGQL in Frameworks */ = {isa = PBXBuildFile; productRef = D1CDA10E2CC606DC000BB3AB /* ApolloGQL */; };
		D1D6548E2BDDB9BE008D4868 /* ProfileViewModel.swift in Sources */ = {isa = PBXBuildFile; fileRef = D1D6548D2BDDB9BE008D4868 /* ProfileViewModel.swift */; };
		D1DF5B5F2BB882CD00FFED0F /* String.swift in Sources */ = {isa = PBXBuildFile; fileRef = D1DF5B5E2BB882CD00FFED0F /* String.swift */; };
		D1E46FF22B96D52D00228C3F /* Piece.swift in Sources */ = {isa = PBXBuildFile; fileRef = D1E46FF12B96D52D00228C3F /* Piece.swift */; };
		D1E98BCD2C59D0F80065D27D /* SearchViewModel.swift in Sources */ = {isa = PBXBuildFile; fileRef = D1E98BCC2C59D0F80065D27D /* SearchViewModel.swift */; };
		D1E98BD32C59EF750065D27D /* KeySignatureType.swift in Sources */ = {isa = PBXBuildFile; fileRef = D1E98BD22C59EF750065D27D /* KeySignatureType.swift */; };
		D1E98BD52C59EF990065D27D /* KeySignatureTonality.swift in Sources */ = {isa = PBXBuildFile; fileRef = D1E98BD42C59EF990065D27D /* KeySignatureTonality.swift */; };
		D1E98BD72C59EFB20065D27D /* Format.swift in Sources */ = {isa = PBXBuildFile; fileRef = D1E98BD62C59EFB20065D27D /* Format.swift */; };
		D1E98BDA2C59EFF40065D27D /* CatalogueType.swift in Sources */ = {isa = PBXBuildFile; fileRef = D1E98BD92C59EFF40065D27D /* CatalogueType.swift */; };
		D1ED6C442C4CB0BF00300FE9 /* KeyboardResponder.swift in Sources */ = {isa = PBXBuildFile; fileRef = D1ED6C432C4CB0BF00300FE9 /* KeyboardResponder.swift */; };
		D1F29CE92C6C52F000FC5E74 /* RecentPracticeSessions.swift in Sources */ = {isa = PBXBuildFile; fileRef = D1F29CE82C6C52F000FC5E74 /* RecentPracticeSessions.swift */; };
		D1F29CEC2C6C56A200FC5E74 /* Piece+SampleData.swift in Sources */ = {isa = PBXBuildFile; fileRef = D1F29CEB2C6C56A200FC5E74 /* Piece+SampleData.swift */; };
		D1F29CEF2C6C580B00FC5E74 /* PracticeSession+SampleData.swift in Sources */ = {isa = PBXBuildFile; fileRef = D1F29CEE2C6C580B00FC5E74 /* PracticeSession+SampleData.swift */; };
		D1F5EE892BF8656E00E9DA23 /* Movement.swift in Sources */ = {isa = PBXBuildFile; fileRef = D1F5EE882BF8656E00E9DA23 /* Movement.swift */; };
		D1F5EE8B2BF8662000E9DA23 /* Composer.swift in Sources */ = {isa = PBXBuildFile; fileRef = D1F5EE8A2BF8662000E9DA23 /* Composer.swift */; };
		D1F87A112CDAF10D00F5C70D /* ApolloGQL in Frameworks */ = {isa = PBXBuildFile; productRef = D1F87A102CDAF10D00F5C70D /* ApolloGQL */; };
/* End PBXBuildFile section */

/* Begin PBXContainerItemProxy section */
		D19E734C2B898F9400BB3EC7 /* PBXContainerItemProxy */ = {
			isa = PBXContainerItemProxy;
			containerPortal = D19E73332B898F9300BB3EC7 /* Project object */;
			proxyType = 1;
			remoteGlobalIDString = D19E733A2B898F9300BB3EC7;
			remoteInfo = PracticeLogger;
		};
		D19E73562B898F9400BB3EC7 /* PBXContainerItemProxy */ = {
			isa = PBXContainerItemProxy;
			containerPortal = D19E73332B898F9300BB3EC7 /* Project object */;
			proxyType = 1;
			remoteGlobalIDString = D19E733A2B898F9300BB3EC7;
			remoteInfo = PracticeLogger;
		};
/* End PBXContainerItemProxy section */

/* Begin PBXFileReference section */
		D117BFAE2CA8B0840046A1E5 /* Network.swift */ = {isa = PBXFileReference; lastKnownFileType = sourcecode.swift; path = Network.swift; sourceTree = "<group>"; };
		D11990612B9CBC160031E8A0 /* MusicKitTests.swift */ = {isa = PBXFileReference; lastKnownFileType = sourcecode.swift; path = MusicKitTests.swift; sourceTree = "<group>"; };
		D11990642B9CC58D0031E8A0 /* MusicKit.framework */ = {isa = PBXFileReference; lastKnownFileType = wrapper.framework; name = MusicKit.framework; path = Platforms/MacOSX.platform/Developer/SDKs/MacOSX14.2.sdk/System/Library/Frameworks/MusicKit.framework; sourceTree = DEVELOPER_DIR; };
		D11D58A72C39A06300501C6F /* ExpandedBottomSheet.swift */ = {isa = PBXFileReference; lastKnownFileType = sourcecode.swift; path = ExpandedBottomSheet.swift; sourceTree = "<group>"; };
		D11D792B2C6C5B9D0073BA21 /* Array.swift */ = {isa = PBXFileReference; lastKnownFileType = sourcecode.swift; path = Array.swift; sourceTree = "<group>"; };
		D12E1BAF2C37B64500A4DC28 /* DateFormatter.swift */ = {isa = PBXFileReference; lastKnownFileType = sourcecode.swift; path = DateFormatter.swift; sourceTree = "<group>"; };
		D131F16C2B8AE54E002261BC /* Color.swift */ = {isa = PBXFileReference; lastKnownFileType = sourcecode.swift; path = Color.swift; sourceTree = "<group>"; };
		D131F16F2B8AE8B9002261BC /* TabBar.swift */ = {isa = PBXFileReference; lastKnownFileType = sourcecode.swift; path = TabBar.swift; sourceTree = "<group>"; };
		D131F17A2B8B090D002261BC /* MetronomeShape.swift */ = {isa = PBXFileReference; lastKnownFileType = sourcecode.swift; path = MetronomeShape.swift; sourceTree = "<group>"; };
		D13D0ED92BCC2FA1006B2683 /* Int.swift */ = {isa = PBXFileReference; lastKnownFileType = sourcecode.swift; path = Int.swift; sourceTree = "<group>"; };
		D13D0EDB2BCC4B23006B2683 /* SetString.swift */ = {isa = PBXFileReference; lastKnownFileType = sourcecode.swift; path = SetString.swift; sourceTree = "<group>"; };
		D14093042CA86E84008B5CDB /* ApolloConfig.swift */ = {isa = PBXFileReference; lastKnownFileType = sourcecode.swift; path = ApolloConfig.swift; sourceTree = "<group>"; };
		D14A43702C5DF83A00556C03 /* TabBarContainer.swift */ = {isa = PBXFileReference; lastKnownFileType = sourcecode.swift; path = TabBarContainer.swift; sourceTree = "<group>"; };
		D15501B72BF1961C0088BCCE /* MovementEditRow.swift */ = {isa = PBXFileReference; lastKnownFileType = sourcecode.swift; path = MovementEditRow.swift; sourceTree = "<group>"; };
		D157BF612C56DA0F00139677 /* RepetoireRow.swift */ = {isa = PBXFileReference; lastKnownFileType = sourcecode.swift; path = RepetoireRow.swift; sourceTree = "<group>"; };
		D15C88302BF063B900AAC950 /* Error.swift */ = {isa = PBXFileReference; lastKnownFileType = sourcecode.swift; path = Error.swift; sourceTree = "<group>"; };
		D16E3A912C61E1AC00DA96A7 /* SearchView.swift */ = {isa = PBXFileReference; lastKnownFileType = sourcecode.swift; path = SearchView.swift; sourceTree = "<group>"; };
		D177FDA82C55855C00830F0D /* View.swift */ = {isa = PBXFileReference; lastKnownFileType = sourcecode.swift; path = View.swift; sourceTree = "<group>"; };
		D17C5CA72B9E561300C1CA44 /* NewPieceRow.swift */ = {isa = PBXFileReference; lastKnownFileType = sourcecode.swift; path = NewPieceRow.swift; sourceTree = "<group>"; usesTabs = 0; };
		D1840DCF2C48902F001ED849 /* Logger.swift */ = {isa = PBXFileReference; lastKnownFileType = sourcecode.swift; path = Logger.swift; sourceTree = "<group>"; };
		D185AC142BDF3B7E007F398D /* PieceEditViewModel.swift */ = {isa = PBXFileReference; lastKnownFileType = sourcecode.swift; path = PieceEditViewModel.swift; sourceTree = "<group>"; };
		D197387D2C153F7100EBF53F /* PieceShow.swift */ = {isa = PBXFileReference; lastKnownFileType = sourcecode.swift; path = PieceShow.swift; sourceTree = "<group>"; };
		D197387F2C1540B600EBF53F /* PracticeSessionViewModel.swift */ = {isa = PBXFileReference; lastKnownFileType = sourcecode.swift; path = PracticeSessionViewModel.swift; sourceTree = "<group>"; };
		D19738812C1540E500EBF53F /* PracticeSession.swift */ = {isa = PBXFileReference; lastKnownFileType = sourcecode.swift; path = PracticeSession.swift; sourceTree = "<group>"; };
		D19E733B2B898F9300BB3EC7 /* PracticeLogger.app */ = {isa = PBXFileReference; explicitFileType = wrapper.application; includeInIndex = 0; path = PracticeLogger.app; sourceTree = BUILT_PRODUCTS_DIR; };
		D19E733E2B898F9300BB3EC7 /* PracticeLoggerApp.swift */ = {isa = PBXFileReference; lastKnownFileType = sourcecode.swift; path = PracticeLoggerApp.swift; sourceTree = "<group>"; };
		D19E73402B898F9300BB3EC7 /* ContentView.swift */ = {isa = PBXFileReference; lastKnownFileType = sourcecode.swift; path = ContentView.swift; sourceTree = "<group>"; };
		D19E73422B898F9400BB3EC7 /* Assets.xcassets */ = {isa = PBXFileReference; lastKnownFileType = folder.assetcatalog; path = Assets.xcassets; sourceTree = "<group>"; };
		D19E73452B898F9400BB3EC7 /* Preview Assets.xcassets */ = {isa = PBXFileReference; lastKnownFileType = folder.assetcatalog; path = "Preview Assets.xcassets"; sourceTree = "<group>"; };
		D19E734B2B898F9400BB3EC7 /* PracticeLoggerTests.xctest */ = {isa = PBXFileReference; explicitFileType = wrapper.cfbundle; includeInIndex = 0; path = PracticeLoggerTests.xctest; sourceTree = BUILT_PRODUCTS_DIR; };
		D19E73552B898F9400BB3EC7 /* PracticeLoggerUITests.xctest */ = {isa = PBXFileReference; explicitFileType = wrapper.cfbundle; includeInIndex = 0; path = PracticeLoggerUITests.xctest; sourceTree = BUILT_PRODUCTS_DIR; };
		D19E73592B898F9400BB3EC7 /* PracticeLoggerUITests.swift */ = {isa = PBXFileReference; lastKnownFileType = sourcecode.swift; path = PracticeLoggerUITests.swift; sourceTree = "<group>"; };
		D19E735B2B898F9400BB3EC7 /* PracticeLoggerUITestsLaunchTests.swift */ = {isa = PBXFileReference; lastKnownFileType = sourcecode.swift; path = PracticeLoggerUITestsLaunchTests.swift; sourceTree = "<group>"; };
		D1A056102CB1A9E30024DC2A /* PracticeSessionView.swift */ = {isa = PBXFileReference; lastKnownFileType = sourcecode.swift; path = PracticeSessionView.swift; sourceTree = "<group>"; };
		D1AC00D52BD46BC80019FA0F /* PieceEdit.swift */ = {isa = PBXFileReference; lastKnownFileType = sourcecode.swift; path = PieceEdit.swift; sourceTree = "<group>"; };
		D1BE01D12C67EE1E00529BAE /* NavigationContext.swift */ = {isa = PBXFileReference; lastKnownFileType = sourcecode.swift; path = NavigationContext.swift; sourceTree = "<group>"; };
		D1C2BEB42BDCE22600E8E39F /* Tag.swift */ = {isa = PBXFileReference; lastKnownFileType = sourcecode.swift; path = Tag.swift; sourceTree = "<group>"; };
		D1C2BEB62BDD612F00E8E39F /* SignIn.swift */ = {isa = PBXFileReference; lastKnownFileType = sourcecode.swift; path = SignIn.swift; sourceTree = "<group>"; };
		D1C2BEB82BDD61A800E8E39F /* SignInViewModel.swift */ = {isa = PBXFileReference; lastKnownFileType = sourcecode.swift; path = SignInViewModel.swift; sourceTree = "<group>"; };
		D1C2BEC02BDD687E00E8E39F /* PracticeLogger.entitlements */ = {isa = PBXFileReference; lastKnownFileType = text.plist.entitlements; path = PracticeLogger.entitlements; sourceTree = "<group>"; };
		D1C2BEC12BDD76A300E8E39F /* Database.swift */ = {isa = PBXFileReference; lastKnownFileType = sourcecode.swift; path = Database.swift; sourceTree = "<group>"; };
		D1C2BEC32BDD7A9100E8E39F /* Profile.swift */ = {isa = PBXFileReference; lastKnownFileType = sourcecode.swift; path = Profile.swift; sourceTree = "<group>"; };
		D1D6548D2BDDB9BE008D4868 /* ProfileViewModel.swift */ = {isa = PBXFileReference; lastKnownFileType = sourcecode.swift; path = ProfileViewModel.swift; sourceTree = "<group>"; };
		D1DF5B5E2BB882CD00FFED0F /* String.swift */ = {isa = PBXFileReference; lastKnownFileType = sourcecode.swift; path = String.swift; sourceTree = "<group>"; };
		D1E46FF12B96D52D00228C3F /* Piece.swift */ = {isa = PBXFileReference; lastKnownFileType = sourcecode.swift; path = Piece.swift; sourceTree = "<group>"; };
		D1E98BCC2C59D0F80065D27D /* SearchViewModel.swift */ = {isa = PBXFileReference; lastKnownFileType = sourcecode.swift; path = SearchViewModel.swift; sourceTree = "<group>"; };
		D1E98BD22C59EF750065D27D /* KeySignatureType.swift */ = {isa = PBXFileReference; lastKnownFileType = sourcecode.swift; path = KeySignatureType.swift; sourceTree = "<group>"; };
		D1E98BD42C59EF990065D27D /* KeySignatureTonality.swift */ = {isa = PBXFileReference; lastKnownFileType = sourcecode.swift; path = KeySignatureTonality.swift; sourceTree = "<group>"; };
		D1E98BD62C59EFB20065D27D /* Format.swift */ = {isa = PBXFileReference; lastKnownFileType = sourcecode.swift; path = Format.swift; sourceTree = "<group>"; };
		D1E98BD92C59EFF40065D27D /* CatalogueType.swift */ = {isa = PBXFileReference; lastKnownFileType = sourcecode.swift; path = CatalogueType.swift; sourceTree = "<group>"; };
		D1EA64CD2B8A7E7B00D95E1F /* Info.plist */ = {isa = PBXFileReference; lastKnownFileType = text.plist; path = Info.plist; sourceTree = "<group>"; };
		D1ED6C432C4CB0BF00300FE9 /* KeyboardResponder.swift */ = {isa = PBXFileReference; lastKnownFileType = sourcecode.swift; path = KeyboardResponder.swift; sourceTree = "<group>"; };
		D1F29CE82C6C52F000FC5E74 /* RecentPracticeSessions.swift */ = {isa = PBXFileReference; lastKnownFileType = sourcecode.swift; path = RecentPracticeSessions.swift; sourceTree = "<group>"; };
		D1F29CEB2C6C56A200FC5E74 /* Piece+SampleData.swift */ = {isa = PBXFileReference; lastKnownFileType = sourcecode.swift; path = "Piece+SampleData.swift"; sourceTree = "<group>"; };
		D1F29CEE2C6C580B00FC5E74 /* PracticeSession+SampleData.swift */ = {isa = PBXFileReference; lastKnownFileType = sourcecode.swift; path = "PracticeSession+SampleData.swift"; sourceTree = "<group>"; };
		D1F5EE882BF8656E00E9DA23 /* Movement.swift */ = {isa = PBXFileReference; lastKnownFileType = sourcecode.swift; path = Movement.swift; sourceTree = "<group>"; };
		D1F5EE8A2BF8662000E9DA23 /* Composer.swift */ = {isa = PBXFileReference; lastKnownFileType = sourcecode.swift; path = Composer.swift; sourceTree = "<group>"; };
/* End PBXFileReference section */

/* Begin PBXFrameworksBuildPhase section */
		D19E73382B898F9300BB3EC7 /* Frameworks */ = {
			isa = PBXFrameworksBuildPhase;
			buildActionMask = 2147483647;
			files = (
				D15B56FA2CCD556D00EB71CD /* ApolloGQL in Frameworks */,
				D1CDA1042CC5E50A000BB3AB /* ApolloGQL in Frameworks */,
				D14092FE2CA86C13008B5CDB /* ApolloAPI in Frameworks */,
				D19487C82CE139F40056D850 /* ApolloGQL in Frameworks */,
				D15B56FD2CCD56D500EB71CD /* ApolloGQL in Frameworks */,
				D1C6B0DC2B8BC81300F7B877 /* PostgREST in Frameworks */,
				D19487D02CE14E940056D850 /* Mocks in Frameworks */,
				D19487CE2CE14E940056D850 /* ApolloGQL in Frameworks */,
				D15C882F2BF05E5000AAC950 /* AlertToast in Frameworks */,
				D17EAA772CD6892000D9656E /* ApolloGQL in Frameworks */,
				D19487DA2CE1AE620056D850 /* Mocks in Frameworks */,
				D15B570E2CCEA8F200EB71CD /* ApolloGQL in Frameworks */,
				D15B57032CCE9A4800EB71CD /* ApolloGQL in Frameworks */,
				D1CDA10F2CC606DC000BB3AB /* ApolloGQL in Frameworks */,
				D17EAA6E2CD57DA000D9656E /* ApolloGQL in Frameworks */,
				D178732E2CA9B5D40009EBC5 /* ApolloGQL in Frameworks */,
				D1CDA1072CC5E901000BB3AB /* ApolloGQL in Frameworks */,
				D19487DD2CE1AF410056D850 /* ApolloGQL in Frameworks */,
				D15B57092CCEA53300EB71CD /* ApolloGQL in Frameworks */,
				D1CDA10C2CC60617000BB3AB /* ApolloGQL in Frameworks */,
				D19487D82CE1AE620056D850 /* ApolloGQL in Frameworks */,
				D15B570C2CCEA5A700EB71CD /* ApolloGQL in Frameworks */,
				D1CDA10A2CC60247000BB3AB /* ApolloGQL in Frameworks */,
				D15B56F72CCD553700EB71CD /* ApolloGQL in Frameworks */,
				D1C6B0DA2B8BC81300F7B877 /* Functions in Frameworks */,
				D15B57062CCEA09E00EB71CD /* ApolloGQL in Frameworks */,
				D138E6932CE0565C00FE2BA6 /* ApolloGQL in Frameworks */,
				D17EAA6B2CD5785100D9656E /* ApolloGQL in Frameworks */,
				D17EAA712CD5840C00D9656E /* ApolloGQL in Frameworks */,
				D1C2BEBD2BDD63A200E8E39F /* Supabase in Frameworks */,
				D1C6B0D82B8BC81300F7B877 /* Auth in Frameworks */,
				D19487CB2CE13A940056D850 /* ApolloGQL in Frameworks */,
				D19487D32CE1AE220056D850 /* ApolloGQL in Frameworks */,
				D1F87A112CDAF10D00F5C70D /* ApolloGQL in Frameworks */,
				D117BFB22CA8BF7E0046A1E5 /* ApolloGQL in Frameworks */,
				D15B57002CCDD64E00EB71CD /* ApolloGQL in Frameworks */,
				D19487DF2CE1AF410056D850 /* Mocks in Frameworks */,
				D14092FC2CA86C13008B5CDB /* Apollo in Frameworks */,
				D19487D52CE1AE220056D850 /* Mocks in Frameworks */,
				D1C6B0E02B8BC81300F7B877 /* Storage in Frameworks */,
				D1C6B0DE2B8BC81300F7B877 /* Realtime in Frameworks */,
				D17EAA742CD586A400D9656E /* ApolloGQL in Frameworks */,
			);
			runOnlyForDeploymentPostprocessing = 0;
		};
		D19E73482B898F9400BB3EC7 /* Frameworks */ = {
			isa = PBXFrameworksBuildPhase;
			buildActionMask = 2147483647;
			files = (
				D11990652B9CC58D0031E8A0 /* MusicKit.framework in Frameworks */,
			);
			runOnlyForDeploymentPostprocessing = 0;
		};
		D19E73522B898F9400BB3EC7 /* Frameworks */ = {
			isa = PBXFrameworksBuildPhase;
			buildActionMask = 2147483647;
			files = (
			);
			runOnlyForDeploymentPostprocessing = 0;
		};
/* End PBXFrameworksBuildPhase section */

/* Begin PBXGroup section */
		D11990632B9CC58C0031E8A0 /* Frameworks */ = {
			isa = PBXGroup;
			children = (
				D11990642B9CC58D0031E8A0 /* MusicKit.framework */,
			);
			name = Frameworks;
			sourceTree = "<group>";
		};
		D131F16A2B8AE168002261BC /* Views */ = {
			isa = PBXGroup;
			children = (
				D131F1742B8AFCC8002261BC /* Components */,
				D17C5CA72B9E561300C1CA44 /* NewPieceRow.swift */,
				D1AC00D52BD46BC80019FA0F /* PieceEdit.swift */,
				D1C2BEB62BDD612F00E8E39F /* SignIn.swift */,
				D197387D2C153F7100EBF53F /* PieceShow.swift */,
				D1C2BEC32BDD7A9100E8E39F /* Profile.swift */,
				D15501B72BF1961C0088BCCE /* MovementEditRow.swift */,
				D157BF612C56DA0F00139677 /* RepetoireRow.swift */,
				D14A43702C5DF83A00556C03 /* TabBarContainer.swift */,
				D16E3A912C61E1AC00DA96A7 /* SearchView.swift */,
				D1F29CE82C6C52F000FC5E74 /* RecentPracticeSessions.swift */,
				D1A056102CB1A9E30024DC2A /* PracticeSessionView.swift */,
			);
			path = Views;
			sourceTree = "<group>";
		};
		D131F16B2B8AE544002261BC /* Extensions */ = {
			isa = PBXGroup;
			children = (
				D131F16C2B8AE54E002261BC /* Color.swift */,
				D13D0ED92BCC2FA1006B2683 /* Int.swift */,
				D1DF5B5E2BB882CD00FFED0F /* String.swift */,
				D13D0EDB2BCC4B23006B2683 /* SetString.swift */,
				D12E1BAF2C37B64500A4DC28 /* DateFormatter.swift */,
				D177FDA82C55855C00830F0D /* View.swift */,
				D11D792B2C6C5B9D0073BA21 /* Array.swift */,
			);
			path = Extensions;
			sourceTree = "<group>";
		};
		D131F1712B8AF415002261BC /* Custom Tab Bar */ = {
			isa = PBXGroup;
			children = (
				D131F16F2B8AE8B9002261BC /* TabBar.swift */,
				D11D58A72C39A06300501C6F /* ExpandedBottomSheet.swift */,
			);
			path = "Custom Tab Bar";
			sourceTree = "<group>";
		};
		D131F1742B8AFCC8002261BC /* Components */ = {
			isa = PBXGroup;
			children = (
				D131F1712B8AF415002261BC /* Custom Tab Bar */,
				D1C2BEB42BDCE22600E8E39F /* Tag.swift */,
				D131F17A2B8B090D002261BC /* MetronomeShape.swift */,
			);
			path = Components;
			sourceTree = "<group>";
		};
		D188F6642B96CED4005E0FA2 /* ViewModel */ = {
			isa = PBXGroup;
			children = (
				D1C2BEB82BDD61A800E8E39F /* SignInViewModel.swift */,
				D1D6548D2BDDB9BE008D4868 /* ProfileViewModel.swift */,
				D185AC142BDF3B7E007F398D /* PieceEditViewModel.swift */,
				D197387F2C1540B600EBF53F /* PracticeSessionViewModel.swift */,
				D1E98BCC2C59D0F80065D27D /* SearchViewModel.swift */,
				D1BE01D12C67EE1E00529BAE /* NavigationContext.swift */,
			);
			path = ViewModel;
			sourceTree = "<group>";
		};
		D188F6672B96D490005E0FA2 /* model */ = {
			isa = PBXGroup;
			children = (
				D1E98BD82C59EFB80065D27D /* enums */,
				D1F29CEA2C6C569300FC5E74 /* Piece */,
				D1F5EE882BF8656E00E9DA23 /* Movement.swift */,
				D1F5EE8A2BF8662000E9DA23 /* Composer.swift */,
				D1F29CED2C6C57F900FC5E74 /* PracticeSession */,
				D1840DCF2C48902F001ED849 /* Logger.swift */,
			);
			path = model;
			sourceTree = "<group>";
		};
		D19E73322B898F9300BB3EC7 = {
			isa = PBXGroup;
			children = (
				D19E733D2B898F9300BB3EC7 /* PracticeLogger */,
				D19E734E2B898F9400BB3EC7 /* PracticeLoggerTests */,
				D19E73582B898F9400BB3EC7 /* PracticeLoggerUITests */,
				D19E733C2B898F9300BB3EC7 /* Products */,
				D11990632B9CC58C0031E8A0 /* Frameworks */,
			);
			sourceTree = "<group>";
		};
		D19E733C2B898F9300BB3EC7 /* Products */ = {
			isa = PBXGroup;
			children = (
				D19E733B2B898F9300BB3EC7 /* PracticeLogger.app */,
				D19E734B2B898F9400BB3EC7 /* PracticeLoggerTests.xctest */,
				D19E73552B898F9400BB3EC7 /* PracticeLoggerUITests.xctest */,
			);
			name = Products;
			sourceTree = "<group>";
		};
		D19E733D2B898F9300BB3EC7 /* PracticeLogger */ = {
			isa = PBXGroup;
			children = (
				D1C2BEC02BDD687E00E8E39F /* PracticeLogger.entitlements */,
				D1F5EE8D2BF8664C00E9DA23 /* utils */,
				D188F6672B96D490005E0FA2 /* model */,
				D188F6642B96CED4005E0FA2 /* ViewModel */,
				D131F16B2B8AE544002261BC /* Extensions */,
				D1EA64CD2B8A7E7B00D95E1F /* Info.plist */,
				D19E733E2B898F9300BB3EC7 /* PracticeLoggerApp.swift */,
				D19E73402B898F9300BB3EC7 /* ContentView.swift */,
				D131F16A2B8AE168002261BC /* Views */,
				D19E73422B898F9400BB3EC7 /* Assets.xcassets */,
				D19E73442B898F9400BB3EC7 /* Preview Content */,
			);
			path = PracticeLogger;
			sourceTree = "<group>";
		};
		D19E73442B898F9400BB3EC7 /* Preview Content */ = {
			isa = PBXGroup;
			children = (
				D19E73452B898F9400BB3EC7 /* Preview Assets.xcassets */,
			);
			path = "Preview Content";
			sourceTree = "<group>";
		};
		D19E734E2B898F9400BB3EC7 /* PracticeLoggerTests */ = {
			isa = PBXGroup;
			children = (
				D11990612B9CBC160031E8A0 /* MusicKitTests.swift */,
			);
			path = PracticeLoggerTests;
			sourceTree = "<group>";
		};
		D19E73582B898F9400BB3EC7 /* PracticeLoggerUITests */ = {
			isa = PBXGroup;
			children = (
				D19E73592B898F9400BB3EC7 /* PracticeLoggerUITests.swift */,
				D19E735B2B898F9400BB3EC7 /* PracticeLoggerUITestsLaunchTests.swift */,
			);
			path = PracticeLoggerUITests;
			sourceTree = "<group>";
		};
		D1E98BD82C59EFB80065D27D /* enums */ = {
			isa = PBXGroup;
			children = (
				D1E98BD22C59EF750065D27D /* KeySignatureType.swift */,
				D1E98BD42C59EF990065D27D /* KeySignatureTonality.swift */,
				D1E98BD62C59EFB20065D27D /* Format.swift */,
				D1E98BD92C59EFF40065D27D /* CatalogueType.swift */,
			);
			path = enums;
			sourceTree = "<group>";
		};
		D1F29CEA2C6C569300FC5E74 /* Piece */ = {
			isa = PBXGroup;
			children = (
				D1E46FF12B96D52D00228C3F /* Piece.swift */,
				D1F29CEB2C6C56A200FC5E74 /* Piece+SampleData.swift */,
			);
			path = Piece;
			sourceTree = "<group>";
		};
		D1F29CED2C6C57F900FC5E74 /* PracticeSession */ = {
			isa = PBXGroup;
			children = (
				D19738812C1540E500EBF53F /* PracticeSession.swift */,
				D1F29CEE2C6C580B00FC5E74 /* PracticeSession+SampleData.swift */,
			);
			path = PracticeSession;
			sourceTree = "<group>";
		};
		D1F5EE8D2BF8664C00E9DA23 /* utils */ = {
			isa = PBXGroup;
			children = (
				D117BFAE2CA8B0840046A1E5 /* Network.swift */,
				D14093042CA86E84008B5CDB /* ApolloConfig.swift */,
				D1C2BEC12BDD76A300E8E39F /* Database.swift */,
				D15C88302BF063B900AAC950 /* Error.swift */,
				D1ED6C432C4CB0BF00300FE9 /* KeyboardResponder.swift */,
			);
			name = utils;
			sourceTree = "<group>";
		};
/* End PBXGroup section */

/* Begin PBXNativeTarget section */
		D19E733A2B898F9300BB3EC7 /* PracticeLogger */ = {
			isa = PBXNativeTarget;
			buildConfigurationList = D19E735F2B898F9400BB3EC7 /* Build configuration list for PBXNativeTarget "PracticeLogger" */;
			buildPhases = (
				D15756CF2BDDC3760091D47C /* Source variables */,
				D19E73372B898F9300BB3EC7 /* Sources */,
				D19E73382B898F9300BB3EC7 /* Frameworks */,
				D19E73392B898F9300BB3EC7 /* Resources */,
				D1C2BEB22BDCD91400E8E39F /* Swift lint */,
			);
			buildRules = (
			);
			dependencies = (
			);
			name = PracticeLogger;
			packageProductDependencies = (
				D1C6B0D72B8BC81300F7B877 /* Auth */,
				D1C6B0D92B8BC81300F7B877 /* Functions */,
				D1C6B0DB2B8BC81300F7B877 /* PostgREST */,
				D1C6B0DD2B8BC81300F7B877 /* Realtime */,
				D1C6B0DF2B8BC81300F7B877 /* Storage */,
				D1C2BEBC2BDD63A200E8E39F /* Supabase */,
				D15C882E2BF05E5000AAC950 /* AlertToast */,
				D14092FB2CA86C13008B5CDB /* Apollo */,
				D14092FD2CA86C13008B5CDB /* ApolloAPI */,
				D117BFB12CA8BF7E0046A1E5 /* ApolloGQL */,
				D178732D2CA9B5D40009EBC5 /* ApolloGQL */,
				D1CDA1032CC5E50A000BB3AB /* ApolloGQL */,
				D1CDA1062CC5E901000BB3AB /* ApolloGQL */,
				D1CDA1092CC60247000BB3AB /* ApolloGQL */,
				D1CDA10B2CC60617000BB3AB /* ApolloGQL */,
				D1CDA10E2CC606DC000BB3AB /* ApolloGQL */,
				D15B56F62CCD553700EB71CD /* ApolloGQL */,
				D15B56F92CCD556D00EB71CD /* ApolloGQL */,
				D15B56FC2CCD56D500EB71CD /* ApolloGQL */,
				D15B56FF2CCDD64E00EB71CD /* ApolloGQL */,
				D15B57022CCE9A4800EB71CD /* ApolloGQL */,
				D15B57052CCEA09E00EB71CD /* ApolloGQL */,
				D15B57082CCEA53300EB71CD /* ApolloGQL */,
				D15B570B2CCEA5A700EB71CD /* ApolloGQL */,
				D15B570D2CCEA8F200EB71CD /* ApolloGQL */,
				D17EAA6A2CD5785100D9656E /* ApolloGQL */,
				D17EAA6D2CD57DA000D9656E /* ApolloGQL */,
				D17EAA702CD5840C00D9656E /* ApolloGQL */,
				D17EAA732CD586A400D9656E /* ApolloGQL */,
				D17EAA762CD6892000D9656E /* ApolloGQL */,
				D1F87A102CDAF10D00F5C70D /* ApolloGQL */,
				D138E6922CE0565C00FE2BA6 /* ApolloGQL */,
				D19487C72CE139F40056D850 /* ApolloGQL */,
				D19487CA2CE13A940056D850 /* ApolloGQL */,
				D19487CD2CE14E940056D850 /* ApolloGQL */,
				D19487CF2CE14E940056D850 /* Mocks */,
				D19487D22CE1AE220056D850 /* ApolloGQL */,
				D19487D42CE1AE220056D850 /* Mocks */,
				D19487D72CE1AE620056D850 /* ApolloGQL */,
				D19487D92CE1AE620056D850 /* Mocks */,
				D19487DC2CE1AF410056D850 /* ApolloGQL */,
				D19487DE2CE1AF410056D850 /* Mocks */,
			);
			productName = PracticeLogger;
			productReference = D19E733B2B898F9300BB3EC7 /* PracticeLogger.app */;
			productType = "com.apple.product-type.application";
		};
		D19E734A2B898F9400BB3EC7 /* PracticeLoggerTests */ = {
			isa = PBXNativeTarget;
			buildConfigurationList = D19E73622B898F9400BB3EC7 /* Build configuration list for PBXNativeTarget "PracticeLoggerTests" */;
			buildPhases = (
				D19E73472B898F9400BB3EC7 /* Sources */,
				D19E73482B898F9400BB3EC7 /* Frameworks */,
				D19E73492B898F9400BB3EC7 /* Resources */,
			);
			buildRules = (
			);
			dependencies = (
				D19E734D2B898F9400BB3EC7 /* PBXTargetDependency */,
			);
			name = PracticeLoggerTests;
			productName = PracticeLoggerTests;
			productReference = D19E734B2B898F9400BB3EC7 /* PracticeLoggerTests.xctest */;
			productType = "com.apple.product-type.bundle.unit-test";
		};
		D19E73542B898F9400BB3EC7 /* PracticeLoggerUITests */ = {
			isa = PBXNativeTarget;
			buildConfigurationList = D19E73652B898F9400BB3EC7 /* Build configuration list for PBXNativeTarget "PracticeLoggerUITests" */;
			buildPhases = (
				D19E73512B898F9400BB3EC7 /* Sources */,
				D19E73522B898F9400BB3EC7 /* Frameworks */,
				D19E73532B898F9400BB3EC7 /* Resources */,
			);
			buildRules = (
			);
			dependencies = (
				D19E73572B898F9400BB3EC7 /* PBXTargetDependency */,
			);
			name = PracticeLoggerUITests;
			productName = PracticeLoggerUITests;
			productReference = D19E73552B898F9400BB3EC7 /* PracticeLoggerUITests.xctest */;
			productType = "com.apple.product-type.bundle.ui-testing";
		};
/* End PBXNativeTarget section */

/* Begin PBXProject section */
		D19E73332B898F9300BB3EC7 /* Project object */ = {
			isa = PBXProject;
			attributes = {
				BuildIndependentTargetsInParallel = 1;
				LastSwiftUpdateCheck = 1520;
				LastUpgradeCheck = 1600;
				TargetAttributes = {
					D19E733A2B898F9300BB3EC7 = {
						CreatedOnToolsVersion = 15.2;
					};
					D19E734A2B898F9400BB3EC7 = {
						CreatedOnToolsVersion = 15.2;
						TestTargetID = D19E733A2B898F9300BB3EC7;
					};
					D19E73542B898F9400BB3EC7 = {
						CreatedOnToolsVersion = 15.2;
						TestTargetID = D19E733A2B898F9300BB3EC7;
					};
				};
			};
			buildConfigurationList = D19E73362B898F9300BB3EC7 /* Build configuration list for PBXProject "PracticeLogger" */;
			compatibilityVersion = "Xcode 14.0";
			developmentRegion = en;
			hasScannedForEncodings = 0;
			knownRegions = (
				en,
				Base,
			);
			mainGroup = D19E73322B898F9300BB3EC7;
			packageReferences = (
				D1C6B0D62B8BC81300F7B877 /* XCRemoteSwiftPackageReference "supabase-swift" */,
				D15C882D2BF05E5000AAC950 /* XCRemoteSwiftPackageReference "AlertToast" */,
				D14092FA2CA86C13008B5CDB /* XCRemoteSwiftPackageReference "apollo-ios" */,
				D19487DB2CE1AF410056D850 /* XCLocalSwiftPackageReference "ApolloGQL" */,
			);
			productRefGroup = D19E733C2B898F9300BB3EC7 /* Products */;
			projectDirPath = "";
			projectRoot = "";
			targets = (
				D19E733A2B898F9300BB3EC7 /* PracticeLogger */,
				D19E734A2B898F9400BB3EC7 /* PracticeLoggerTests */,
				D19E73542B898F9400BB3EC7 /* PracticeLoggerUITests */,
			);
		};
/* End PBXProject section */

/* Begin PBXResourcesBuildPhase section */
		D19E73392B898F9300BB3EC7 /* Resources */ = {
			isa = PBXResourcesBuildPhase;
			buildActionMask = 2147483647;
			files = (
				D19E73462B898F9400BB3EC7 /* Preview Assets.xcassets in Resources */,
				D19E73432B898F9400BB3EC7 /* Assets.xcassets in Resources */,
			);
			runOnlyForDeploymentPostprocessing = 0;
		};
		D19E73492B898F9400BB3EC7 /* Resources */ = {
			isa = PBXResourcesBuildPhase;
			buildActionMask = 2147483647;
			files = (
			);
			runOnlyForDeploymentPostprocessing = 0;
		};
		D19E73532B898F9400BB3EC7 /* Resources */ = {
			isa = PBXResourcesBuildPhase;
			buildActionMask = 2147483647;
			files = (
			);
			runOnlyForDeploymentPostprocessing = 0;
		};
/* End PBXResourcesBuildPhase section */

/* Begin PBXShellScriptBuildPhase section */
		D15756CF2BDDC3760091D47C /* Source variables */ = {
			isa = PBXShellScriptBuildPhase;
			alwaysOutOfDate = 1;
			buildActionMask = 12;
			files = (
			);
			inputFileListPaths = (
			);
			inputPaths = (
			);
			name = "Source variables";
			outputFileListPaths = (
			);
			outputPaths = (
			);
			runOnlyForDeploymentPostprocessing = 0;
			shellPath = /bin/sh;
			shellScript = "#!/bin/sh\n\necho \"Stage: PRE-Xcode Build is activated .... \"\necho \"REFRESH\"\n\n# Make sure .env file exists\nif [ -f .env ]; then\n    source .env\nfi\nSUPABASE_URL=\"$SUPABASE_URL\"\nSUPABASE_KEY=\"$SUPABASE_KEY\"\necho $SUPABASE_URL >> $HOME/Desktop/test.txt\necho \"SUPABASE_URL $SUPABASE_URL\"\necho \"SUPABASE_KEY $SUPABASE_KEY\"\npwd \ncd PracticeLogger\n# Replace the values in Info.plist with the environment variable values\nplutil -replace SUPABASE_URL -string \"$SUPABASE_URL\" Info.plist\nplutil -replace SUPABASE_KEY -string \"$SUPABASE_KEY\" Info.plist\n\n# Verify the changes\nplutil -p Info.plist\n\necho \"Stage: PRE-Xcode Build is DONE .... \"\n\nexit 0\n";
		};
		D1C2BEB22BDCD91400E8E39F /* Swift lint */ = {
			isa = PBXShellScriptBuildPhase;
			alwaysOutOfDate = 1;
			buildActionMask = 2147483647;
			files = (
			);
			inputFileListPaths = (
			);
			inputPaths = (
			);
			name = "Swift lint";
			outputFileListPaths = (
			);
			outputPaths = (
			);
			runOnlyForDeploymentPostprocessing = 0;
			shellPath = /bin/sh;
			shellScript = "if [[ \"$(uname -m)\" == arm64 ]]; then\n    export PATH=\"/opt/homebrew/bin:$PATH\"\nfi\n\nif which swiftlint > /dev/null; then\n  swiftlint\nelse\n  echo \"warning: SwiftLint not installed, download from https://github.com/realm/SwiftLint\"\nfi\n";
		};
/* End PBXShellScriptBuildPhase section */

/* Begin PBXSourcesBuildPhase section */
		D19E73372B898F9300BB3EC7 /* Sources */ = {
			isa = PBXSourcesBuildPhase;
			buildActionMask = 2147483647;
			files = (
				D12E1BB02C37B64500A4DC28 /* DateFormatter.swift in Sources */,
				D1ED6C442C4CB0BF00300FE9 /* KeyboardResponder.swift in Sources */,
				D17C5CA82B9E561300C1CA44 /* NewPieceRow.swift in Sources */,
				D1DF5B5F2BB882CD00FFED0F /* String.swift in Sources */,
				D177FDA92C55855C00830F0D /* View.swift in Sources */,
				D117BFAF2CA8B0880046A1E5 /* Network.swift in Sources */,
				D11D58A82C39A06300501C6F /* ExpandedBottomSheet.swift in Sources */,
				D1E98BCD2C59D0F80065D27D /* SearchViewModel.swift in Sources */,
				D131F1702B8AE8B9002261BC /* TabBar.swift in Sources */,
				D19738822C1540E500EBF53F /* PracticeSession.swift in Sources */,
				D157BF622C56DA0F00139677 /* RepetoireRow.swift in Sources */,
				D1E98BD72C59EFB20065D27D /* Format.swift in Sources */,
				D13D0EDA2BCC2FA1006B2683 /* Int.swift in Sources */,
				D19E73412B898F9300BB3EC7 /* ContentView.swift in Sources */,
				D13D0EDC2BCC4B23006B2683 /* SetString.swift in Sources */,
				D19738802C1540B600EBF53F /* PracticeSessionViewModel.swift in Sources */,
				D1AC00D62BD46BC80019FA0F /* PieceEdit.swift in Sources */,
				D11D792C2C6C5B9D0073BA21 /* Array.swift in Sources */,
				D19E733F2B898F9300BB3EC7 /* PracticeLoggerApp.swift in Sources */,
				D1C2BEB92BDD61A800E8E39F /* SignInViewModel.swift in Sources */,
				D16E3A922C61E1AC00DA96A7 /* SearchView.swift in Sources */,
				D185AC152BDF3B7E007F398D /* PieceEditViewModel.swift in Sources */,
				D1E46FF22B96D52D00228C3F /* Piece.swift in Sources */,
				D1E98BDA2C59EFF40065D27D /* CatalogueType.swift in Sources */,
				D15C88312BF063B900AAC950 /* Error.swift in Sources */,
				D197387E2C153F7100EBF53F /* PieceShow.swift in Sources */,
				D1C2BEC22BDD76A300E8E39F /* Database.swift in Sources */,
				D1A056112CB1A9E30024DC2A /* PracticeSessionView.swift in Sources */,
				D1E98BD32C59EF750065D27D /* KeySignatureType.swift in Sources */,
				D1F29CEF2C6C580B00FC5E74 /* PracticeSession+SampleData.swift in Sources */,
				D1E98BD52C59EF990065D27D /* KeySignatureTonality.swift in Sources */,
				D1D6548E2BDDB9BE008D4868 /* ProfileViewModel.swift in Sources */,
				D1840DD02C48902F001ED849 /* Logger.swift in Sources */,
				D15501B82BF1961C0088BCCE /* MovementEditRow.swift in Sources */,
				D1BE01D22C67EE1E00529BAE /* NavigationContext.swift in Sources */,
				D1C2BEB52BDCE22600E8E39F /* Tag.swift in Sources */,
				D14A43712C5DF83A00556C03 /* TabBarContainer.swift in Sources */,
				D131F17B2B8B090D002261BC /* MetronomeShape.swift in Sources */,
				D1F5EE8B2BF8662000E9DA23 /* Composer.swift in Sources */,
				D1F5EE892BF8656E00E9DA23 /* Movement.swift in Sources */,
				D1C2BEC42BDD7A9100E8E39F /* Profile.swift in Sources */,
				D131F16D2B8AE54E002261BC /* Color.swift in Sources */,
				D1F29CE92C6C52F000FC5E74 /* RecentPracticeSessions.swift in Sources */,
				D1F29CEC2C6C56A200FC5E74 /* Piece+SampleData.swift in Sources */,
				D1C2BEB72BDD612F00E8E39F /* SignIn.swift in Sources */,
			);
			runOnlyForDeploymentPostprocessing = 0;
		};
		D19E73472B898F9400BB3EC7 /* Sources */ = {
			isa = PBXSourcesBuildPhase;
			buildActionMask = 2147483647;
			files = (
				D11990622B9CBC160031E8A0 /* MusicKitTests.swift in Sources */,
			);
			runOnlyForDeploymentPostprocessing = 0;
		};
		D19E73512B898F9400BB3EC7 /* Sources */ = {
			isa = PBXSourcesBuildPhase;
			buildActionMask = 2147483647;
			files = (
				D19E735A2B898F9400BB3EC7 /* PracticeLoggerUITests.swift in Sources */,
				D19E735C2B898F9400BB3EC7 /* PracticeLoggerUITestsLaunchTests.swift in Sources */,
			);
			runOnlyForDeploymentPostprocessing = 0;
		};
/* End PBXSourcesBuildPhase section */

/* Begin PBXTargetDependency section */
		D19E734D2B898F9400BB3EC7 /* PBXTargetDependency */ = {
			isa = PBXTargetDependency;
			target = D19E733A2B898F9300BB3EC7 /* PracticeLogger */;
			targetProxy = D19E734C2B898F9400BB3EC7 /* PBXContainerItemProxy */;
		};
		D19E73572B898F9400BB3EC7 /* PBXTargetDependency */ = {
			isa = PBXTargetDependency;
			target = D19E733A2B898F9300BB3EC7 /* PracticeLogger */;
			targetProxy = D19E73562B898F9400BB3EC7 /* PBXContainerItemProxy */;
		};
/* End PBXTargetDependency section */

/* Begin XCBuildConfiguration section */
		D19E735D2B898F9400BB3EC7 /* Debug */ = {
			isa = XCBuildConfiguration;
			buildSettings = {
				ALWAYS_SEARCH_USER_PATHS = NO;
				ASSETCATALOG_COMPILER_GENERATE_ASSET_SYMBOLS = NO;
				ASSETCATALOG_COMPILER_GENERATE_SWIFT_ASSET_SYMBOL_EXTENSIONS = YES;
				CLANG_ANALYZER_NONNULL = YES;
				CLANG_ANALYZER_NUMBER_OBJECT_CONVERSION = YES_AGGRESSIVE;
				CLANG_CXX_LANGUAGE_STANDARD = "gnu++20";
				CLANG_ENABLE_MODULES = YES;
				CLANG_ENABLE_OBJC_ARC = YES;
				CLANG_ENABLE_OBJC_WEAK = YES;
				CLANG_WARN_BLOCK_CAPTURE_AUTORELEASING = YES;
				CLANG_WARN_BOOL_CONVERSION = YES;
				CLANG_WARN_COMMA = YES;
				CLANG_WARN_CONSTANT_CONVERSION = YES;
				CLANG_WARN_DEPRECATED_OBJC_IMPLEMENTATIONS = YES;
				CLANG_WARN_DIRECT_OBJC_ISA_USAGE = YES_ERROR;
				CLANG_WARN_DOCUMENTATION_COMMENTS = YES;
				CLANG_WARN_EMPTY_BODY = YES;
				CLANG_WARN_ENUM_CONVERSION = YES;
				CLANG_WARN_INFINITE_RECURSION = YES;
				CLANG_WARN_INT_CONVERSION = YES;
				CLANG_WARN_NON_LITERAL_NULL_CONVERSION = YES;
				CLANG_WARN_OBJC_IMPLICIT_RETAIN_SELF = YES;
				CLANG_WARN_OBJC_LITERAL_CONVERSION = YES;
				CLANG_WARN_OBJC_ROOT_CLASS = YES_ERROR;
				CLANG_WARN_QUOTED_INCLUDE_IN_FRAMEWORK_HEADER = YES;
				CLANG_WARN_RANGE_LOOP_ANALYSIS = YES;
				CLANG_WARN_STRICT_PROTOTYPES = YES;
				CLANG_WARN_SUSPICIOUS_MOVE = YES;
				CLANG_WARN_UNGUARDED_AVAILABILITY = YES_AGGRESSIVE;
				CLANG_WARN_UNREACHABLE_CODE = YES;
				CLANG_WARN__DUPLICATE_METHOD_MATCH = YES;
				COPY_PHASE_STRIP = NO;
				DEBUG_INFORMATION_FORMAT = dwarf;
				ENABLE_STRICT_OBJC_MSGSEND = YES;
				ENABLE_TESTABILITY = YES;
				ENABLE_USER_SCRIPT_SANDBOXING = NO;
				GCC_C_LANGUAGE_STANDARD = gnu17;
				GCC_DYNAMIC_NO_PIC = NO;
				GCC_NO_COMMON_BLOCKS = YES;
				GCC_OPTIMIZATION_LEVEL = 0;
				GCC_PREPROCESSOR_DEFINITIONS = (
					"DEBUG=1",
					"$(inherited)",
				);
				GCC_WARN_64_TO_32_BIT_CONVERSION = YES;
				GCC_WARN_ABOUT_RETURN_TYPE = YES_ERROR;
				GCC_WARN_UNDECLARED_SELECTOR = YES;
				GCC_WARN_UNINITIALIZED_AUTOS = YES_AGGRESSIVE;
				GCC_WARN_UNUSED_FUNCTION = YES;
				GCC_WARN_UNUSED_VARIABLE = YES;
				IPHONEOS_DEPLOYMENT_TARGET = 17.2;
				LOCALIZATION_PREFERS_STRING_CATALOGS = YES;
				MTL_ENABLE_DEBUG_INFO = INCLUDE_SOURCE;
				MTL_FAST_MATH = YES;
				ONLY_ACTIVE_ARCH = YES;
				SDKROOT = iphoneos;
				SWIFT_ACTIVE_COMPILATION_CONDITIONS = "DEBUG $(inherited)";
				SWIFT_OPTIMIZATION_LEVEL = "-Onone";
			};
			name = Debug;
		};
		D19E735E2B898F9400BB3EC7 /* Release */ = {
			isa = XCBuildConfiguration;
			buildSettings = {
				ALWAYS_SEARCH_USER_PATHS = NO;
				ASSETCATALOG_COMPILER_GENERATE_ASSET_SYMBOLS = NO;
				ASSETCATALOG_COMPILER_GENERATE_SWIFT_ASSET_SYMBOL_EXTENSIONS = YES;
				CLANG_ANALYZER_NONNULL = YES;
				CLANG_ANALYZER_NUMBER_OBJECT_CONVERSION = YES_AGGRESSIVE;
				CLANG_CXX_LANGUAGE_STANDARD = "gnu++20";
				CLANG_ENABLE_MODULES = YES;
				CLANG_ENABLE_OBJC_ARC = YES;
				CLANG_ENABLE_OBJC_WEAK = YES;
				CLANG_WARN_BLOCK_CAPTURE_AUTORELEASING = YES;
				CLANG_WARN_BOOL_CONVERSION = YES;
				CLANG_WARN_COMMA = YES;
				CLANG_WARN_CONSTANT_CONVERSION = YES;
				CLANG_WARN_DEPRECATED_OBJC_IMPLEMENTATIONS = YES;
				CLANG_WARN_DIRECT_OBJC_ISA_USAGE = YES_ERROR;
				CLANG_WARN_DOCUMENTATION_COMMENTS = YES;
				CLANG_WARN_EMPTY_BODY = YES;
				CLANG_WARN_ENUM_CONVERSION = YES;
				CLANG_WARN_INFINITE_RECURSION = YES;
				CLANG_WARN_INT_CONVERSION = YES;
				CLANG_WARN_NON_LITERAL_NULL_CONVERSION = YES;
				CLANG_WARN_OBJC_IMPLICIT_RETAIN_SELF = YES;
				CLANG_WARN_OBJC_LITERAL_CONVERSION = YES;
				CLANG_WARN_OBJC_ROOT_CLASS = YES_ERROR;
				CLANG_WARN_QUOTED_INCLUDE_IN_FRAMEWORK_HEADER = YES;
				CLANG_WARN_RANGE_LOOP_ANALYSIS = YES;
				CLANG_WARN_STRICT_PROTOTYPES = YES;
				CLANG_WARN_SUSPICIOUS_MOVE = YES;
				CLANG_WARN_UNGUARDED_AVAILABILITY = YES_AGGRESSIVE;
				CLANG_WARN_UNREACHABLE_CODE = YES;
				CLANG_WARN__DUPLICATE_METHOD_MATCH = YES;
				COPY_PHASE_STRIP = NO;
				DEBUG_INFORMATION_FORMAT = "dwarf-with-dsym";
				ENABLE_NS_ASSERTIONS = NO;
				ENABLE_STRICT_OBJC_MSGSEND = YES;
				ENABLE_TESTABILITY = YES;
				ENABLE_USER_SCRIPT_SANDBOXING = NO;
				GCC_C_LANGUAGE_STANDARD = gnu17;
				GCC_NO_COMMON_BLOCKS = YES;
				GCC_WARN_64_TO_32_BIT_CONVERSION = YES;
				GCC_WARN_ABOUT_RETURN_TYPE = YES_ERROR;
				GCC_WARN_UNDECLARED_SELECTOR = YES;
				GCC_WARN_UNINITIALIZED_AUTOS = YES_AGGRESSIVE;
				GCC_WARN_UNUSED_FUNCTION = YES;
				GCC_WARN_UNUSED_VARIABLE = YES;
				IPHONEOS_DEPLOYMENT_TARGET = 17.2;
				LOCALIZATION_PREFERS_STRING_CATALOGS = YES;
				MTL_ENABLE_DEBUG_INFO = NO;
				MTL_FAST_MATH = YES;
				SDKROOT = iphoneos;
				SWIFT_COMPILATION_MODE = wholemodule;
				VALIDATE_PRODUCT = YES;
			};
			name = Release;
		};
		D19E73602B898F9400BB3EC7 /* Debug */ = {
			isa = XCBuildConfiguration;
			buildSettings = {
				ASSETCATALOG_COMPILER_APPICON_NAME = AppIcon;
				ASSETCATALOG_COMPILER_GENERATE_ASSET_SYMBOLS = NO;
				ASSETCATALOG_COMPILER_GLOBAL_ACCENT_COLOR_NAME = AccentColor;
				ASSETCATALOG_COMPILER_INCLUDE_ALL_APPICON_ASSETS = YES;
				CODE_SIGN_ENTITLEMENTS = PracticeLogger/PracticeLogger.entitlements;
				CODE_SIGN_STYLE = Automatic;
				CURRENT_PROJECT_VERSION = 1;
				DEVELOPMENT_ASSET_PATHS = "\"PracticeLogger/Preview Content\"";
				DEVELOPMENT_TEAM = PZARYFA5MD;
				ENABLE_PREVIEWS = YES;
				GENERATE_INFOPLIST_FILE = YES;
				INFOPLIST_FILE = PracticeLogger/Info.plist;
				INFOPLIST_KEY_CFBundleDisplayName = "Practice Logger";
				INFOPLIST_KEY_LSApplicationCategoryType = "public.app-category.music";
				INFOPLIST_KEY_NSAppleMusicUsageDescription = "Use Apple Music to get piece information";
				INFOPLIST_KEY_UIApplicationSceneManifest_Generation = YES;
				INFOPLIST_KEY_UIApplicationSupportsIndirectInputEvents = YES;
				INFOPLIST_KEY_UILaunchScreen_Generation = YES;
				INFOPLIST_KEY_UIRequiresFullScreen = YES;
				INFOPLIST_KEY_UIStatusBarStyle = "";
				INFOPLIST_KEY_UISupportedInterfaceOrientations = UIInterfaceOrientationPortrait;
				IPHONEOS_DEPLOYMENT_TARGET = 18.0;
				LD_RUNPATH_SEARCH_PATHS = (
					"$(inherited)",
					"@executable_path/Frameworks",
				);
				MARKETING_VERSION = 1.0;
				"OTHER_SWIFT_FLAGS[arch=*]" = "";
				PRODUCT_BUNDLE_IDENTIFIER = michaelbrandt.PracticeLogger;
				PRODUCT_NAME = "$(TARGET_NAME)";
				SUPABASE_KEY = "${SUPABASE_KEY}";
				SUPABASE_URL = "${SUPABASE_URL}";
				"SUPABASE_URL[arch=*]" = "${SUPABASE_URL}";
				SWIFT_EMIT_LOC_STRINGS = YES;
				SWIFT_VERSION = 5.0;
				TARGETED_DEVICE_FAMILY = "1,2";
			};
			name = Debug;
		};
		D19E73612B898F9400BB3EC7 /* Release */ = {
			isa = XCBuildConfiguration;
			buildSettings = {
				ASSETCATALOG_COMPILER_APPICON_NAME = AppIcon;
				ASSETCATALOG_COMPILER_GENERATE_ASSET_SYMBOLS = NO;
				ASSETCATALOG_COMPILER_GLOBAL_ACCENT_COLOR_NAME = AccentColor;
				ASSETCATALOG_COMPILER_INCLUDE_ALL_APPICON_ASSETS = YES;
				CODE_SIGN_ENTITLEMENTS = PracticeLogger/PracticeLogger.entitlements;
				CODE_SIGN_STYLE = Automatic;
				CURRENT_PROJECT_VERSION = 1;
				DEVELOPMENT_ASSET_PATHS = "\"PracticeLogger/Preview Content\"";
				DEVELOPMENT_TEAM = PZARYFA5MD;
				ENABLE_PREVIEWS = YES;
				GENERATE_INFOPLIST_FILE = YES;
				INFOPLIST_FILE = PracticeLogger/Info.plist;
				INFOPLIST_KEY_CFBundleDisplayName = "Practice Logger";
				INFOPLIST_KEY_LSApplicationCategoryType = "public.app-category.music";
				INFOPLIST_KEY_NSAppleMusicUsageDescription = "Use Apple Music to get piece information";
				INFOPLIST_KEY_UIApplicationSceneManifest_Generation = YES;
				INFOPLIST_KEY_UIApplicationSupportsIndirectInputEvents = YES;
				INFOPLIST_KEY_UILaunchScreen_Generation = YES;
				INFOPLIST_KEY_UIRequiresFullScreen = YES;
				INFOPLIST_KEY_UIStatusBarStyle = "";
				INFOPLIST_KEY_UISupportedInterfaceOrientations = UIInterfaceOrientationPortrait;
				IPHONEOS_DEPLOYMENT_TARGET = 18.0;
				LD_RUNPATH_SEARCH_PATHS = (
					"$(inherited)",
					"@executable_path/Frameworks",
				);
				MARKETING_VERSION = 1.0;
				PRODUCT_BUNDLE_IDENTIFIER = michaelbrandt.PracticeLogger;
				PRODUCT_NAME = "$(TARGET_NAME)";
				SUPABASE_KEY = "${SUPABASE_KEY}";
				SUPABASE_URL = "${SUPABASE_URL}";
				"SUPABASE_URL[arch=*]" = "${SUPABASE_URL}";
				SWIFT_EMIT_LOC_STRINGS = YES;
				SWIFT_VERSION = 5.0;
				TARGETED_DEVICE_FAMILY = "1,2";
			};
			name = Release;
		};
		D19E73632B898F9400BB3EC7 /* Debug */ = {
			isa = XCBuildConfiguration;
			buildSettings = {
				BUNDLE_LOADER = "$(TEST_HOST)";
				CODE_SIGN_STYLE = Automatic;
				CURRENT_PROJECT_VERSION = 1;
				ENABLE_USER_SCRIPT_SANDBOXING = NO;
				GENERATE_INFOPLIST_FILE = YES;
				IPHONEOS_DEPLOYMENT_TARGET = 17.2;
				MARKETING_VERSION = 1.0;
				PRODUCT_BUNDLE_IDENTIFIER = michaelbrandt.PracticeLoggerTests;
				PRODUCT_NAME = "$(TARGET_NAME)";
				SWIFT_EMIT_LOC_STRINGS = NO;
				SWIFT_VERSION = 5.0;
				TARGETED_DEVICE_FAMILY = "1,2";
				TEST_HOST = "$(BUILT_PRODUCTS_DIR)/PracticeLogger.app/$(BUNDLE_EXECUTABLE_FOLDER_PATH)/PracticeLogger";
			};
			name = Debug;
		};
		D19E73642B898F9400BB3EC7 /* Release */ = {
			isa = XCBuildConfiguration;
			buildSettings = {
				BUNDLE_LOADER = "$(TEST_HOST)";
				CODE_SIGN_IDENTITY = "Apple Development";
				"CODE_SIGN_IDENTITY[sdk=macosx*]" = "Apple Development";
				CODE_SIGN_STYLE = Automatic;
				CURRENT_PROJECT_VERSION = 1;
				DEVELOPMENT_TEAM = PZARYFA5MD;
				ENABLE_USER_SCRIPT_SANDBOXING = NO;
				GENERATE_INFOPLIST_FILE = YES;
				IPHONEOS_DEPLOYMENT_TARGET = 17.2;
				MARKETING_VERSION = 1.0;
				PRODUCT_BUNDLE_IDENTIFIER = michaelbrandt.PracticeLoggerTests;
				PRODUCT_NAME = "$(TARGET_NAME)";
				PROVISIONING_PROFILE_SPECIFIER = "";
				SWIFT_EMIT_LOC_STRINGS = NO;
				SWIFT_VERSION = 5.0;
				TARGETED_DEVICE_FAMILY = "1,2";
				TEST_HOST = "$(BUILT_PRODUCTS_DIR)/PracticeLogger.app/$(BUNDLE_EXECUTABLE_FOLDER_PATH)/PracticeLogger";
			};
			name = Release;
		};
		D19E73662B898F9400BB3EC7 /* Debug */ = {
			isa = XCBuildConfiguration;
			buildSettings = {
				CODE_SIGN_STYLE = Automatic;
				CURRENT_PROJECT_VERSION = 1;
				GENERATE_INFOPLIST_FILE = YES;
				MARKETING_VERSION = 1.0;
				PRODUCT_BUNDLE_IDENTIFIER = michaelbrandt.PracticeLoggerUITests;
				PRODUCT_NAME = "$(TARGET_NAME)";
				SWIFT_EMIT_LOC_STRINGS = NO;
				SWIFT_VERSION = 5.0;
				TARGETED_DEVICE_FAMILY = "1,2";
				TEST_TARGET_NAME = PracticeLogger;
			};
			name = Debug;
		};
		D19E73672B898F9400BB3EC7 /* Release */ = {
			isa = XCBuildConfiguration;
			buildSettings = {
				CODE_SIGN_STYLE = Automatic;
				CURRENT_PROJECT_VERSION = 1;
				GENERATE_INFOPLIST_FILE = YES;
				MARKETING_VERSION = 1.0;
				PRODUCT_BUNDLE_IDENTIFIER = michaelbrandt.PracticeLoggerUITests;
				PRODUCT_NAME = "$(TARGET_NAME)";
				SWIFT_EMIT_LOC_STRINGS = NO;
				SWIFT_VERSION = 5.0;
				TARGETED_DEVICE_FAMILY = "1,2";
				TEST_TARGET_NAME = PracticeLogger;
			};
			name = Release;
		};
/* End XCBuildConfiguration section */

/* Begin XCConfigurationList section */
		D19E73362B898F9300BB3EC7 /* Build configuration list for PBXProject "PracticeLogger" */ = {
			isa = XCConfigurationList;
			buildConfigurations = (
				D19E735D2B898F9400BB3EC7 /* Debug */,
				D19E735E2B898F9400BB3EC7 /* Release */,
			);
			defaultConfigurationIsVisible = 0;
			defaultConfigurationName = Release;
		};
		D19E735F2B898F9400BB3EC7 /* Build configuration list for PBXNativeTarget "PracticeLogger" */ = {
			isa = XCConfigurationList;
			buildConfigurations = (
				D19E73602B898F9400BB3EC7 /* Debug */,
				D19E73612B898F9400BB3EC7 /* Release */,
			);
			defaultConfigurationIsVisible = 0;
			defaultConfigurationName = Release;
		};
		D19E73622B898F9400BB3EC7 /* Build configuration list for PBXNativeTarget "PracticeLoggerTests" */ = {
			isa = XCConfigurationList;
			buildConfigurations = (
				D19E73632B898F9400BB3EC7 /* Debug */,
				D19E73642B898F9400BB3EC7 /* Release */,
			);
			defaultConfigurationIsVisible = 0;
			defaultConfigurationName = Release;
		};
		D19E73652B898F9400BB3EC7 /* Build configuration list for PBXNativeTarget "PracticeLoggerUITests" */ = {
			isa = XCConfigurationList;
			buildConfigurations = (
				D19E73662B898F9400BB3EC7 /* Debug */,
				D19E73672B898F9400BB3EC7 /* Release */,
			);
			defaultConfigurationIsVisible = 0;
			defaultConfigurationName = Release;
		};
/* End XCConfigurationList section */

/* Begin XCLocalSwiftPackageReference section */
		D19487DB2CE1AF410056D850 /* XCLocalSwiftPackageReference "ApolloGQL" */ = {
			isa = XCLocalSwiftPackageReference;
			relativePath = ApolloGQL;
		};
/* End XCLocalSwiftPackageReference section */

/* Begin XCRemoteSwiftPackageReference section */
		D14092FA2CA86C13008B5CDB /* XCRemoteSwiftPackageReference "apollo-ios" */ = {
			isa = XCRemoteSwiftPackageReference;
			repositoryURL = "https://github.com/apollographql/apollo-ios.git";
			requirement = {
				kind = upToNextMajorVersion;
				minimumVersion = 1.15.1;
			};
		};
		D15C882D2BF05E5000AAC950 /* XCRemoteSwiftPackageReference "AlertToast" */ = {
			isa = XCRemoteSwiftPackageReference;
			repositoryURL = "https://github.com/elai950/AlertToast";
			requirement = {
				kind = upToNextMajorVersion;
				minimumVersion = 1.3.9;
			};
		};
		D1C6B0D62B8BC81300F7B877 /* XCRemoteSwiftPackageReference "supabase-swift" */ = {
			isa = XCRemoteSwiftPackageReference;
			repositoryURL = "https://github.com/supabase-community/supabase-swift.git";
			requirement = {
				kind = upToNextMajorVersion;
				minimumVersion = 2.3.1;
			};
		};
/* End XCRemoteSwiftPackageReference section */

/* Begin XCSwiftPackageProductDependency section */
		D117BFB12CA8BF7E0046A1E5 /* ApolloGQL */ = {
			isa = XCSwiftPackageProductDependency;
			productName = ApolloGQL;
		};
		D138E6922CE0565C00FE2BA6 /* ApolloGQL */ = {
			isa = XCSwiftPackageProductDependency;
			productName = ApolloGQL;
		};
		D14092FB2CA86C13008B5CDB /* Apollo */ = {
			isa = XCSwiftPackageProductDependency;
			package = D14092FA2CA86C13008B5CDB /* XCRemoteSwiftPackageReference "apollo-ios" */;
			productName = Apollo;
		};
		D14092FD2CA86C13008B5CDB /* ApolloAPI */ = {
			isa = XCSwiftPackageProductDependency;
			package = D14092FA2CA86C13008B5CDB /* XCRemoteSwiftPackageReference "apollo-ios" */;
			productName = ApolloAPI;
		};
		D15B56F62CCD553700EB71CD /* ApolloGQL */ = {
			isa = XCSwiftPackageProductDependency;
			productName = ApolloGQL;
		};
		D15B56F92CCD556D00EB71CD /* ApolloGQL */ = {
			isa = XCSwiftPackageProductDependency;
			productName = ApolloGQL;
		};
		D15B56FC2CCD56D500EB71CD /* ApolloGQL */ = {
			isa = XCSwiftPackageProductDependency;
			productName = ApolloGQL;
		};
		D15B56FF2CCDD64E00EB71CD /* ApolloGQL */ = {
			isa = XCSwiftPackageProductDependency;
			productName = ApolloGQL;
		};
		D15B57022CCE9A4800EB71CD /* ApolloGQL */ = {
			isa = XCSwiftPackageProductDependency;
			productName = ApolloGQL;
		};
		D15B57052CCEA09E00EB71CD /* ApolloGQL */ = {
			isa = XCSwiftPackageProductDependency;
			productName = ApolloGQL;
		};
		D15B57082CCEA53300EB71CD /* ApolloGQL */ = {
			isa = XCSwiftPackageProductDependency;
			productName = ApolloGQL;
		};
		D15B570B2CCEA5A700EB71CD /* ApolloGQL */ = {
			isa = XCSwiftPackageProductDependency;
			productName = ApolloGQL;
		};
		D15B570D2CCEA8F200EB71CD /* ApolloGQL */ = {
			isa = XCSwiftPackageProductDependency;
			productName = ApolloGQL;
		};
		D15C882E2BF05E5000AAC950 /* AlertToast */ = {
			isa = XCSwiftPackageProductDependency;
			package = D15C882D2BF05E5000AAC950 /* XCRemoteSwiftPackageReference "AlertToast" */;
			productName = AlertToast;
		};
		D178732D2CA9B5D40009EBC5 /* ApolloGQL */ = {
			isa = XCSwiftPackageProductDependency;
			productName = ApolloGQL;
		};
		D17EAA6A2CD5785100D9656E /* ApolloGQL */ = {
			isa = XCSwiftPackageProductDependency;
			productName = ApolloGQL;
		};
		D17EAA6D2CD57DA000D9656E /* ApolloGQL */ = {
			isa = XCSwiftPackageProductDependency;
			productName = ApolloGQL;
		};
		D17EAA702CD5840C00D9656E /* ApolloGQL */ = {
			isa = XCSwiftPackageProductDependency;
			productName = ApolloGQL;
		};
		D17EAA732CD586A400D9656E /* ApolloGQL */ = {
			isa = XCSwiftPackageProductDependency;
			productName = ApolloGQL;
		};
		D17EAA762CD6892000D9656E /* ApolloGQL */ = {
			isa = XCSwiftPackageProductDependency;
			productName = ApolloGQL;
		};
		D19487C72CE139F40056D850 /* ApolloGQL */ = {
			isa = XCSwiftPackageProductDependency;
			productName = ApolloGQL;
		};
		D19487CA2CE13A940056D850 /* ApolloGQL */ = {
			isa = XCSwiftPackageProductDependency;
			productName = ApolloGQL;
		};
		D19487CD2CE14E940056D850 /* ApolloGQL */ = {
			isa = XCSwiftPackageProductDependency;
			productName = ApolloGQL;
		};
		D19487CF2CE14E940056D850 /* Mocks */ = {
			isa = XCSwiftPackageProductDependency;
			productName = Mocks;
		};
		D19487D22CE1AE220056D850 /* ApolloGQL */ = {
			isa = XCSwiftPackageProductDependency;
			productName = ApolloGQL;
		};
		D19487D42CE1AE220056D850 /* Mocks */ = {
			isa = XCSwiftPackageProductDependency;
			productName = Mocks;
		};
		D19487D72CE1AE620056D850 /* ApolloGQL */ = {
			isa = XCSwiftPackageProductDependency;
			productName = ApolloGQL;
		};
		D19487D92CE1AE620056D850 /* Mocks */ = {
			isa = XCSwiftPackageProductDependency;
			productName = Mocks;
		};
		D19487DC2CE1AF410056D850 /* ApolloGQL */ = {
			isa = XCSwiftPackageProductDependency;
			productName = ApolloGQL;
		};
		D19487DE2CE1AF410056D850 /* Mocks */ = {
			isa = XCSwiftPackageProductDependency;
			productName = Mocks;
		};
		D1C2BEBC2BDD63A200E8E39F /* Supabase */ = {
			isa = XCSwiftPackageProductDependency;
			package = D1C6B0D62B8BC81300F7B877 /* XCRemoteSwiftPackageReference "supabase-swift" */;
			productName = Supabase;
		};
		D1C6B0D72B8BC81300F7B877 /* Auth */ = {
			isa = XCSwiftPackageProductDependency;
			package = D1C6B0D62B8BC81300F7B877 /* XCRemoteSwiftPackageReference "supabase-swift" */;
			productName = Auth;
		};
		D1C6B0D92B8BC81300F7B877 /* Functions */ = {
			isa = XCSwiftPackageProductDependency;
			package = D1C6B0D62B8BC81300F7B877 /* XCRemoteSwiftPackageReference "supabase-swift" */;
			productName = Functions;
		};
		D1C6B0DB2B8BC81300F7B877 /* PostgREST */ = {
			isa = XCSwiftPackageProductDependency;
			package = D1C6B0D62B8BC81300F7B877 /* XCRemoteSwiftPackageReference "supabase-swift" */;
			productName = PostgREST;
		};
		D1C6B0DD2B8BC81300F7B877 /* Realtime */ = {
			isa = XCSwiftPackageProductDependency;
			package = D1C6B0D62B8BC81300F7B877 /* XCRemoteSwiftPackageReference "supabase-swift" */;
			productName = Realtime;
		};
		D1C6B0DF2B8BC81300F7B877 /* Storage */ = {
			isa = XCSwiftPackageProductDependency;
			package = D1C6B0D62B8BC81300F7B877 /* XCRemoteSwiftPackageReference "supabase-swift" */;
			productName = Storage;
		};
		D1CDA1032CC5E50A000BB3AB /* ApolloGQL */ = {
			isa = XCSwiftPackageProductDependency;
			productName = ApolloGQL;
		};
		D1CDA1062CC5E901000BB3AB /* ApolloGQL */ = {
			isa = XCSwiftPackageProductDependency;
			productName = ApolloGQL;
		};
		D1CDA1092CC60247000BB3AB /* ApolloGQL */ = {
			isa = XCSwiftPackageProductDependency;
			productName = ApolloGQL;
		};
		D1CDA10B2CC60617000BB3AB /* ApolloGQL */ = {
			isa = XCSwiftPackageProductDependency;
			productName = ApolloGQL;
		};
		D1CDA10E2CC606DC000BB3AB /* ApolloGQL */ = {
			isa = XCSwiftPackageProductDependency;
			productName = ApolloGQL;
		};
		D1F87A102CDAF10D00F5C70D /* ApolloGQL */ = {
			isa = XCSwiftPackageProductDependency;
			productName = ApolloGQL;
		};
/* End XCSwiftPackageProductDependency section */
	};
	rootObject = D19E73332B898F9300BB3EC7 /* Project object */;
}
