// !$*UTF8*$!
{
	archiveVersion = 1;
	classes = {
	};
	objectVersion = 70;
	objects = {

/* Begin PBXBuildFile section */
		D10017E42DDC3FBA0031DDF7 /* Int.swift in Sources */ = {isa = PBXBuildFile; fileRef = D13D0ED92BCC2FA1006B2683 /* Int.swift */; };
		D10DBD6A2D87C72100A5F1E0 /* ApolloGQL in Frameworks */ = {isa = PBXBuildFile; productRef = D10DBD692D87C72100A5F1E0 /* ApolloGQL */; };
		D10DBD6C2D87C75900A5F1E0 /* ApolloGQL in Frameworks */ = {isa = PBXBuildFile; productRef = D10DBD6B2D87C75900A5F1E0 /* ApolloGQL */; };
		D111D6FF2DA1A32900E2ED66 /* Collections+SampleData.swift in Sources */ = {isa = PBXBuildFile; fileRef = D111D6FE2DA1A32400E2ED66 /* Collections+SampleData.swift */; };
		D117BFAF2CA8B0880046A1E5 /* Network.swift in Sources */ = {isa = PBXBuildFile; fileRef = D117BFAE2CA8B0840046A1E5 /* Network.swift */; };
		D11D792C2C6C5B9D0073BA21 /* Array.swift in Sources */ = {isa = PBXBuildFile; fileRef = D11D792B2C6C5B9D0073BA21 /* Array.swift */; };
		D1254D532D4E9F2900095600 /* PieceDbUpdater.swift in Sources */ = {isa = PBXBuildFile; fileRef = D1254D522D4E9F2900095600 /* PieceDbUpdater.swift */; };
		D1265E462DAC3D83000FB7DC /* ApolloGQL in Frameworks */ = {isa = PBXBuildFile; productRef = D1265E452DAC3D83000FB7DC /* ApolloGQL */; };
		D1277D1C2DECDC7200420C36 /* Supabase in Frameworks */ = {isa = PBXBuildFile; productRef = D1277D1B2DECDC7200420C36 /* Supabase */; };
		D1277D5B2DECE78800420C36 /* EmailAuthForm.swift in Sources */ = {isa = PBXBuildFile; fileRef = D1277D5A2DECE78800420C36 /* EmailAuthForm.swift */; };
		D12E1BB02C37B64500A4DC28 /* DateFormatter.swift in Sources */ = {isa = PBXBuildFile; fileRef = D12E1BAF2C37B64500A4DC28 /* DateFormatter.swift */; };
		D12F1F382CFD749200235C16 /* Apollo in Frameworks */ = {isa = PBXBuildFile; productRef = D12F1F372CFD749200235C16 /* Apollo */; };
		D12F5E282D616291001CB9B7 /* PieceDetails+SampleData.swift in Sources */ = {isa = PBXBuildFile; fileRef = D12F5E272D61628C001CB9B7 /* PieceDetails+SampleData.swift */; };
		D12F5E2B2D6277BC001CB9B7 /* BottomSheet.swift in Sources */ = {isa = PBXBuildFile; fileRef = D12F5E2A2D6277B9001CB9B7 /* BottomSheet.swift */; };
		D131F16D2B8AE54E002261BC /* Color.swift in Sources */ = {isa = PBXBuildFile; fileRef = D131F16C2B8AE54E002261BC /* Color.swift */; };
		D131F17B2B8B090D002261BC /* MetronomeShape.swift in Sources */ = {isa = PBXBuildFile; fileRef = D131F17A2B8B090D002261BC /* MetronomeShape.swift */; };
		D13D0EDA2BCC2FA1006B2683 /* Int.swift in Sources */ = {isa = PBXBuildFile; fileRef = D13D0ED92BCC2FA1006B2683 /* Int.swift */; };
		D13D0EDC2BCC4B23006B2683 /* SetString.swift in Sources */ = {isa = PBXBuildFile; fileRef = D13D0EDB2BCC4B23006B2683 /* SetString.swift */; };
		D144A65B2DA7D4E8002A682A /* ApolloGQL in Frameworks */ = {isa = PBXBuildFile; productRef = D144A65A2DA7D4E8002A682A /* ApolloGQL */; };
		D144A65D2DA7D512002A682A /* ApolloGQL in Frameworks */ = {isa = PBXBuildFile; productRef = D144A65C2DA7D512002A682A /* ApolloGQL */; };
		D146F87B2DC7CE6E00C4B7BD /* RecentPracticeSessionListItem.swift in Sources */ = {isa = PBXBuildFile; fileRef = D146F87A2DC7CE6E00C4B7BD /* RecentPracticeSessionListItem.swift */; };
		D148E76A2DF5EFED0012579E /* ApolloSQLite in Frameworks */ = {isa = PBXBuildFile; productRef = D148E7692DF5EFED0012579E /* ApolloSQLite */; };
		D148F5FE2DA18E8600EA70CB /* ApolloGQL in Frameworks */ = {isa = PBXBuildFile; productRef = D148F5FD2DA18E8600EA70CB /* ApolloGQL */; };
		D148F6002DA18E9E00EA70CB /* ApolloGQL in Frameworks */ = {isa = PBXBuildFile; productRef = D148F5FF2DA18E9E00EA70CB /* ApolloGQL */; };
		D148F6022DA18F0100EA70CB /* ApolloGQL in Frameworks */ = {isa = PBXBuildFile; productRef = D148F6012DA18F0100EA70CB /* ApolloGQL */; };
		D15C882F2BF05E5000AAC950 /* AlertToast in Frameworks */ = {isa = PBXBuildFile; productRef = D15C882E2BF05E5000AAC950 /* AlertToast */; };
		D15C88312BF063B900AAC950 /* Error.swift in Sources */ = {isa = PBXBuildFile; fileRef = D15C88302BF063B900AAC950 /* Error.swift */; };
		D166222F2DAB188B004F28AC /* ApolloGQL in Frameworks */ = {isa = PBXBuildFile; productRef = D166222E2DAB188B004F28AC /* ApolloGQL */; };
		D16E3A922C61E1AC00DA96A7 /* SearchView.swift in Sources */ = {isa = PBXBuildFile; fileRef = D16E3A912C61E1AC00DA96A7 /* SearchView.swift */; };
		D17705042DE253B00048879C /* FeedbackView.swift in Sources */ = {isa = PBXBuildFile; fileRef = D17705032DE253B00048879C /* FeedbackView.swift */; };
		D177FDA92C55855C00830F0D /* View.swift in Sources */ = {isa = PBXBuildFile; fileRef = D177FDA82C55855C00830F0D /* View.swift */; };
		D1840DD02C48902F001ED849 /* Logger.swift in Sources */ = {isa = PBXBuildFile; fileRef = D1840DCF2C48902F001ED849 /* Logger.swift */; };
		D1848D592D9076B800C1FA51 /* CollectionListView.swift in Sources */ = {isa = PBXBuildFile; fileRef = D1848D582D9076B200C1FA51 /* CollectionListView.swift */; };
		D185AC152BDF3B7E007F398D /* PieceEditViewModel.swift in Sources */ = {isa = PBXBuildFile; fileRef = D185AC142BDF3B7E007F398D /* PieceEditViewModel.swift */; };
		D18ADB002D872540007760E5 /* ApolloGQL in Frameworks */ = {isa = PBXBuildFile; productRef = D117BFB12CA8BF7E0046A1E5 /* ApolloGQL */; };
		D18ADB012D872540007760E5 /* ApolloGQL in Frameworks */ = {isa = PBXBuildFile; productRef = D178732D2CA9B5D40009EBC5 /* ApolloGQL */; };
		D18ADB022D872540007760E5 /* ApolloGQL in Frameworks */ = {isa = PBXBuildFile; productRef = D1CDA1032CC5E50A000BB3AB /* ApolloGQL */; };
		D18ADB032D872540007760E5 /* ApolloGQL in Frameworks */ = {isa = PBXBuildFile; productRef = D1CDA1062CC5E901000BB3AB /* ApolloGQL */; };
		D18ADB042D872540007760E5 /* ApolloGQL in Frameworks */ = {isa = PBXBuildFile; productRef = D1CDA1092CC60247000BB3AB /* ApolloGQL */; };
		D18ADB052D872540007760E5 /* ApolloGQL in Frameworks */ = {isa = PBXBuildFile; productRef = D1CDA10B2CC60617000BB3AB /* ApolloGQL */; };
		D18ADB062D872540007760E5 /* ApolloGQL in Frameworks */ = {isa = PBXBuildFile; productRef = D1CDA10E2CC606DC000BB3AB /* ApolloGQL */; };
		D18ADB072D872540007760E5 /* ApolloGQL in Frameworks */ = {isa = PBXBuildFile; productRef = D15B56F62CCD553700EB71CD /* ApolloGQL */; };
		D18ADB082D872540007760E5 /* ApolloGQL in Frameworks */ = {isa = PBXBuildFile; productRef = D15B56FC2CCD56D500EB71CD /* ApolloGQL */; };
		D18ADB092D872540007760E5 /* ApolloGQL in Frameworks */ = {isa = PBXBuildFile; productRef = D15B56FF2CCDD64E00EB71CD /* ApolloGQL */; };
		D18ADB0A2D872540007760E5 /* ApolloGQL in Frameworks */ = {isa = PBXBuildFile; productRef = D15B57022CCE9A4800EB71CD /* ApolloGQL */; };
		D18ADB0B2D872540007760E5 /* ApolloGQL in Frameworks */ = {isa = PBXBuildFile; productRef = D15B57052CCEA09E00EB71CD /* ApolloGQL */; };
		D18ADB0C2D872540007760E5 /* ApolloGQL in Frameworks */ = {isa = PBXBuildFile; productRef = D15B57082CCEA53300EB71CD /* ApolloGQL */; };
		D18ADB0D2D872540007760E5 /* ApolloGQL in Frameworks */ = {isa = PBXBuildFile; productRef = D15B570B2CCEA5A700EB71CD /* ApolloGQL */; };
		D18ADB0E2D872540007760E5 /* ApolloGQL in Frameworks */ = {isa = PBXBuildFile; productRef = D15B570D2CCEA8F200EB71CD /* ApolloGQL */; };
		D18ADB0F2D872540007760E5 /* ApolloGQL in Frameworks */ = {isa = PBXBuildFile; productRef = D17EAA6A2CD5785100D9656E /* ApolloGQL */; };
		D18ADB102D872540007760E5 /* ApolloGQL in Frameworks */ = {isa = PBXBuildFile; productRef = D17EAA6D2CD57DA000D9656E /* ApolloGQL */; };
		D18ADB112D872540007760E5 /* ApolloGQL in Frameworks */ = {isa = PBXBuildFile; productRef = D17EAA702CD5840C00D9656E /* ApolloGQL */; };
		D18ADB122D872540007760E5 /* ApolloGQL in Frameworks */ = {isa = PBXBuildFile; productRef = D17EAA732CD586A400D9656E /* ApolloGQL */; };
		D18ADB132D872540007760E5 /* ApolloGQL in Frameworks */ = {isa = PBXBuildFile; productRef = D17EAA762CD6892000D9656E /* ApolloGQL */; };
		D18ADB142D872540007760E5 /* ApolloGQL in Frameworks */ = {isa = PBXBuildFile; productRef = D1F87A102CDAF10D00F5C70D /* ApolloGQL */; };
		D18ADB152D872540007760E5 /* ApolloGQL in Frameworks */ = {isa = PBXBuildFile; productRef = D138E6922CE0565C00FE2BA6 /* ApolloGQL */; };
		D18ADB162D872540007760E5 /* ApolloGQL in Frameworks */ = {isa = PBXBuildFile; productRef = D19487C72CE139F40056D850 /* ApolloGQL */; };
		D18ADB172D872540007760E5 /* ApolloGQL in Frameworks */ = {isa = PBXBuildFile; productRef = D19487CA2CE13A940056D850 /* ApolloGQL */; };
		D18ADB182D872540007760E5 /* ApolloGQL in Frameworks */ = {isa = PBXBuildFile; productRef = D19487CD2CE14E940056D850 /* ApolloGQL */; };
		D18ADB192D872540007760E5 /* ApolloGQL in Frameworks */ = {isa = PBXBuildFile; productRef = D19487D22CE1AE220056D850 /* ApolloGQL */; };
		D18ADB1A2D872540007760E5 /* ApolloGQL in Frameworks */ = {isa = PBXBuildFile; productRef = D19487D72CE1AE620056D850 /* ApolloGQL */; };
		D18ADB1B2D872540007760E5 /* ApolloGQL in Frameworks */ = {isa = PBXBuildFile; productRef = D19487DC2CE1AF410056D850 /* ApolloGQL */; };
		D18ADB1C2D872540007760E5 /* ApolloGQL in Frameworks */ = {isa = PBXBuildFile; productRef = D146A7502CFD2CD40066093A /* ApolloGQL */; };
		D18ADB1D2D872540007760E5 /* ApolloGQL in Frameworks */ = {isa = PBXBuildFile; productRef = D1E086CA2D053134003AE2B4 /* ApolloGQL */; };
		D18ADB1E2D872540007760E5 /* ApolloGQL in Frameworks */ = {isa = PBXBuildFile; productRef = D19188232D0612E6005D3515 /* ApolloGQL */; };
		D18ADB1F2D872540007760E5 /* ApolloGQL in Frameworks */ = {isa = PBXBuildFile; productRef = D19188252D0617B8005D3515 /* ApolloGQL */; };
		D18ADB202D872540007760E5 /* ApolloGQL in Frameworks */ = {isa = PBXBuildFile; productRef = D19188272D062677005D3515 /* ApolloGQL */; };
		D18ADB212D872540007760E5 /* ApolloGQL in Frameworks */ = {isa = PBXBuildFile; productRef = D15853722D0FC4370053B0F5 /* ApolloGQL */; };
		D18ADB222D872540007760E5 /* ApolloGQL in Frameworks */ = {isa = PBXBuildFile; productRef = D1FC3D442D46065A00503FE8 /* ApolloGQL */; };
		D18ADB232D872540007760E5 /* ApolloGQL in Frameworks */ = {isa = PBXBuildFile; productRef = D1254D552D4EAC0500095600 /* ApolloGQL */; };
		D18ADB242D872540007760E5 /* ApolloGQL in Frameworks */ = {isa = PBXBuildFile; productRef = D1254D582D4EAE4000095600 /* ApolloGQL */; };
		D18ADB252D872540007760E5 /* ApolloGQL in Frameworks */ = {isa = PBXBuildFile; productRef = D1254D5B2D4EBBCB00095600 /* ApolloGQL */; };
		D18ADB262D872540007760E5 /* ApolloGQL in Frameworks */ = {isa = PBXBuildFile; productRef = D1254D5E2D4EBE0500095600 /* ApolloGQL */; };
		D18ADB272D872540007760E5 /* ApolloGQL in Frameworks */ = {isa = PBXBuildFile; productRef = D1254D612D4F4F5200095600 /* ApolloGQL */; };
		D18ADB282D872540007760E5 /* ApolloGQL in Frameworks */ = {isa = PBXBuildFile; productRef = D116A28E2D4FF24B00FED523 /* ApolloGQL */; };
		D18ADB292D872540007760E5 /* ApolloGQL in Frameworks */ = {isa = PBXBuildFile; productRef = D116A2912D50798E00FED523 /* ApolloGQL */; };
		D18ADB2A2D872540007760E5 /* ApolloGQL in Frameworks */ = {isa = PBXBuildFile; productRef = D123ABA52D58449A00C693C9 /* ApolloGQL */; };
		D18ADB2B2D872540007760E5 /* ApolloGQL in Frameworks */ = {isa = PBXBuildFile; productRef = D123ABA82D5844DE00C693C9 /* ApolloGQL */; };
		D18ADB2C2D872540007760E5 /* ApolloGQL in Frameworks */ = {isa = PBXBuildFile; productRef = D123ABAB2D58482800C693C9 /* ApolloGQL */; };
		D18ADB2D2D872540007760E5 /* ApolloGQL in Frameworks */ = {isa = PBXBuildFile; productRef = D17948812D74D3DE002E6A82 /* ApolloGQL */; };
		D18ADB2E2D872540007760E5 /* ApolloGQL in Frameworks */ = {isa = PBXBuildFile; productRef = D1D272E82D861DC000D9268C /* ApolloGQL */; };
		D18ADB342D872628007760E5 /* ApolloGQL in Frameworks */ = {isa = PBXBuildFile; productRef = D18ADB332D872628007760E5 /* ApolloGQL */; };
		D18ADB362D8727E4007760E5 /* ApolloGQL in Frameworks */ = {isa = PBXBuildFile; productRef = D18ADB352D8727E4007760E5 /* ApolloGQL */; };
		D18ADB382D872917007760E5 /* ApolloGQL in Frameworks */ = {isa = PBXBuildFile; productRef = D18ADB372D872917007760E5 /* ApolloGQL */; };
		D18C66B72DA7EA65005A1A0A /* ApolloGQL in Frameworks */ = {isa = PBXBuildFile; productRef = D18C66B62DA7EA65005A1A0A /* ApolloGQL */; };
		D18D53EB2DAB1911008FAD37 /* ApolloGQL in Frameworks */ = {isa = PBXBuildFile; productRef = D18D53EA2DAB1911008FAD37 /* ApolloGQL */; };
		D192831E2DF3FA9F00B6938F /* AnimatedQuarternotes.swift in Sources */ = {isa = PBXBuildFile; fileRef = D192831D2DF3FA9F00B6938F /* AnimatedQuarternotes.swift */; };
		D197387E2C153F7100EBF53F /* PieceShow.swift in Sources */ = {isa = PBXBuildFile; fileRef = D197387D2C153F7100EBF53F /* PieceShow.swift */; };
		D19738802C1540B600EBF53F /* PracticeSessionViewModel.swift in Sources */ = {isa = PBXBuildFile; fileRef = D197387F2C1540B600EBF53F /* PracticeSessionViewModel.swift */; };
		D19940FA2D4E0201003889AF /* PieceDetails.swift in Sources */ = {isa = PBXBuildFile; fileRef = D19940F92D4E01FC003889AF /* PieceDetails.swift */; };
		D19E733F2B898F9300BB3EC7 /* PracticeLoggerApp.swift in Sources */ = {isa = PBXBuildFile; fileRef = D19E733E2B898F9300BB3EC7 /* PracticeLoggerApp.swift */; };
		D19E73412B898F9300BB3EC7 /* ContentView.swift in Sources */ = {isa = PBXBuildFile; fileRef = D19E73402B898F9300BB3EC7 /* ContentView.swift */; };
		D19E73432B898F9400BB3EC7 /* Assets.xcassets in Resources */ = {isa = PBXBuildFile; fileRef = D19E73422B898F9400BB3EC7 /* Assets.xcassets */; };
		D19E73462B898F9400BB3EC7 /* Preview Assets.xcassets in Resources */ = {isa = PBXBuildFile; fileRef = D19E73452B898F9400BB3EC7 /* Preview Assets.xcassets */; };
		D1A056112CB1A9E30024DC2A /* PracticeSessionView.swift in Sources */ = {isa = PBXBuildFile; fileRef = D1A056102CB1A9E30024DC2A /* PracticeSessionView.swift */; };
		D1AD15052DD4494400CB9172 /* WidgetKit.framework in Frameworks */ = {isa = PBXBuildFile; fileRef = D1AD15042DD4494300CB9172 /* WidgetKit.framework */; };
		D1AD15072DD4494400CB9172 /* SwiftUI.framework in Frameworks */ = {isa = PBXBuildFile; fileRef = D1AD15062DD4494400CB9172 /* SwiftUI.framework */; };
		D1AD15142DD4494600CB9172 /* ActiveSessionExtension.appex in Embed Foundation Extensions */ = {isa = PBXBuildFile; fileRef = D1AD15032DD4494300CB9172 /* ActiveSessionExtension.appex */; settings = {ATTRIBUTES = (RemoveHeadersOnCopy, ); }; };
		D1AD151B2DD44ACF00CB9172 /* LiveActivityAttributes.swift in Sources */ = {isa = PBXBuildFile; fileRef = D1AD151A2DD44ACF00CB9172 /* LiveActivityAttributes.swift */; };
		D1AD151C2DD44ACF00CB9172 /* LiveActivityAttributes.swift in Sources */ = {isa = PBXBuildFile; fileRef = D1AD151A2DD44ACF00CB9172 /* LiveActivityAttributes.swift */; };
		D1AE23AF2D4FE008004E0551 /* ApolloAPI in Frameworks */ = {isa = PBXBuildFile; productRef = D12F1F392CFD749200235C16 /* ApolloAPI */; };
		D1AE23B02D4FE008004E0551 /* ApolloTestSupport in Frameworks */ = {isa = PBXBuildFile; productRef = D12F1F3B2CFD749200235C16 /* ApolloTestSupport */; };
		D1BCDDAE2DA193EF00D29B18 /* ApolloGQL in Frameworks */ = {isa = PBXBuildFile; productRef = D1BCDDAD2DA193EF00D29B18 /* ApolloGQL */; };
		D1BCDDB02DA1940100D29B18 /* ApolloGQL in Frameworks */ = {isa = PBXBuildFile; productRef = D1BCDDAF2DA1940100D29B18 /* ApolloGQL */; };
		D1BCDDB22DA1942800D29B18 /* ApolloGQL in Frameworks */ = {isa = PBXBuildFile; productRef = D1BCDDB12DA1942800D29B18 /* ApolloGQL */; };
		D1BE01D22C67EE1E00529BAE /* NavigationContext.swift in Sources */ = {isa = PBXBuildFile; fileRef = D1BE01D12C67EE1E00529BAE /* NavigationContext.swift */; };
		D1BE1CA02DDD7A6E005160FE /* EndPracticeSessionIntent.swift in Sources */ = {isa = PBXBuildFile; fileRef = D1D0F32C2DDAA3CC007D10C8 /* EndPracticeSessionIntent.swift */; };
		D1C2BEB52BDCE22600E8E39F /* Tag.swift in Sources */ = {isa = PBXBuildFile; fileRef = D1C2BEB42BDCE22600E8E39F /* Tag.swift */; };
		D1C2BEB72BDD612F00E8E39F /* SignIn.swift in Sources */ = {isa = PBXBuildFile; fileRef = D1C2BEB62BDD612F00E8E39F /* SignIn.swift */; };
		D1C2BEB92BDD61A800E8E39F /* SignInViewModel.swift in Sources */ = {isa = PBXBuildFile; fileRef = D1C2BEB82BDD61A800E8E39F /* SignInViewModel.swift */; };
		D1C2BEBD2BDD63A200E8E39F /* Supabase in Frameworks */ = {isa = PBXBuildFile; productRef = D1C2BEBC2BDD63A200E8E39F /* Supabase */; };
		D1C2BEC22BDD76A300E8E39F /* Database.swift in Sources */ = {isa = PBXBuildFile; fileRef = D1C2BEC12BDD76A300E8E39F /* Database.swift */; };
		D1C2BEC42BDD7A9100E8E39F /* Settings.swift in Sources */ = {isa = PBXBuildFile; fileRef = D1C2BEC32BDD7A9100E8E39F /* Settings.swift */; };
		D1C6B0D82B8BC81300F7B877 /* Auth in Frameworks */ = {isa = PBXBuildFile; productRef = D1C6B0D72B8BC81300F7B877 /* Auth */; };
		D1C6B0DA2B8BC81300F7B877 /* Functions in Frameworks */ = {isa = PBXBuildFile; productRef = D1C6B0D92B8BC81300F7B877 /* Functions */; };
		D1C6B0DC2B8BC81300F7B877 /* PostgREST in Frameworks */ = {isa = PBXBuildFile; productRef = D1C6B0DB2B8BC81300F7B877 /* PostgREST */; };
		D1C6B0DE2B8BC81300F7B877 /* Realtime in Frameworks */ = {isa = PBXBuildFile; productRef = D1C6B0DD2B8BC81300F7B877 /* Realtime */; };
		D1C6B0E02B8BC81300F7B877 /* Storage in Frameworks */ = {isa = PBXBuildFile; productRef = D1C6B0DF2B8BC81300F7B877 /* Storage */; };
		D1CACE832D87346D0057E951 /* ApolloGQL in Frameworks */ = {isa = PBXBuildFile; productRef = D1CACE822D87346D0057E951 /* ApolloGQL */; };
		D1D0F3272DDA2AD0007D10C8 /* GlobalSettings.swift in Sources */ = {isa = PBXBuildFile; fileRef = D1D0F3262DDA2AD0007D10C8 /* GlobalSettings.swift */; };
		D1D0F3282DDA2AD0007D10C8 /* GlobalSettings.swift in Sources */ = {isa = PBXBuildFile; fileRef = D1D0F3262DDA2AD0007D10C8 /* GlobalSettings.swift */; };
		D1D0F32E2DDAA3CC007D10C8 /* EndPracticeSessionIntent.swift in Sources */ = {isa = PBXBuildFile; fileRef = D1D0F32C2DDAA3CC007D10C8 /* EndPracticeSessionIntent.swift */; };
		D1D3CEFB2DA2D089006502AE /* UIState.swift in Sources */ = {isa = PBXBuildFile; fileRef = D1D3CEFA2DA2D089006502AE /* UIState.swift */; };
		D1D46C622DE64FB1007335DE /* PracticeSessionDetails+SampleData.swift in Sources */ = {isa = PBXBuildFile; fileRef = D1D46C612DE64FB1007335DE /* PracticeSessionDetails+SampleData.swift */; };
		D1D6548E2BDDB9BE008D4868 /* ProfileViewModel.swift in Sources */ = {isa = PBXBuildFile; fileRef = D1D6548D2BDDB9BE008D4868 /* ProfileViewModel.swift */; };
		D1D74EA52DA0CDBC004B5238 /* ApolloGQL in Frameworks */ = {isa = PBXBuildFile; productRef = D1D74EA42DA0CDBC004B5238 /* ApolloGQL */; };
		D1D74EA72DA0CDEA004B5238 /* ApolloGQL in Frameworks */ = {isa = PBXBuildFile; productRef = D1D74EA62DA0CDEA004B5238 /* ApolloGQL */; };
		D1DF5B5F2BB882CD00FFED0F /* String.swift in Sources */ = {isa = PBXBuildFile; fileRef = D1DF5B5E2BB882CD00FFED0F /* String.swift */; };
		D1E98BCD2C59D0F80065D27D /* SearchViewModel.swift in Sources */ = {isa = PBXBuildFile; fileRef = D1E98BCC2C59D0F80065D27D /* SearchViewModel.swift */; };
		D1E98BD32C59EF750065D27D /* KeySignatureType.swift in Sources */ = {isa = PBXBuildFile; fileRef = D1E98BD22C59EF750065D27D /* KeySignatureType.swift */; };
		D1E98BD72C59EFB20065D27D /* Format.swift in Sources */ = {isa = PBXBuildFile; fileRef = D1E98BD62C59EFB20065D27D /* Format.swift */; };
		D1E98BDA2C59EFF40065D27D /* CatalogueType.swift in Sources */ = {isa = PBXBuildFile; fileRef = D1E98BD92C59EFF40065D27D /* CatalogueType.swift */; };
		D1ED6C442C4CB0BF00300FE9 /* KeyboardResponder.swift in Sources */ = {isa = PBXBuildFile; fileRef = D1ED6C432C4CB0BF00300FE9 /* KeyboardResponder.swift */; };
		D1F29CE92C6C52F000FC5E74 /* RecentPracticeSessions.swift in Sources */ = {isa = PBXBuildFile; fileRef = D1F29CE82C6C52F000FC5E74 /* RecentPracticeSessions.swift */; };
		D1F3AA402DD974F600A0C1E7 /* KeychainAccess in Frameworks */ = {isa = PBXBuildFile; productRef = D1F3AA3F2DD974F600A0C1E7 /* KeychainAccess */; };
		D1F3AA422DD9757B00A0C1E7 /* KeychainAccess in Frameworks */ = {isa = PBXBuildFile; productRef = D1F3AA412DD9757B00A0C1E7 /* KeychainAccess */; };
/* End PBXBuildFile section */

/* Begin PBXContainerItemProxy section */
		D1D0F3292DDA4393007D10C8 /* PBXContainerItemProxy */ = {
			isa = PBXContainerItemProxy;
			containerPortal = D19E73332B898F9300BB3EC7 /* Project object */;
			proxyType = 1;
			remoteGlobalIDString = D1AD15022DD4494300CB9172;
			remoteInfo = ActiveSessionExtension;
		};
/* End PBXContainerItemProxy section */

/* Begin PBXCopyFilesBuildPhase section */
		D1AD15152DD4494600CB9172 /* Embed Foundation Extensions */ = {
			isa = PBXCopyFilesBuildPhase;
			buildActionMask = 2147483647;
			dstPath = "";
			dstSubfolderSpec = 13;
			files = (
				D1AD15142DD4494600CB9172 /* ActiveSessionExtension.appex in Embed Foundation Extensions */,
			);
			name = "Embed Foundation Extensions";
			runOnlyForDeploymentPostprocessing = 0;
		};
/* End PBXCopyFilesBuildPhase section */

/* Begin PBXFileReference section */
		D111D6FE2DA1A32400E2ED66 /* Collections+SampleData.swift */ = {isa = PBXFileReference; lastKnownFileType = sourcecode.swift; path = "Collections+SampleData.swift"; sourceTree = "<group>"; };
		D117BFAE2CA8B0840046A1E5 /* Network.swift */ = {isa = PBXFileReference; lastKnownFileType = sourcecode.swift; path = Network.swift; sourceTree = "<group>"; };
		D11990642B9CC58D0031E8A0 /* MusicKit.framework */ = {isa = PBXFileReference; lastKnownFileType = wrapper.framework; name = MusicKit.framework; path = Platforms/MacOSX.platform/Developer/SDKs/MacOSX14.2.sdk/System/Library/Frameworks/MusicKit.framework; sourceTree = DEVELOPER_DIR; };
		D11D792B2C6C5B9D0073BA21 /* Array.swift */ = {isa = PBXFileReference; lastKnownFileType = sourcecode.swift; path = Array.swift; sourceTree = "<group>"; };
		D1254D522D4E9F2900095600 /* PieceDbUpdater.swift */ = {isa = PBXFileReference; lastKnownFileType = sourcecode.swift; path = PieceDbUpdater.swift; sourceTree = "<group>"; };
		D1277D5A2DECE78800420C36 /* EmailAuthForm.swift */ = {isa = PBXFileReference; lastKnownFileType = sourcecode.swift; path = EmailAuthForm.swift; sourceTree = "<group>"; };
		D12E1BAF2C37B64500A4DC28 /* DateFormatter.swift */ = {isa = PBXFileReference; lastKnownFileType = sourcecode.swift; path = DateFormatter.swift; sourceTree = "<group>"; };
		D12F5E272D61628C001CB9B7 /* PieceDetails+SampleData.swift */ = {isa = PBXFileReference; lastKnownFileType = sourcecode.swift; path = "PieceDetails+SampleData.swift"; sourceTree = "<group>"; };
		D12F5E2A2D6277B9001CB9B7 /* BottomSheet.swift */ = {isa = PBXFileReference; lastKnownFileType = sourcecode.swift; path = BottomSheet.swift; sourceTree = "<group>"; };
		D131F16C2B8AE54E002261BC /* Color.swift */ = {isa = PBXFileReference; lastKnownFileType = sourcecode.swift; path = Color.swift; sourceTree = "<group>"; };
		D131F17A2B8B090D002261BC /* MetronomeShape.swift */ = {isa = PBXFileReference; lastKnownFileType = sourcecode.swift; path = MetronomeShape.swift; sourceTree = "<group>"; };
		D13D0ED92BCC2FA1006B2683 /* Int.swift */ = {isa = PBXFileReference; lastKnownFileType = sourcecode.swift; path = Int.swift; sourceTree = "<group>"; };
		D13D0EDB2BCC4B23006B2683 /* SetString.swift */ = {isa = PBXFileReference; lastKnownFileType = sourcecode.swift; path = SetString.swift; sourceTree = "<group>"; };
		D14093042CA86E84008B5CDB /* ApolloConfig.swift */ = {isa = PBXFileReference; lastKnownFileType = sourcecode.swift; path = ApolloConfig.swift; sourceTree = "<group>"; };
		D146F87A2DC7CE6E00C4B7BD /* RecentPracticeSessionListItem.swift */ = {isa = PBXFileReference; lastKnownFileType = sourcecode.swift; path = RecentPracticeSessionListItem.swift; sourceTree = "<group>"; };
		D15C88302BF063B900AAC950 /* Error.swift */ = {isa = PBXFileReference; lastKnownFileType = sourcecode.swift; path = Error.swift; sourceTree = "<group>"; };
		D16E3A912C61E1AC00DA96A7 /* SearchView.swift */ = {isa = PBXFileReference; lastKnownFileType = sourcecode.swift; path = SearchView.swift; sourceTree = "<group>"; };
		D17705032DE253B00048879C /* FeedbackView.swift */ = {isa = PBXFileReference; lastKnownFileType = sourcecode.swift; path = FeedbackView.swift; sourceTree = "<group>"; };
		D177FDA82C55855C00830F0D /* View.swift */ = {isa = PBXFileReference; lastKnownFileType = sourcecode.swift; path = View.swift; sourceTree = "<group>"; };
		D1840DCF2C48902F001ED849 /* Logger.swift */ = {isa = PBXFileReference; lastKnownFileType = sourcecode.swift; path = Logger.swift; sourceTree = "<group>"; };
		D1848D582D9076B200C1FA51 /* CollectionListView.swift */ = {isa = PBXFileReference; lastKnownFileType = sourcecode.swift; path = CollectionListView.swift; sourceTree = "<group>"; };
		D185AC142BDF3B7E007F398D /* PieceEditViewModel.swift */ = {isa = PBXFileReference; lastKnownFileType = sourcecode.swift; path = PieceEditViewModel.swift; sourceTree = "<group>"; };
		D192831D2DF3FA9F00B6938F /* AnimatedQuarternotes.swift */ = {isa = PBXFileReference; lastKnownFileType = sourcecode.swift; path = AnimatedQuarternotes.swift; sourceTree = "<group>"; };
		D197387D2C153F7100EBF53F /* PieceShow.swift */ = {isa = PBXFileReference; lastKnownFileType = sourcecode.swift; path = PieceShow.swift; sourceTree = "<group>"; };
		D197387F2C1540B600EBF53F /* PracticeSessionViewModel.swift */ = {isa = PBXFileReference; lastKnownFileType = sourcecode.swift; path = PracticeSessionViewModel.swift; sourceTree = "<group>"; };
		D19940F92D4E01FC003889AF /* PieceDetails.swift */ = {isa = PBXFileReference; lastKnownFileType = sourcecode.swift; path = PieceDetails.swift; sourceTree = "<group>"; };
		D19E733B2B898F9300BB3EC7 /* PracticeLogger.app */ = {isa = PBXFileReference; explicitFileType = wrapper.application; includeInIndex = 0; path = PracticeLogger.app; sourceTree = BUILT_PRODUCTS_DIR; };
		D19E733E2B898F9300BB3EC7 /* PracticeLoggerApp.swift */ = {isa = PBXFileReference; lastKnownFileType = sourcecode.swift; path = PracticeLoggerApp.swift; sourceTree = "<group>"; };
		D19E73402B898F9300BB3EC7 /* ContentView.swift */ = {isa = PBXFileReference; lastKnownFileType = sourcecode.swift; path = ContentView.swift; sourceTree = "<group>"; };
		D19E73422B898F9400BB3EC7 /* Assets.xcassets */ = {isa = PBXFileReference; lastKnownFileType = folder.assetcatalog; path = Assets.xcassets; sourceTree = "<group>"; };
		D19E73452B898F9400BB3EC7 /* Preview Assets.xcassets */ = {isa = PBXFileReference; lastKnownFileType = folder.assetcatalog; path = "Preview Assets.xcassets"; sourceTree = "<group>"; };
		D1A056102CB1A9E30024DC2A /* PracticeSessionView.swift */ = {isa = PBXFileReference; lastKnownFileType = sourcecode.swift; path = PracticeSessionView.swift; sourceTree = "<group>"; };
		D1AD15032DD4494300CB9172 /* ActiveSessionExtension.appex */ = {isa = PBXFileReference; explicitFileType = "wrapper.app-extension"; includeInIndex = 0; path = ActiveSessionExtension.appex; sourceTree = BUILT_PRODUCTS_DIR; };
		D1AD15042DD4494300CB9172 /* WidgetKit.framework */ = {isa = PBXFileReference; lastKnownFileType = wrapper.framework; name = WidgetKit.framework; path = System/Library/Frameworks/WidgetKit.framework; sourceTree = SDKROOT; };
		D1AD15062DD4494400CB9172 /* SwiftUI.framework */ = {isa = PBXFileReference; lastKnownFileType = wrapper.framework; name = SwiftUI.framework; path = System/Library/Frameworks/SwiftUI.framework; sourceTree = SDKROOT; };
		D1AD151A2DD44ACF00CB9172 /* LiveActivityAttributes.swift */ = {isa = PBXFileReference; lastKnownFileType = sourcecode.swift; path = LiveActivityAttributes.swift; sourceTree = "<group>"; };
		D1AD151D2DD4530F00CB9172 /* ActiveSessionExtension.entitlements */ = {isa = PBXFileReference; lastKnownFileType = text.plist.entitlements; path = ActiveSessionExtension.entitlements; sourceTree = "<group>"; };
		D1BE01D12C67EE1E00529BAE /* NavigationContext.swift */ = {isa = PBXFileReference; lastKnownFileType = sourcecode.swift; path = NavigationContext.swift; sourceTree = "<group>"; };
		D1BE1C9C2DDD6C4F005160FE /* Dev.xcconfig */ = {isa = PBXFileReference; lastKnownFileType = text.xcconfig; path = Dev.xcconfig; sourceTree = "<group>"; };
		D1C2BEB42BDCE22600E8E39F /* Tag.swift */ = {isa = PBXFileReference; lastKnownFileType = sourcecode.swift; path = Tag.swift; sourceTree = "<group>"; };
		D1C2BEB62BDD612F00E8E39F /* SignIn.swift */ = {isa = PBXFileReference; lastKnownFileType = sourcecode.swift; path = SignIn.swift; sourceTree = "<group>"; };
		D1C2BEB82BDD61A800E8E39F /* SignInViewModel.swift */ = {isa = PBXFileReference; lastKnownFileType = sourcecode.swift; path = SignInViewModel.swift; sourceTree = "<group>"; };
		D1C2BEC02BDD687E00E8E39F /* PracticeLogger.entitlements */ = {isa = PBXFileReference; lastKnownFileType = text.plist.entitlements; name = PracticeLogger.entitlements; path = PracticeLogger/PracticeLogger.entitlements; sourceTree = SOURCE_ROOT; };
		D1C2BEC12BDD76A300E8E39F /* Database.swift */ = {isa = PBXFileReference; lastKnownFileType = sourcecode.swift; path = Database.swift; sourceTree = "<group>"; };
		D1C2BEC32BDD7A9100E8E39F /* Settings.swift */ = {isa = PBXFileReference; lastKnownFileType = sourcecode.swift; path = Settings.swift; sourceTree = "<group>"; };
		D1D0F3262DDA2AD0007D10C8 /* GlobalSettings.swift */ = {isa = PBXFileReference; lastKnownFileType = sourcecode.swift; path = GlobalSettings.swift; sourceTree = "<group>"; };
		D1D0F32C2DDAA3CC007D10C8 /* EndPracticeSessionIntent.swift */ = {isa = PBXFileReference; lastKnownFileType = sourcecode.swift; path = EndPracticeSessionIntent.swift; sourceTree = "<group>"; };
		D1D3CEFA2DA2D089006502AE /* UIState.swift */ = {isa = PBXFileReference; lastKnownFileType = sourcecode.swift; path = UIState.swift; sourceTree = "<group>"; };
		D1D46C612DE64FB1007335DE /* PracticeSessionDetails+SampleData.swift */ = {isa = PBXFileReference; lastKnownFileType = sourcecode.swift; path = "PracticeSessionDetails+SampleData.swift"; sourceTree = "<group>"; };
		D1D6548D2BDDB9BE008D4868 /* ProfileViewModel.swift */ = {isa = PBXFileReference; lastKnownFileType = sourcecode.swift; path = ProfileViewModel.swift; sourceTree = "<group>"; };
		D1DF5B5E2BB882CD00FFED0F /* String.swift */ = {isa = PBXFileReference; lastKnownFileType = sourcecode.swift; path = String.swift; sourceTree = "<group>"; };
		D1E98BCC2C59D0F80065D27D /* SearchViewModel.swift */ = {isa = PBXFileReference; lastKnownFileType = sourcecode.swift; path = SearchViewModel.swift; sourceTree = "<group>"; };
		D1E98BD22C59EF750065D27D /* KeySignatureType.swift */ = {isa = PBXFileReference; lastKnownFileType = sourcecode.swift; path = KeySignatureType.swift; sourceTree = "<group>"; };
		D1E98BD62C59EFB20065D27D /* Format.swift */ = {isa = PBXFileReference; lastKnownFileType = sourcecode.swift; path = Format.swift; sourceTree = "<group>"; };
		D1E98BD92C59EFF40065D27D /* CatalogueType.swift */ = {isa = PBXFileReference; lastKnownFileType = sourcecode.swift; path = CatalogueType.swift; sourceTree = "<group>"; };
		D1EA64CD2B8A7E7B00D95E1F /* Info.plist */ = {isa = PBXFileReference; lastKnownFileType = text.plist; path = Info.plist; sourceTree = "<group>"; };
		D1ED6C432C4CB0BF00300FE9 /* KeyboardResponder.swift */ = {isa = PBXFileReference; lastKnownFileType = sourcecode.swift; path = KeyboardResponder.swift; sourceTree = "<group>"; };
		D1F29CE82C6C52F000FC5E74 /* RecentPracticeSessions.swift */ = {isa = PBXFileReference; lastKnownFileType = sourcecode.swift; path = RecentPracticeSessions.swift; sourceTree = "<group>"; };
		D1F3AA392DD958F800A0C1E7 /* PracticeLoggerRelease.entitlements */ = {isa = PBXFileReference; lastKnownFileType = text.plist.entitlements; path = PracticeLoggerRelease.entitlements; sourceTree = "<group>"; };
		D1F3AA3A2DD959CD00A0C1E7 /* ActiveSessionExtensionRelease.entitlements */ = {isa = PBXFileReference; lastKnownFileType = text.plist.entitlements; path = ActiveSessionExtensionRelease.entitlements; sourceTree = "<group>"; };
/* End PBXFileReference section */

/* Begin PBXFileSystemSynchronizedBuildFileExceptionSet section */
		D1AD15182DD4494600CB9172 /* PBXFileSystemSynchronizedBuildFileExceptionSet */ = {
			isa = PBXFileSystemSynchronizedBuildFileExceptionSet;
			membershipExceptions = (
				Info.plist,
			);
			target = D1AD15022DD4494300CB9172 /* ActiveSessionExtension */;
		};
/* End PBXFileSystemSynchronizedBuildFileExceptionSet section */

/* Begin PBXFileSystemSynchronizedRootGroup section */
		D158536F2D0FB8450053B0F5 /* PieceEdit */ = {isa = PBXFileSystemSynchronizedRootGroup; explicitFileTypes = {}; explicitFolders = (); path = PieceEdit; sourceTree = "<group>"; };
		D1AD15082DD4494400CB9172 /* ActiveSession */ = {isa = PBXFileSystemSynchronizedRootGroup; exceptions = (D1AD15182DD4494600CB9172 /* PBXFileSystemSynchronizedBuildFileExceptionSet */, ); explicitFileTypes = {}; explicitFolders = (); path = ActiveSession; sourceTree = "<group>"; };
/* End PBXFileSystemSynchronizedRootGroup section */

/* Begin PBXFrameworksBuildPhase section */
		D19E73382B898F9300BB3EC7 /* Frameworks */ = {
			isa = PBXFrameworksBuildPhase;
			buildActionMask = 2147483647;
			files = (
				D18ADB2E2D872540007760E5 /* ApolloGQL in Frameworks */,
				D18ADB2D2D872540007760E5 /* ApolloGQL in Frameworks */,
				D1BCDDB22DA1942800D29B18 /* ApolloGQL in Frameworks */,
				D18ADB2C2D872540007760E5 /* ApolloGQL in Frameworks */,
				D18ADB2B2D872540007760E5 /* ApolloGQL in Frameworks */,
				D18ADB2A2D872540007760E5 /* ApolloGQL in Frameworks */,
				D166222F2DAB188B004F28AC /* ApolloGQL in Frameworks */,
				D18ADB292D872540007760E5 /* ApolloGQL in Frameworks */,
				D1BCDDB02DA1940100D29B18 /* ApolloGQL in Frameworks */,
				D18ADB282D872540007760E5 /* ApolloGQL in Frameworks */,
				D18ADB272D872540007760E5 /* ApolloGQL in Frameworks */,
				D18ADB262D872540007760E5 /* ApolloGQL in Frameworks */,
				D18ADB252D872540007760E5 /* ApolloGQL in Frameworks */,
				D148E76A2DF5EFED0012579E /* ApolloSQLite in Frameworks */,
				D18ADB242D872540007760E5 /* ApolloGQL in Frameworks */,
				D18ADB232D872540007760E5 /* ApolloGQL in Frameworks */,
				D18ADB222D872540007760E5 /* ApolloGQL in Frameworks */,
				D18ADB212D872540007760E5 /* ApolloGQL in Frameworks */,
				D18ADB202D872540007760E5 /* ApolloGQL in Frameworks */,
				D18ADB1F2D872540007760E5 /* ApolloGQL in Frameworks */,
				D18ADB1E2D872540007760E5 /* ApolloGQL in Frameworks */,
				D18ADB1D2D872540007760E5 /* ApolloGQL in Frameworks */,
				D18ADB1C2D872540007760E5 /* ApolloGQL in Frameworks */,
				D148F6002DA18E9E00EA70CB /* ApolloGQL in Frameworks */,
				D18ADB1B2D872540007760E5 /* ApolloGQL in Frameworks */,
				D1D74EA52DA0CDBC004B5238 /* ApolloGQL in Frameworks */,
				D18ADB1A2D872540007760E5 /* ApolloGQL in Frameworks */,
				D18ADB192D872540007760E5 /* ApolloGQL in Frameworks */,
				D18ADB182D872540007760E5 /* ApolloGQL in Frameworks */,
				D1CACE832D87346D0057E951 /* ApolloGQL in Frameworks */,
				D10DBD6A2D87C72100A5F1E0 /* ApolloGQL in Frameworks */,
				D18ADB172D872540007760E5 /* ApolloGQL in Frameworks */,
				D18ADB162D872540007760E5 /* ApolloGQL in Frameworks */,
				D10DBD6C2D87C75900A5F1E0 /* ApolloGQL in Frameworks */,
				D18ADB152D872540007760E5 /* ApolloGQL in Frameworks */,
				D18ADB142D872540007760E5 /* ApolloGQL in Frameworks */,
				D1D74EA72DA0CDEA004B5238 /* ApolloGQL in Frameworks */,
				D144A65D2DA7D512002A682A /* ApolloGQL in Frameworks */,
				D1BCDDAE2DA193EF00D29B18 /* ApolloGQL in Frameworks */,
				D144A65B2DA7D4E8002A682A /* ApolloGQL in Frameworks */,
				D18ADB132D872540007760E5 /* ApolloGQL in Frameworks */,
				D18ADB342D872628007760E5 /* ApolloGQL in Frameworks */,
				D18ADB122D872540007760E5 /* ApolloGQL in Frameworks */,
				D18ADB112D872540007760E5 /* ApolloGQL in Frameworks */,
				D148F5FE2DA18E8600EA70CB /* ApolloGQL in Frameworks */,
				D1F3AA402DD974F600A0C1E7 /* KeychainAccess in Frameworks */,
				D18ADB102D872540007760E5 /* ApolloGQL in Frameworks */,
				D18ADB0F2D872540007760E5 /* ApolloGQL in Frameworks */,
				D18ADB0E2D872540007760E5 /* ApolloGQL in Frameworks */,
				D18ADB0D2D872540007760E5 /* ApolloGQL in Frameworks */,
				D18ADB0C2D872540007760E5 /* ApolloGQL in Frameworks */,
				D18ADB382D872917007760E5 /* ApolloGQL in Frameworks */,
				D18ADB0B2D872540007760E5 /* ApolloGQL in Frameworks */,
				D18ADB0A2D872540007760E5 /* ApolloGQL in Frameworks */,
				D18ADB092D872540007760E5 /* ApolloGQL in Frameworks */,
				D18ADB082D872540007760E5 /* ApolloGQL in Frameworks */,
				D18ADB072D872540007760E5 /* ApolloGQL in Frameworks */,
				D18ADB062D872540007760E5 /* ApolloGQL in Frameworks */,
				D18ADB052D872540007760E5 /* ApolloGQL in Frameworks */,
				D18ADB042D872540007760E5 /* ApolloGQL in Frameworks */,
				D18ADB032D872540007760E5 /* ApolloGQL in Frameworks */,
				D18ADB362D8727E4007760E5 /* ApolloGQL in Frameworks */,
				D18D53EB2DAB1911008FAD37 /* ApolloGQL in Frameworks */,
				D18ADB022D872540007760E5 /* ApolloGQL in Frameworks */,
				D18ADB012D872540007760E5 /* ApolloGQL in Frameworks */,
				D18ADB002D872540007760E5 /* ApolloGQL in Frameworks */,
				D1AE23B02D4FE008004E0551 /* ApolloTestSupport in Frameworks */,
				D1AE23AF2D4FE008004E0551 /* ApolloAPI in Frameworks */,
				D1C6B0DC2B8BC81300F7B877 /* PostgREST in Frameworks */,
				D148F6022DA18F0100EA70CB /* ApolloGQL in Frameworks */,
				D18C66B72DA7EA65005A1A0A /* ApolloGQL in Frameworks */,
				D1265E462DAC3D83000FB7DC /* ApolloGQL in Frameworks */,
				D15C882F2BF05E5000AAC950 /* AlertToast in Frameworks */,
				D1C6B0DA2B8BC81300F7B877 /* Functions in Frameworks */,
				D1C2BEBD2BDD63A200E8E39F /* Supabase in Frameworks */,
				D12F1F382CFD749200235C16 /* Apollo in Frameworks */,
				D1C6B0D82B8BC81300F7B877 /* Auth in Frameworks */,
				D1C6B0E02B8BC81300F7B877 /* Storage in Frameworks */,
				D1C6B0DE2B8BC81300F7B877 /* Realtime in Frameworks */,
			);
			runOnlyForDeploymentPostprocessing = 0;
		};
		D1AD15002DD4494300CB9172 /* Frameworks */ = {
			isa = PBXFrameworksBuildPhase;
			buildActionMask = 2147483647;
			files = (
				D1277D1C2DECDC7200420C36 /* Supabase in Frameworks */,
				D1AD15072DD4494400CB9172 /* SwiftUI.framework in Frameworks */,
				D1AD15052DD4494400CB9172 /* WidgetKit.framework in Frameworks */,
				D1F3AA422DD9757B00A0C1E7 /* KeychainAccess in Frameworks */,
			);
			runOnlyForDeploymentPostprocessing = 0;
		};
/* End PBXFrameworksBuildPhase section */

/* Begin PBXGroup section */
		D11990632B9CC58C0031E8A0 /* Frameworks */ = {
			isa = PBXGroup;
			children = (
				D11990642B9CC58D0031E8A0 /* MusicKit.framework */,
				D1AD15042DD4494300CB9172 /* WidgetKit.framework */,
				D1AD15062DD4494400CB9172 /* SwiftUI.framework */,
			);
			name = Frameworks;
			sourceTree = "<group>";
		};
		D1277D592DECE77E00420C36 /* SignIn */ = {
			isa = PBXGroup;
			children = (
				D1277D5A2DECE78800420C36 /* EmailAuthForm.swift */,
				D1C2BEB62BDD612F00E8E39F /* SignIn.swift */,
			);
			path = SignIn;
			sourceTree = "<group>";
		};
		D131F16A2B8AE168002261BC /* Views */ = {
			isa = PBXGroup;
			children = (
				D17705032DE253B00048879C /* FeedbackView.swift */,
				D1848D582D9076B200C1FA51 /* CollectionListView.swift */,
				D131F1742B8AFCC8002261BC /* Components */,
				D158536F2D0FB8450053B0F5 /* PieceEdit */,
				D1277D592DECE77E00420C36 /* SignIn */,
				D197387D2C153F7100EBF53F /* PieceShow.swift */,
				D1C2BEC32BDD7A9100E8E39F /* Settings.swift */,
				D16E3A912C61E1AC00DA96A7 /* SearchView.swift */,
				D1F29CE82C6C52F000FC5E74 /* RecentPracticeSessions.swift */,
				D146F87A2DC7CE6E00C4B7BD /* RecentPracticeSessionListItem.swift */,
				D1A056102CB1A9E30024DC2A /* PracticeSessionView.swift */,
			);
			path = Views;
			sourceTree = "<group>";
		};
		D131F16B2B8AE544002261BC /* Extensions */ = {
			isa = PBXGroup;
			children = (
				D131F16C2B8AE54E002261BC /* Color.swift */,
				D13D0ED92BCC2FA1006B2683 /* Int.swift */,
				D1DF5B5E2BB882CD00FFED0F /* String.swift */,
				D13D0EDB2BCC4B23006B2683 /* SetString.swift */,
				D12E1BAF2C37B64500A4DC28 /* DateFormatter.swift */,
				D177FDA82C55855C00830F0D /* View.swift */,
				D11D792B2C6C5B9D0073BA21 /* Array.swift */,
			);
			path = Extensions;
			sourceTree = "<group>";
		};
		D131F1742B8AFCC8002261BC /* Components */ = {
			isa = PBXGroup;
			children = (
				D12F5E2A2D6277B9001CB9B7 /* BottomSheet.swift */,
				D1C2BEB42BDCE22600E8E39F /* Tag.swift */,
				D131F17A2B8B090D002261BC /* MetronomeShape.swift */,
			);
			path = Components;
			sourceTree = "<group>";
		};
		D188F6642B96CED4005E0FA2 /* ViewModel */ = {
			isa = PBXGroup;
			children = (
				D1C2BEB82BDD61A800E8E39F /* SignInViewModel.swift */,
				D1D6548D2BDDB9BE008D4868 /* ProfileViewModel.swift */,
				D185AC142BDF3B7E007F398D /* PieceEditViewModel.swift */,
				D197387F2C1540B600EBF53F /* PracticeSessionViewModel.swift */,
				D1E98BCC2C59D0F80065D27D /* SearchViewModel.swift */,
				D1BE01D12C67EE1E00529BAE /* NavigationContext.swift */,
			);
			path = ViewModel;
			sourceTree = "<group>";
		};
		D188F6672B96D490005E0FA2 /* model */ = {
			isa = PBXGroup;
			children = (
				D1E98BD82C59EFB80065D27D /* enums */,
				D1840DCF2C48902F001ED849 /* Logger.swift */,
			);
			path = model;
			sourceTree = "<group>";
		};
		D192831C2DF3FA9A00B6938F /* Components */ = {
			isa = PBXGroup;
			children = (
				D192831D2DF3FA9F00B6938F /* AnimatedQuarternotes.swift */,
			);
			path = Components;
			sourceTree = "<group>";
		};
		D19E73322B898F9300BB3EC7 = {
			isa = PBXGroup;
			children = (
				D1BE1C9C2DDD6C4F005160FE /* Dev.xcconfig */,
				D1D0F3262DDA2AD0007D10C8 /* GlobalSettings.swift */,
				D1AD151D2DD4530F00CB9172 /* ActiveSessionExtension.entitlements */,
				D1F3AA3A2DD959CD00A0C1E7 /* ActiveSessionExtensionRelease.entitlements */,
				D19E733D2B898F9300BB3EC7 /* PracticeLogger */,
				D1AD15082DD4494400CB9172 /* ActiveSession */,
				D19E733C2B898F9300BB3EC7 /* Products */,
				D11990632B9CC58C0031E8A0 /* Frameworks */,
			);
			sourceTree = "<group>";
		};
		D19E733C2B898F9300BB3EC7 /* Products */ = {
			isa = PBXGroup;
			children = (
				D19E733B2B898F9300BB3EC7 /* PracticeLogger.app */,
				D1AD15032DD4494300CB9172 /* ActiveSessionExtension.appex */,
			);
			name = Products;
			sourceTree = "<group>";
		};
		D19E733D2B898F9300BB3EC7 /* PracticeLogger */ = {
			isa = PBXGroup;
			children = (
				D192831C2DF3FA9A00B6938F /* Components */,
				D1D46C612DE64FB1007335DE /* PracticeSessionDetails+SampleData.swift */,
				D1C2BEC02BDD687E00E8E39F /* PracticeLogger.entitlements */,
				D1F3AA392DD958F800A0C1E7 /* PracticeLoggerRelease.entitlements */,
				D111D6FE2DA1A32400E2ED66 /* Collections+SampleData.swift */,
				D12F5E272D61628C001CB9B7 /* PieceDetails+SampleData.swift */,
				D1C778C42DD6AD4000E8CE9C /* LiveActivityIntents */,
				D1F5EE8D2BF8664C00E9DA23 /* utils */,
				D188F6672B96D490005E0FA2 /* model */,
				D188F6642B96CED4005E0FA2 /* ViewModel */,
				D131F16B2B8AE544002261BC /* Extensions */,
				D1EA64CD2B8A7E7B00D95E1F /* Info.plist */,
				D19E733E2B898F9300BB3EC7 /* PracticeLoggerApp.swift */,
				D19E73402B898F9300BB3EC7 /* ContentView.swift */,
				D131F16A2B8AE168002261BC /* Views */,
				D19E73422B898F9400BB3EC7 /* Assets.xcassets */,
				D19E73442B898F9400BB3EC7 /* Preview Content */,
				D1AD151A2DD44ACF00CB9172 /* LiveActivityAttributes.swift */,
			);
			path = PracticeLogger;
			sourceTree = "<group>";
		};
		D19E73442B898F9400BB3EC7 /* Preview Content */ = {
			isa = PBXGroup;
			children = (
				D19E73452B898F9400BB3EC7 /* Preview Assets.xcassets */,
			);
			path = "Preview Content";
			sourceTree = "<group>";
		};
		D1C778C42DD6AD4000E8CE9C /* LiveActivityIntents */ = {
			isa = PBXGroup;
			children = (
				D1D0F32C2DDAA3CC007D10C8 /* EndPracticeSessionIntent.swift */,
			);
			path = LiveActivityIntents;
			sourceTree = "<group>";
		};
		D1E98BD82C59EFB80065D27D /* enums */ = {
			isa = PBXGroup;
			children = (
				D1E98BD22C59EF750065D27D /* KeySignatureType.swift */,
				D1E98BD62C59EFB20065D27D /* Format.swift */,
				D1E98BD92C59EFF40065D27D /* CatalogueType.swift */,
			);
			path = enums;
			sourceTree = "<group>";
		};
		D1F5EE8D2BF8664C00E9DA23 /* utils */ = {
			isa = PBXGroup;
			children = (
				D1D3CEFA2DA2D089006502AE /* UIState.swift */,
				D19940F92D4E01FC003889AF /* PieceDetails.swift */,
				D1254D522D4E9F2900095600 /* PieceDbUpdater.swift */,
				D117BFAE2CA8B0840046A1E5 /* Network.swift */,
				D14093042CA86E84008B5CDB /* ApolloConfig.swift */,
				D1C2BEC12BDD76A300E8E39F /* Database.swift */,
				D15C88302BF063B900AAC950 /* Error.swift */,
				D1ED6C432C4CB0BF00300FE9 /* KeyboardResponder.swift */,
			);
			name = utils;
			sourceTree = "<group>";
		};
/* End PBXGroup section */

/* Begin PBXNativeTarget section */
		D19E733A2B898F9300BB3EC7 /* PracticeLogger */ = {
			isa = PBXNativeTarget;
			buildConfigurationList = D19E735F2B898F9400BB3EC7 /* Build configuration list for PBXNativeTarget "PracticeLogger" */;
			buildPhases = (
				D19E73372B898F9300BB3EC7 /* Sources */,
				D19E73382B898F9300BB3EC7 /* Frameworks */,
				D19E73392B898F9300BB3EC7 /* Resources */,
				D1C2BEB22BDCD91400E8E39F /* Swift lint */,
				D1AD15152DD4494600CB9172 /* Embed Foundation Extensions */,
			);
			buildRules = (
			);
			dependencies = (
				D1D0F32A2DDA4393007D10C8 /* PBXTargetDependency */,
			);
			fileSystemSynchronizedGroups = (
				D158536F2D0FB8450053B0F5 /* PieceEdit */,
			);
			name = PracticeLogger;
			packageProductDependencies = (
				D1C6B0D72B8BC81300F7B877 /* Auth */,
				D1C6B0D92B8BC81300F7B877 /* Functions */,
				D1C6B0DB2B8BC81300F7B877 /* PostgREST */,
				D1C6B0DD2B8BC81300F7B877 /* Realtime */,
				D1C6B0DF2B8BC81300F7B877 /* Storage */,
				D1C2BEBC2BDD63A200E8E39F /* Supabase */,
				D15C882E2BF05E5000AAC950 /* AlertToast */,
				D117BFB12CA8BF7E0046A1E5 /* ApolloGQL */,
				D178732D2CA9B5D40009EBC5 /* ApolloGQL */,
				D1CDA1032CC5E50A000BB3AB /* ApolloGQL */,
				D1CDA1062CC5E901000BB3AB /* ApolloGQL */,
				D1CDA1092CC60247000BB3AB /* ApolloGQL */,
				D1CDA10B2CC60617000BB3AB /* ApolloGQL */,
				D1CDA10E2CC606DC000BB3AB /* ApolloGQL */,
				D15B56F62CCD553700EB71CD /* ApolloGQL */,
				D15B56FC2CCD56D500EB71CD /* ApolloGQL */,
				D15B56FF2CCDD64E00EB71CD /* ApolloGQL */,
				D15B57022CCE9A4800EB71CD /* ApolloGQL */,
				D15B57052CCEA09E00EB71CD /* ApolloGQL */,
				D15B57082CCEA53300EB71CD /* ApolloGQL */,
				D15B570B2CCEA5A700EB71CD /* ApolloGQL */,
				D15B570D2CCEA8F200EB71CD /* ApolloGQL */,
				D17EAA6A2CD5785100D9656E /* ApolloGQL */,
				D17EAA6D2CD57DA000D9656E /* ApolloGQL */,
				D17EAA702CD5840C00D9656E /* ApolloGQL */,
				D17EAA732CD586A400D9656E /* ApolloGQL */,
				D17EAA762CD6892000D9656E /* ApolloGQL */,
				D1F87A102CDAF10D00F5C70D /* ApolloGQL */,
				D138E6922CE0565C00FE2BA6 /* ApolloGQL */,
				D19487C72CE139F40056D850 /* ApolloGQL */,
				D19487CA2CE13A940056D850 /* ApolloGQL */,
				D19487CD2CE14E940056D850 /* ApolloGQL */,
				D19487D22CE1AE220056D850 /* ApolloGQL */,
				D19487D72CE1AE620056D850 /* ApolloGQL */,
				D19487DC2CE1AF410056D850 /* ApolloGQL */,
				D146A7502CFD2CD40066093A /* ApolloGQL */,
				D12F1F372CFD749200235C16 /* Apollo */,
				D12F1F392CFD749200235C16 /* ApolloAPI */,
				D12F1F3B2CFD749200235C16 /* ApolloTestSupport */,
				D1E086CA2D053134003AE2B4 /* ApolloGQL */,
				D19188232D0612E6005D3515 /* ApolloGQL */,
				D19188252D0617B8005D3515 /* ApolloGQL */,
				D19188272D062677005D3515 /* ApolloGQL */,
				D15853722D0FC4370053B0F5 /* ApolloGQL */,
				D1FC3D442D46065A00503FE8 /* ApolloGQL */,
				D1254D552D4EAC0500095600 /* ApolloGQL */,
				D1254D582D4EAE4000095600 /* ApolloGQL */,
				D1254D5B2D4EBBCB00095600 /* ApolloGQL */,
				D1254D5E2D4EBE0500095600 /* ApolloGQL */,
				D1254D612D4F4F5200095600 /* ApolloGQL */,
				D116A28E2D4FF24B00FED523 /* ApolloGQL */,
				D116A2912D50798E00FED523 /* ApolloGQL */,
				D123ABA52D58449A00C693C9 /* ApolloGQL */,
				D123ABA82D5844DE00C693C9 /* ApolloGQL */,
				D123ABAB2D58482800C693C9 /* ApolloGQL */,
				D17948812D74D3DE002E6A82 /* ApolloGQL */,
				D1D272E82D861DC000D9268C /* ApolloGQL */,
				D18ADB332D872628007760E5 /* ApolloGQL */,
				D18ADB352D8727E4007760E5 /* ApolloGQL */,
				D18ADB372D872917007760E5 /* ApolloGQL */,
				D1CACE822D87346D0057E951 /* ApolloGQL */,
				D10DBD692D87C72100A5F1E0 /* ApolloGQL */,
				D10DBD6B2D87C75900A5F1E0 /* ApolloGQL */,
				D1D74EA42DA0CDBC004B5238 /* ApolloGQL */,
				D1D74EA62DA0CDEA004B5238 /* ApolloGQL */,
				D148F5FD2DA18E8600EA70CB /* ApolloGQL */,
				D148F5FF2DA18E9E00EA70CB /* ApolloGQL */,
				D148F6012DA18F0100EA70CB /* ApolloGQL */,
				D1BCDDAD2DA193EF00D29B18 /* ApolloGQL */,
				D1BCDDAF2DA1940100D29B18 /* ApolloGQL */,
				D1BCDDB12DA1942800D29B18 /* ApolloGQL */,
				D144A65A2DA7D4E8002A682A /* ApolloGQL */,
				D144A65C2DA7D512002A682A /* ApolloGQL */,
				D18C66B62DA7EA65005A1A0A /* ApolloGQL */,
				D166222E2DAB188B004F28AC /* ApolloGQL */,
				D18D53EA2DAB1911008FAD37 /* ApolloGQL */,
				D1265E452DAC3D83000FB7DC /* ApolloGQL */,
				D1F3AA3F2DD974F600A0C1E7 /* KeychainAccess */,
				D148E7692DF5EFED0012579E /* ApolloSQLite */,
			);
			productName = PracticeLogger;
			productReference = D19E733B2B898F9300BB3EC7 /* PracticeLogger.app */;
			productType = "com.apple.product-type.application";
		};
		D1AD15022DD4494300CB9172 /* ActiveSessionExtension */ = {
			isa = PBXNativeTarget;
			buildConfigurationList = D1AD15192DD4494600CB9172 /* Build configuration list for PBXNativeTarget "ActiveSessionExtension" */;
			buildPhases = (
				D1AD14FF2DD4494300CB9172 /* Sources */,
				D1AD15002DD4494300CB9172 /* Frameworks */,
				D1AD15012DD4494300CB9172 /* Resources */,
			);
			buildRules = (
			);
			dependencies = (
			);
			fileSystemSynchronizedGroups = (
				D1AD15082DD4494400CB9172 /* ActiveSession */,
			);
			name = ActiveSessionExtension;
			packageProductDependencies = (
				D1F3AA412DD9757B00A0C1E7 /* KeychainAccess */,
				D1277D1B2DECDC7200420C36 /* Supabase */,
			);
			productName = ActiveSessionExtension;
			productReference = D1AD15032DD4494300CB9172 /* ActiveSessionExtension.appex */;
			productType = "com.apple.product-type.app-extension";
		};
/* End PBXNativeTarget section */

/* Begin PBXProject section */
		D19E73332B898F9300BB3EC7 /* Project object */ = {
			isa = PBXProject;
			attributes = {
				BuildIndependentTargetsInParallel = 1;
				LastSwiftUpdateCheck = 1620;
				LastUpgradeCheck = 1620;
				TargetAttributes = {
					D19E733A2B898F9300BB3EC7 = {
						CreatedOnToolsVersion = 15.2;
					};
					D1AD15022DD4494300CB9172 = {
						CreatedOnToolsVersion = 16.2;
					};
				};
			};
			buildConfigurationList = D19E73362B898F9300BB3EC7 /* Build configuration list for PBXProject "PracticeLogger" */;
			compatibilityVersion = "Xcode 14.0";
			developmentRegion = en;
			hasScannedForEncodings = 0;
			knownRegions = (
				en,
				Base,
			);
			mainGroup = D19E73322B898F9300BB3EC7;
			packageReferences = (
				D1C6B0D62B8BC81300F7B877 /* XCRemoteSwiftPackageReference "supabase-swift" */,
				D15C882D2BF05E5000AAC950 /* XCRemoteSwiftPackageReference "AlertToast" */,
				D12F1F362CFD749200235C16 /* XCRemoteSwiftPackageReference "apollo-ios" */,
				D123ABAA2D58482800C693C9 /* XCLocalSwiftPackageReference "ApolloGQL" */,
				D1F3AA3E2DD974F600A0C1E7 /* XCRemoteSwiftPackageReference "KeychainAccess" */,
			);
			productRefGroup = D19E733C2B898F9300BB3EC7 /* Products */;
			projectDirPath = "";
			projectRoot = "";
			targets = (
				D19E733A2B898F9300BB3EC7 /* PracticeLogger */,
				D1AD15022DD4494300CB9172 /* ActiveSessionExtension */,
			);
		};
/* End PBXProject section */

/* Begin PBXResourcesBuildPhase section */
		D19E73392B898F9300BB3EC7 /* Resources */ = {
			isa = PBXResourcesBuildPhase;
			buildActionMask = 2147483647;
			files = (
				D19E73462B898F9400BB3EC7 /* Preview Assets.xcassets in Resources */,
				D19E73432B898F9400BB3EC7 /* Assets.xcassets in Resources */,
			);
			runOnlyForDeploymentPostprocessing = 0;
		};
		D1AD15012DD4494300CB9172 /* Resources */ = {
			isa = PBXResourcesBuildPhase;
			buildActionMask = 2147483647;
			files = (
			);
			runOnlyForDeploymentPostprocessing = 0;
		};
/* End PBXResourcesBuildPhase section */

/* Begin PBXShellScriptBuildPhase section */
		D1C2BEB22BDCD91400E8E39F /* Swift lint */ = {
			isa = PBXShellScriptBuildPhase;
			alwaysOutOfDate = 1;
			buildActionMask = 2147483647;
			files = (
			);
			inputFileListPaths = (
			);
			inputPaths = (
			);
			name = "Swift lint";
			outputFileListPaths = (
			);
			outputPaths = (
			);
			runOnlyForDeploymentPostprocessing = 0;
			shellPath = /bin/sh;
			shellScript = "if [[ \"$(uname -m)\" == arm64 ]]; then\n    export PATH=\"/opt/homebrew/bin:$PATH\"\nfi\n\nif which swiftlint > /dev/null; then\n  swiftlint\nelse\n  echo \"warning: SwiftLint not installed, download from https://github.com/realm/SwiftLint\"\nfi\n";
		};
/* End PBXShellScriptBuildPhase section */

/* Begin PBXSourcesBuildPhase section */
		D19E73372B898F9300BB3EC7 /* Sources */ = {
			isa = PBXSourcesBuildPhase;
			buildActionMask = 2147483647;
			files = (
				D12E1BB02C37B64500A4DC28 /* DateFormatter.swift in Sources */,
				D1ED6C442C4CB0BF00300FE9 /* KeyboardResponder.swift in Sources */,
				D1254D532D4E9F2900095600 /* PieceDbUpdater.swift in Sources */,
				D1DF5B5F2BB882CD00FFED0F /* String.swift in Sources */,
				D1AD151B2DD44ACF00CB9172 /* LiveActivityAttributes.swift in Sources */,
				D177FDA92C55855C00830F0D /* View.swift in Sources */,
				D117BFAF2CA8B0880046A1E5 /* Network.swift in Sources */,
				D1D0F3282DDA2AD0007D10C8 /* GlobalSettings.swift in Sources */,
				D111D6FF2DA1A32900E2ED66 /* Collections+SampleData.swift in Sources */,
				D1E98BCD2C59D0F80065D27D /* SearchViewModel.swift in Sources */,
				D17705042DE253B00048879C /* FeedbackView.swift in Sources */,
				D12F5E2B2D6277BC001CB9B7 /* BottomSheet.swift in Sources */,
				D12F5E282D616291001CB9B7 /* PieceDetails+SampleData.swift in Sources */,
				D1E98BD72C59EFB20065D27D /* Format.swift in Sources */,
				D13D0EDA2BCC2FA1006B2683 /* Int.swift in Sources */,
				D19E73412B898F9300BB3EC7 /* ContentView.swift in Sources */,
				D1848D592D9076B800C1FA51 /* CollectionListView.swift in Sources */,
				D1D46C622DE64FB1007335DE /* PracticeSessionDetails+SampleData.swift in Sources */,
				D13D0EDC2BCC4B23006B2683 /* SetString.swift in Sources */,
				D19738802C1540B600EBF53F /* PracticeSessionViewModel.swift in Sources */,
				D11D792C2C6C5B9D0073BA21 /* Array.swift in Sources */,
				D19E733F2B898F9300BB3EC7 /* PracticeLoggerApp.swift in Sources */,
				D1C2BEB92BDD61A800E8E39F /* SignInViewModel.swift in Sources */,
				D16E3A922C61E1AC00DA96A7 /* SearchView.swift in Sources */,
				D185AC152BDF3B7E007F398D /* PieceEditViewModel.swift in Sources */,
				D1E98BDA2C59EFF40065D27D /* CatalogueType.swift in Sources */,
				D15C88312BF063B900AAC950 /* Error.swift in Sources */,
				D1D3CEFB2DA2D089006502AE /* UIState.swift in Sources */,
				D197387E2C153F7100EBF53F /* PieceShow.swift in Sources */,
				D1C2BEC22BDD76A300E8E39F /* Database.swift in Sources */,
				D1A056112CB1A9E30024DC2A /* PracticeSessionView.swift in Sources */,
				D1E98BD32C59EF750065D27D /* KeySignatureType.swift in Sources */,
				D19940FA2D4E0201003889AF /* PieceDetails.swift in Sources */,
				D1D6548E2BDDB9BE008D4868 /* ProfileViewModel.swift in Sources */,
				D1840DD02C48902F001ED849 /* Logger.swift in Sources */,
				D192831E2DF3FA9F00B6938F /* AnimatedQuarternotes.swift in Sources */,
				D1BE1CA02DDD7A6E005160FE /* EndPracticeSessionIntent.swift in Sources */,
				D1277D5B2DECE78800420C36 /* EmailAuthForm.swift in Sources */,
				D1BE01D22C67EE1E00529BAE /* NavigationContext.swift in Sources */,
				D1C2BEB52BDCE22600E8E39F /* Tag.swift in Sources */,
				D131F17B2B8B090D002261BC /* MetronomeShape.swift in Sources */,
				D146F87B2DC7CE6E00C4B7BD /* RecentPracticeSessionListItem.swift in Sources */,
				D1C2BEC42BDD7A9100E8E39F /* Settings.swift in Sources */,
				D131F16D2B8AE54E002261BC /* Color.swift in Sources */,
				D1F29CE92C6C52F000FC5E74 /* RecentPracticeSessions.swift in Sources */,
				D1C2BEB72BDD612F00E8E39F /* SignIn.swift in Sources */,
			);
			runOnlyForDeploymentPostprocessing = 0;
		};
		D1AD14FF2DD4494300CB9172 /* Sources */ = {
			isa = PBXSourcesBuildPhase;
			buildActionMask = 2147483647;
			files = (
				D1D0F32E2DDAA3CC007D10C8 /* EndPracticeSessionIntent.swift in Sources */,
				D10017E42DDC3FBA0031DDF7 /* Int.swift in Sources */,
				D1D0F3272DDA2AD0007D10C8 /* GlobalSettings.swift in Sources */,
				D1AD151C2DD44ACF00CB9172 /* LiveActivityAttributes.swift in Sources */,
			);
			runOnlyForDeploymentPostprocessing = 0;
		};
/* End PBXSourcesBuildPhase section */

/* Begin PBXTargetDependency section */
		D1D0F32A2DDA4393007D10C8 /* PBXTargetDependency */ = {
			isa = PBXTargetDependency;
			target = D1AD15022DD4494300CB9172 /* ActiveSessionExtension */;
			targetProxy = D1D0F3292DDA4393007D10C8 /* PBXContainerItemProxy */;
		};
/* End PBXTargetDependency section */

/* Begin XCBuildConfiguration section */
		D19E735D2B898F9400BB3EC7 /* Debug */ = {
			isa = XCBuildConfiguration;
			buildSettings = {
				ALWAYS_SEARCH_USER_PATHS = NO;
				ASSETCATALOG_COMPILER_GENERATE_ASSET_SYMBOLS = NO;
				ASSETCATALOG_COMPILER_GENERATE_SWIFT_ASSET_SYMBOL_EXTENSIONS = YES;
				CLANG_ANALYZER_NONNULL = YES;
				CLANG_ANALYZER_NUMBER_OBJECT_CONVERSION = YES_AGGRESSIVE;
				CLANG_CXX_LANGUAGE_STANDARD = "gnu++20";
				CLANG_ENABLE_MODULES = YES;
				CLANG_ENABLE_OBJC_ARC = YES;
				CLANG_ENABLE_OBJC_WEAK = YES;
				CLANG_WARN_BLOCK_CAPTURE_AUTORELEASING = YES;
				CLANG_WARN_BOOL_CONVERSION = YES;
				CLANG_WARN_COMMA = YES;
				CLANG_WARN_CONSTANT_CONVERSION = YES;
				CLANG_WARN_DEPRECATED_OBJC_IMPLEMENTATIONS = YES;
				CLANG_WARN_DIRECT_OBJC_ISA_USAGE = YES_ERROR;
				CLANG_WARN_DOCUMENTATION_COMMENTS = YES;
				CLANG_WARN_EMPTY_BODY = YES;
				CLANG_WARN_ENUM_CONVERSION = YES;
				CLANG_WARN_INFINITE_RECURSION = YES;
				CLANG_WARN_INT_CONVERSION = YES;
				CLANG_WARN_NON_LITERAL_NULL_CONVERSION = YES;
				CLANG_WARN_OBJC_IMPLICIT_RETAIN_SELF = YES;
				CLANG_WARN_OBJC_LITERAL_CONVERSION = YES;
				CLANG_WARN_OBJC_ROOT_CLASS = YES_ERROR;
				CLANG_WARN_QUOTED_INCLUDE_IN_FRAMEWORK_HEADER = YES;
				CLANG_WARN_RANGE_LOOP_ANALYSIS = YES;
				CLANG_WARN_STRICT_PROTOTYPES = YES;
				CLANG_WARN_SUSPICIOUS_MOVE = YES;
				CLANG_WARN_UNGUARDED_AVAILABILITY = YES_AGGRESSIVE;
				CLANG_WARN_UNREACHABLE_CODE = YES;
				CLANG_WARN__DUPLICATE_METHOD_MATCH = YES;
				COPY_PHASE_STRIP = NO;
				DEBUG_INFORMATION_FORMAT = dwarf;
				ENABLE_STRICT_OBJC_MSGSEND = YES;
				ENABLE_TESTABILITY = YES;
				ENABLE_USER_SCRIPT_SANDBOXING = NO;
				GCC_C_LANGUAGE_STANDARD = gnu17;
				GCC_DYNAMIC_NO_PIC = NO;
				GCC_NO_COMMON_BLOCKS = YES;
				GCC_OPTIMIZATION_LEVEL = 0;
				GCC_PREPROCESSOR_DEFINITIONS = (
					"DEBUG=1",
					"$(inherited)",
				);
				GCC_WARN_64_TO_32_BIT_CONVERSION = YES;
				GCC_WARN_ABOUT_RETURN_TYPE = YES_ERROR;
				GCC_WARN_UNDECLARED_SELECTOR = YES;
				GCC_WARN_UNINITIALIZED_AUTOS = YES_AGGRESSIVE;
				GCC_WARN_UNUSED_FUNCTION = YES;
				GCC_WARN_UNUSED_VARIABLE = YES;
				IPHONEOS_DEPLOYMENT_TARGET = 17.2;
				LOCALIZATION_PREFERS_STRING_CATALOGS = YES;
				MTL_ENABLE_DEBUG_INFO = INCLUDE_SOURCE;
				MTL_FAST_MATH = YES;
				ONLY_ACTIVE_ARCH = YES;
				SDKROOT = iphoneos;
				SWIFT_ACTIVE_COMPILATION_CONDITIONS = "DEBUG $(inherited)";
				SWIFT_OPTIMIZATION_LEVEL = "-Onone";
			};
			name = Debug;
		};
		D19E735E2B898F9400BB3EC7 /* Release */ = {
			isa = XCBuildConfiguration;
			buildSettings = {
				ALWAYS_SEARCH_USER_PATHS = NO;
				ASSETCATALOG_COMPILER_GENERATE_ASSET_SYMBOLS = NO;
				ASSETCATALOG_COMPILER_GENERATE_SWIFT_ASSET_SYMBOL_EXTENSIONS = YES;
				CLANG_ANALYZER_NONNULL = YES;
				CLANG_ANALYZER_NUMBER_OBJECT_CONVERSION = YES_AGGRESSIVE;
				CLANG_CXX_LANGUAGE_STANDARD = "gnu++20";
				CLANG_ENABLE_MODULES = YES;
				CLANG_ENABLE_OBJC_ARC = YES;
				CLANG_ENABLE_OBJC_WEAK = YES;
				CLANG_WARN_BLOCK_CAPTURE_AUTORELEASING = YES;
				CLANG_WARN_BOOL_CONVERSION = YES;
				CLANG_WARN_COMMA = YES;
				CLANG_WARN_CONSTANT_CONVERSION = YES;
				CLANG_WARN_DEPRECATED_OBJC_IMPLEMENTATIONS = YES;
				CLANG_WARN_DIRECT_OBJC_ISA_USAGE = YES_ERROR;
				CLANG_WARN_DOCUMENTATION_COMMENTS = YES;
				CLANG_WARN_EMPTY_BODY = YES;
				CLANG_WARN_ENUM_CONVERSION = YES;
				CLANG_WARN_INFINITE_RECURSION = YES;
				CLANG_WARN_INT_CONVERSION = YES;
				CLANG_WARN_NON_LITERAL_NULL_CONVERSION = YES;
				CLANG_WARN_OBJC_IMPLICIT_RETAIN_SELF = YES;
				CLANG_WARN_OBJC_LITERAL_CONVERSION = YES;
				CLANG_WARN_OBJC_ROOT_CLASS = YES_ERROR;
				CLANG_WARN_QUOTED_INCLUDE_IN_FRAMEWORK_HEADER = YES;
				CLANG_WARN_RANGE_LOOP_ANALYSIS = YES;
				CLANG_WARN_STRICT_PROTOTYPES = YES;
				CLANG_WARN_SUSPICIOUS_MOVE = YES;
				CLANG_WARN_UNGUARDED_AVAILABILITY = YES_AGGRESSIVE;
				CLANG_WARN_UNREACHABLE_CODE = YES;
				CLANG_WARN__DUPLICATE_METHOD_MATCH = YES;
				COPY_PHASE_STRIP = NO;
				DEBUG_INFORMATION_FORMAT = "dwarf-with-dsym";
				ENABLE_NS_ASSERTIONS = NO;
				ENABLE_STRICT_OBJC_MSGSEND = YES;
				ENABLE_TESTABILITY = YES;
				ENABLE_USER_SCRIPT_SANDBOXING = NO;
				GCC_C_LANGUAGE_STANDARD = gnu17;
				GCC_NO_COMMON_BLOCKS = YES;
				GCC_WARN_64_TO_32_BIT_CONVERSION = YES;
				GCC_WARN_ABOUT_RETURN_TYPE = YES_ERROR;
				GCC_WARN_UNDECLARED_SELECTOR = YES;
				GCC_WARN_UNINITIALIZED_AUTOS = YES_AGGRESSIVE;
				GCC_WARN_UNUSED_FUNCTION = YES;
				GCC_WARN_UNUSED_VARIABLE = YES;
				IPHONEOS_DEPLOYMENT_TARGET = 17.2;
				LOCALIZATION_PREFERS_STRING_CATALOGS = YES;
				MTL_ENABLE_DEBUG_INFO = NO;
				MTL_FAST_MATH = YES;
				SDKROOT = iphoneos;
				SWIFT_COMPILATION_MODE = wholemodule;
				VALIDATE_PRODUCT = YES;
			};
			name = Release;
		};
		D19E73602B898F9400BB3EC7 /* Debug */ = {
			isa = XCBuildConfiguration;
			baseConfigurationReference = D1BE1C9C2DDD6C4F005160FE /* Dev.xcconfig */;
			buildSettings = {
				ASSETCATALOG_COMPILER_APPICON_NAME = AppIcon;
				ASSETCATALOG_COMPILER_GENERATE_ASSET_SYMBOLS = NO;
				ASSETCATALOG_COMPILER_GLOBAL_ACCENT_COLOR_NAME = AccentColor;
				ASSETCATALOG_COMPILER_INCLUDE_ALL_APPICON_ASSETS = YES;
				CODE_SIGN_ENTITLEMENTS = PracticeLogger/PracticeLogger.entitlements;
				CODE_SIGN_STYLE = Automatic;
				CURRENT_PROJECT_VERSION = 1;
				DEVELOPMENT_ASSET_PATHS = "\"PracticeLogger/Preview Content\"";
				DEVELOPMENT_TEAM = PZARYFA5MD;
				ENABLE_PREVIEWS = YES;
				GENERATE_INFOPLIST_FILE = YES;
				INFOPLIST_FILE = PracticeLogger/Info.plist;
				INFOPLIST_KEY_CFBundleDisplayName = "Practice Logger";
				INFOPLIST_KEY_LSApplicationCategoryType = "public.app-category.music";
				INFOPLIST_KEY_NSSupportsLiveActivities = YES;
				INFOPLIST_KEY_UIApplicationSceneManifest_Generation = YES;
				INFOPLIST_KEY_UIApplicationSupportsIndirectInputEvents = YES;
				INFOPLIST_KEY_UILaunchScreen_Generation = YES;
				INFOPLIST_KEY_UIRequiresFullScreen = YES;
				INFOPLIST_KEY_UIStatusBarStyle = "";
				INFOPLIST_KEY_UISupportedInterfaceOrientations = UIInterfaceOrientationPortrait;
				IPHONEOS_DEPLOYMENT_TARGET = 18.0;
				LD_RUNPATH_SEARCH_PATHS = (
					"$(inherited)",
					"@executable_path/Frameworks",
				);
				MARKETING_VERSION = 1.0;
				"OTHER_SWIFT_FLAGS[arch=*]" = "";
				PRODUCT_BUNDLE_IDENTIFIER = michaelbrandt.PracticeLogger;
				PRODUCT_NAME = "$(TARGET_NAME)";
				SUPABASE_KEY = "${SUPABASE_KEY}";
				SUPABASE_URL = "${SUPABASE_URL}";
				"SUPABASE_URL[arch=*]" = "${SUPABASE_URL}";
				SWIFT_EMIT_LOC_STRINGS = YES;
				SWIFT_VERSION = 5.0;
				TARGETED_DEVICE_FAMILY = "1,2";
			};
			name = Debug;
		};
		D19E73612B898F9400BB3EC7 /* Release */ = {
			isa = XCBuildConfiguration;
			buildSettings = {
				ASSETCATALOG_COMPILER_APPICON_NAME = AppIcon;
				ASSETCATALOG_COMPILER_GENERATE_ASSET_SYMBOLS = NO;
				ASSETCATALOG_COMPILER_GLOBAL_ACCENT_COLOR_NAME = AccentColor;
				ASSETCATALOG_COMPILER_INCLUDE_ALL_APPICON_ASSETS = YES;
				CODE_SIGN_ENTITLEMENTS = PracticeLogger/PracticeLoggerRelease.entitlements;
				CODE_SIGN_STYLE = Automatic;
				CURRENT_PROJECT_VERSION = 1;
				DEVELOPMENT_ASSET_PATHS = "\"PracticeLogger/Preview Content\"";
				DEVELOPMENT_TEAM = PZARYFA5MD;
				ENABLE_PREVIEWS = YES;
				GENERATE_INFOPLIST_FILE = YES;
				INFOPLIST_FILE = PracticeLogger/Info.plist;
				INFOPLIST_KEY_CFBundleDisplayName = "Practice Logger";
				INFOPLIST_KEY_LSApplicationCategoryType = "public.app-category.music";
				INFOPLIST_KEY_NSSupportsLiveActivities = YES;
				INFOPLIST_KEY_UIApplicationSceneManifest_Generation = YES;
				INFOPLIST_KEY_UIApplicationSupportsIndirectInputEvents = YES;
				INFOPLIST_KEY_UILaunchScreen_Generation = YES;
				INFOPLIST_KEY_UIRequiresFullScreen = YES;
				INFOPLIST_KEY_UIStatusBarStyle = "";
				INFOPLIST_KEY_UISupportedInterfaceOrientations = UIInterfaceOrientationPortrait;
				IPHONEOS_DEPLOYMENT_TARGET = 18.0;
				LD_RUNPATH_SEARCH_PATHS = (
					"$(inherited)",
					"@executable_path/Frameworks",
				);
				MARKETING_VERSION = 1.0;
				PRODUCT_BUNDLE_IDENTIFIER = michaelbrandt.PracticeLogger;
				PRODUCT_NAME = "$(TARGET_NAME)";
				SUPABASE_KEY = "${SUPABASE_KEY}";
				SUPABASE_URL = "${SUPABASE_URL}";
				"SUPABASE_URL[arch=*]" = "${SUPABASE_URL}";
				SWIFT_EMIT_LOC_STRINGS = YES;
				SWIFT_VERSION = 5.0;
				TARGETED_DEVICE_FAMILY = "1,2";
			};
			name = Release;
		};
		D1AD15162DD4494600CB9172 /* Debug */ = {
			isa = XCBuildConfiguration;
			baseConfigurationReference = D1BE1C9C2DDD6C4F005160FE /* Dev.xcconfig */;
			buildSettings = {
				ASSETCATALOG_COMPILER_GLOBAL_ACCENT_COLOR_NAME = AccentColor;
				ASSETCATALOG_COMPILER_WIDGET_BACKGROUND_COLOR_NAME = WidgetBackground;
				CODE_SIGN_ENTITLEMENTS = ActiveSessionExtension.entitlements;
				CODE_SIGN_STYLE = Automatic;
				CURRENT_PROJECT_VERSION = 1;
				DEVELOPMENT_TEAM = PZARYFA5MD;
				ENABLE_USER_SCRIPT_SANDBOXING = YES;
				GENERATE_INFOPLIST_FILE = YES;
				INFOPLIST_FILE = ActiveSession/Info.plist;
				INFOPLIST_KEY_CFBundleDisplayName = ActiveSession;
				INFOPLIST_KEY_NSHumanReadableCopyright = "";
				IPHONEOS_DEPLOYMENT_TARGET = 18.0;
				LD_RUNPATH_SEARCH_PATHS = (
					"$(inherited)",
					"@executable_path/Frameworks",
					"@executable_path/../../Frameworks",
				);
				MARKETING_VERSION = 1.0;
				PRODUCT_BUNDLE_IDENTIFIER = michaelbrandt.PracticeLogger.ActiveSession;
				PRODUCT_NAME = "$(TARGET_NAME)";
				SKIP_INSTALL = YES;
				SWIFT_EMIT_LOC_STRINGS = YES;
				SWIFT_VERSION = 5.0;
				TARGETED_DEVICE_FAMILY = "1,2";
			};
			name = Debug;
		};
		D1AD15172DD4494600CB9172 /* Release */ = {
			isa = XCBuildConfiguration;
			buildSettings = {
				ASSETCATALOG_COMPILER_GLOBAL_ACCENT_COLOR_NAME = AccentColor;
				ASSETCATALOG_COMPILER_WIDGET_BACKGROUND_COLOR_NAME = WidgetBackground;
				CODE_SIGN_ENTITLEMENTS = ActiveSessionExtensionRelease.entitlements;
				CODE_SIGN_STYLE = Automatic;
				CURRENT_PROJECT_VERSION = 1;
				DEVELOPMENT_TEAM = PZARYFA5MD;
				ENABLE_USER_SCRIPT_SANDBOXING = YES;
				GENERATE_INFOPLIST_FILE = YES;
				INFOPLIST_FILE = ActiveSession/Info.plist;
				INFOPLIST_KEY_CFBundleDisplayName = ActiveSession;
				INFOPLIST_KEY_NSHumanReadableCopyright = "";
				IPHONEOS_DEPLOYMENT_TARGET = 18.0;
				LD_RUNPATH_SEARCH_PATHS = (
					"$(inherited)",
					"@executable_path/Frameworks",
					"@executable_path/../../Frameworks",
				);
				MARKETING_VERSION = 1.0;
				PRODUCT_BUNDLE_IDENTIFIER = michaelbrandt.PracticeLogger.ActiveSession;
				PRODUCT_NAME = "$(TARGET_NAME)";
				SKIP_INSTALL = YES;
				SWIFT_EMIT_LOC_STRINGS = YES;
				SWIFT_VERSION = 5.0;
				TARGETED_DEVICE_FAMILY = "1,2";
			};
			name = Release;
		};
/* End XCBuildConfiguration section */

/* Begin XCConfigurationList section */
		D19E73362B898F9300BB3EC7 /* Build configuration list for PBXProject "PracticeLogger" */ = {
			isa = XCConfigurationList;
			buildConfigurations = (
				D19E735D2B898F9400BB3EC7 /* Debug */,
				D19E735E2B898F9400BB3EC7 /* Release */,
			);
			defaultConfigurationIsVisible = 0;
			defaultConfigurationName = Release;
		};
		D19E735F2B898F9400BB3EC7 /* Build configuration list for PBXNativeTarget "PracticeLogger" */ = {
			isa = XCConfigurationList;
			buildConfigurations = (
				D19E73602B898F9400BB3EC7 /* Debug */,
				D19E73612B898F9400BB3EC7 /* Release */,
			);
			defaultConfigurationIsVisible = 0;
			defaultConfigurationName = Release;
		};
		D1AD15192DD4494600CB9172 /* Build configuration list for PBXNativeTarget "ActiveSessionExtension" */ = {
			isa = XCConfigurationList;
			buildConfigurations = (
				D1AD15162DD4494600CB9172 /* Debug */,
				D1AD15172DD4494600CB9172 /* Release */,
			);
			defaultConfigurationIsVisible = 0;
			defaultConfigurationName = Release;
		};
/* End XCConfigurationList section */

/* Begin XCLocalSwiftPackageReference section */
		D123ABAA2D58482800C693C9 /* XCLocalSwiftPackageReference "ApolloGQL" */ = {
			isa = XCLocalSwiftPackageReference;
			relativePath = ApolloGQL;
		};
/* End XCLocalSwiftPackageReference section */

/* Begin XCRemoteSwiftPackageReference section */
		D12F1F362CFD749200235C16 /* XCRemoteSwiftPackageReference "apollo-ios" */ = {
			isa = XCRemoteSwiftPackageReference;
			repositoryURL = "https://github.com/apollographql/apollo-ios.git";
			requirement = {
				kind = upToNextMajorVersion;
				minimumVersion = 1.15.3;
			};
		};
		D15C882D2BF05E5000AAC950 /* XCRemoteSwiftPackageReference "AlertToast" */ = {
			isa = XCRemoteSwiftPackageReference;
			repositoryURL = "https://github.com/elai950/AlertToast";
			requirement = {
				kind = upToNextMajorVersion;
				minimumVersion = 1.3.9;
			};
		};
		D1C6B0D62B8BC81300F7B877 /* XCRemoteSwiftPackageReference "supabase-swift" */ = {
			isa = XCRemoteSwiftPackageReference;
			repositoryURL = "https://github.com/supabase-community/supabase-swift.git";
			requirement = {
				kind = upToNextMajorVersion;
				minimumVersion = 2.3.1;
			};
		};
		D1F3AA3E2DD974F600A0C1E7 /* XCRemoteSwiftPackageReference "KeychainAccess" */ = {
			isa = XCRemoteSwiftPackageReference;
			repositoryURL = "https://github.com/kishikawakatsumi/KeychainAccess";
			requirement = {
				branch = master;
				kind = branch;
			};
		};
/* End XCRemoteSwiftPackageReference section */

/* Begin XCSwiftPackageProductDependency section */
		D10DBD692D87C72100A5F1E0 /* ApolloGQL */ = {
			isa = XCSwiftPackageProductDependency;
			productName = ApolloGQL;
		};
		D10DBD6B2D87C75900A5F1E0 /* ApolloGQL */ = {
			isa = XCSwiftPackageProductDependency;
			productName = ApolloGQL;
		};
		D116A28E2D4FF24B00FED523 /* ApolloGQL */ = {
			isa = XCSwiftPackageProductDependency;
			productName = ApolloGQL;
		};
		D116A2912D50798E00FED523 /* ApolloGQL */ = {
			isa = XCSwiftPackageProductDependency;
			productName = ApolloGQL;
		};
		D117BFB12CA8BF7E0046A1E5 /* ApolloGQL */ = {
			isa = XCSwiftPackageProductDependency;
			productName = ApolloGQL;
		};
		D123ABA52D58449A00C693C9 /* ApolloGQL */ = {
			isa = XCSwiftPackageProductDependency;
			productName = ApolloGQL;
		};
		D123ABA82D5844DE00C693C9 /* ApolloGQL */ = {
			isa = XCSwiftPackageProductDependency;
			productName = ApolloGQL;
		};
		D123ABAB2D58482800C693C9 /* ApolloGQL */ = {
			isa = XCSwiftPackageProductDependency;
			productName = ApolloGQL;
		};
		D1254D552D4EAC0500095600 /* ApolloGQL */ = {
			isa = XCSwiftPackageProductDependency;
			productName = ApolloGQL;
		};
		D1254D582D4EAE4000095600 /* ApolloGQL */ = {
			isa = XCSwiftPackageProductDependency;
			productName = ApolloGQL;
		};
		D1254D5B2D4EBBCB00095600 /* ApolloGQL */ = {
			isa = XCSwiftPackageProductDependency;
			productName = ApolloGQL;
		};
		D1254D5E2D4EBE0500095600 /* ApolloGQL */ = {
			isa = XCSwiftPackageProductDependency;
			productName = ApolloGQL;
		};
		D1254D612D4F4F5200095600 /* ApolloGQL */ = {
			isa = XCSwiftPackageProductDependency;
			productName = ApolloGQL;
		};
		D1265E452DAC3D83000FB7DC /* ApolloGQL */ = {
			isa = XCSwiftPackageProductDependency;
			productName = ApolloGQL;
		};
		D1277D1B2DECDC7200420C36 /* Supabase */ = {
			isa = XCSwiftPackageProductDependency;
			productName = Supabase;
		};
		D12F1F372CFD749200235C16 /* Apollo */ = {
			isa = XCSwiftPackageProductDependency;
			package = D12F1F362CFD749200235C16 /* XCRemoteSwiftPackageReference "apollo-ios" */;
			productName = Apollo;
		};
		D12F1F392CFD749200235C16 /* ApolloAPI */ = {
			isa = XCSwiftPackageProductDependency;
			package = D12F1F362CFD749200235C16 /* XCRemoteSwiftPackageReference "apollo-ios" */;
			productName = ApolloAPI;
		};
		D12F1F3B2CFD749200235C16 /* ApolloTestSupport */ = {
			isa = XCSwiftPackageProductDependency;
			package = D12F1F362CFD749200235C16 /* XCRemoteSwiftPackageReference "apollo-ios" */;
			productName = ApolloTestSupport;
		};
		D138E6922CE0565C00FE2BA6 /* ApolloGQL */ = {
			isa = XCSwiftPackageProductDependency;
			productName = ApolloGQL;
		};
		D144A65A2DA7D4E8002A682A /* ApolloGQL */ = {
			isa = XCSwiftPackageProductDependency;
			productName = ApolloGQL;
		};
		D144A65C2DA7D512002A682A /* ApolloGQL */ = {
			isa = XCSwiftPackageProductDependency;
			productName = ApolloGQL;
		};
		D146A7502CFD2CD40066093A /* ApolloGQL */ = {
			isa = XCSwiftPackageProductDependency;
			productName = ApolloGQL;
		};
		D148E7692DF5EFED0012579E /* ApolloSQLite */ = {
			isa = XCSwiftPackageProductDependency;
			package = D12F1F362CFD749200235C16 /* XCRemoteSwiftPackageReference "apollo-ios" */;
			productName = ApolloSQLite;
		};
		D148F5FD2DA18E8600EA70CB /* ApolloGQL */ = {
			isa = XCSwiftPackageProductDependency;
			productName = ApolloGQL;
		};
		D148F5FF2DA18E9E00EA70CB /* ApolloGQL */ = {
			isa = XCSwiftPackageProductDependency;
			productName = ApolloGQL;
		};
		D148F6012DA18F0100EA70CB /* ApolloGQL */ = {
			isa = XCSwiftPackageProductDependency;
			productName = ApolloGQL;
		};
		D15853722D0FC4370053B0F5 /* ApolloGQL */ = {
			isa = XCSwiftPackageProductDependency;
			productName = ApolloGQL;
		};
		D15B56F62CCD553700EB71CD /* ApolloGQL */ = {
			isa = XCSwiftPackageProductDependency;
			productName = ApolloGQL;
		};
		D15B56FC2CCD56D500EB71CD /* ApolloGQL */ = {
			isa = XCSwiftPackageProductDependency;
			productName = ApolloGQL;
		};
		D15B56FF2CCDD64E00EB71CD /* ApolloGQL */ = {
			isa = XCSwiftPackageProductDependency;
			productName = ApolloGQL;
		};
		D15B57022CCE9A4800EB71CD /* ApolloGQL */ = {
			isa = XCSwiftPackageProductDependency;
			productName = ApolloGQL;
		};
		D15B57052CCEA09E00EB71CD /* ApolloGQL */ = {
			isa = XCSwiftPackageProductDependency;
			productName = ApolloGQL;
		};
		D15B57082CCEA53300EB71CD /* ApolloGQL */ = {
			isa = XCSwiftPackageProductDependency;
			productName = ApolloGQL;
		};
		D15B570B2CCEA5A700EB71CD /* ApolloGQL */ = {
			isa = XCSwiftPackageProductDependency;
			productName = ApolloGQL;
		};
		D15B570D2CCEA8F200EB71CD /* ApolloGQL */ = {
			isa = XCSwiftPackageProductDependency;
			productName = ApolloGQL;
		};
		D15C882E2BF05E5000AAC950 /* AlertToast */ = {
			isa = XCSwiftPackageProductDependency;
			package = D15C882D2BF05E5000AAC950 /* XCRemoteSwiftPackageReference "AlertToast" */;
			productName = AlertToast;
		};
		D166222E2DAB188B004F28AC /* ApolloGQL */ = {
			isa = XCSwiftPackageProductDependency;
			productName = ApolloGQL;
		};
		D178732D2CA9B5D40009EBC5 /* ApolloGQL */ = {
			isa = XCSwiftPackageProductDependency;
			productName = ApolloGQL;
		};
		D17948812D74D3DE002E6A82 /* ApolloGQL */ = {
			isa = XCSwiftPackageProductDependency;
			productName = ApolloGQL;
		};
		D17EAA6A2CD5785100D9656E /* ApolloGQL */ = {
			isa = XCSwiftPackageProductDependency;
			productName = ApolloGQL;
		};
		D17EAA6D2CD57DA000D9656E /* ApolloGQL */ = {
			isa = XCSwiftPackageProductDependency;
			productName = ApolloGQL;
		};
		D17EAA702CD5840C00D9656E /* ApolloGQL */ = {
			isa = XCSwiftPackageProductDependency;
			productName = ApolloGQL;
		};
		D17EAA732CD586A400D9656E /* ApolloGQL */ = {
			isa = XCSwiftPackageProductDependency;
			productName = ApolloGQL;
		};
		D17EAA762CD6892000D9656E /* ApolloGQL */ = {
			isa = XCSwiftPackageProductDependency;
			productName = ApolloGQL;
		};
		D18ADB332D872628007760E5 /* ApolloGQL */ = {
			isa = XCSwiftPackageProductDependency;
			productName = ApolloGQL;
		};
		D18ADB352D8727E4007760E5 /* ApolloGQL */ = {
			isa = XCSwiftPackageProductDependency;
			productName = ApolloGQL;
		};
		D18ADB372D872917007760E5 /* ApolloGQL */ = {
			isa = XCSwiftPackageProductDependency;
			productName = ApolloGQL;
		};
		D18C66B62DA7EA65005A1A0A /* ApolloGQL */ = {
			isa = XCSwiftPackageProductDependency;
			productName = ApolloGQL;
		};
		D18D53EA2DAB1911008FAD37 /* ApolloGQL */ = {
			isa = XCSwiftPackageProductDependency;
			productName = ApolloGQL;
		};
		D19188232D0612E6005D3515 /* ApolloGQL */ = {
			isa = XCSwiftPackageProductDependency;
			productName = ApolloGQL;
		};
		D19188252D0617B8005D3515 /* ApolloGQL */ = {
			isa = XCSwiftPackageProductDependency;
			productName = ApolloGQL;
		};
		D19188272D062677005D3515 /* ApolloGQL */ = {
			isa = XCSwiftPackageProductDependency;
			productName = ApolloGQL;
		};
		D19487C72CE139F40056D850 /* ApolloGQL */ = {
			isa = XCSwiftPackageProductDependency;
			productName = ApolloGQL;
		};
		D19487CA2CE13A940056D850 /* ApolloGQL */ = {
			isa = XCSwiftPackageProductDependency;
			productName = ApolloGQL;
		};
		D19487CD2CE14E940056D850 /* ApolloGQL */ = {
			isa = XCSwiftPackageProductDependency;
			productName = ApolloGQL;
		};
		D19487D22CE1AE220056D850 /* ApolloGQL */ = {
			isa = XCSwiftPackageProductDependency;
			productName = ApolloGQL;
		};
		D19487D72CE1AE620056D850 /* ApolloGQL */ = {
			isa = XCSwiftPackageProductDependency;
			productName = ApolloGQL;
		};
		D19487DC2CE1AF410056D850 /* ApolloGQL */ = {
			isa = XCSwiftPackageProductDependency;
			productName = ApolloGQL;
		};
		D1BCDDAD2DA193EF00D29B18 /* ApolloGQL */ = {
			isa = XCSwiftPackageProductDependency;
			productName = ApolloGQL;
		};
		D1BCDDAF2DA1940100D29B18 /* ApolloGQL */ = {
			isa = XCSwiftPackageProductDependency;
			productName = ApolloGQL;
		};
		D1BCDDB12DA1942800D29B18 /* ApolloGQL */ = {
			isa = XCSwiftPackageProductDependency;
			productName = ApolloGQL;
		};
		D1C2BEBC2BDD63A200E8E39F /* Supabase */ = {
			isa = XCSwiftPackageProductDependency;
			package = D1C6B0D62B8BC81300F7B877 /* XCRemoteSwiftPackageReference "supabase-swift" */;
			productName = Supabase;
		};
		D1C6B0D72B8BC81300F7B877 /* Auth */ = {
			isa = XCSwiftPackageProductDependency;
			package = D1C6B0D62B8BC81300F7B877 /* XCRemoteSwiftPackageReference "supabase-swift" */;
			productName = Auth;
		};
		D1C6B0D92B8BC81300F7B877 /* Functions */ = {
			isa = XCSwiftPackageProductDependency;
			package = D1C6B0D62B8BC81300F7B877 /* XCRemoteSwiftPackageReference "supabase-swift" */;
			productName = Functions;
		};
		D1C6B0DB2B8BC81300F7B877 /* PostgREST */ = {
			isa = XCSwiftPackageProductDependency;
			package = D1C6B0D62B8BC81300F7B877 /* XCRemoteSwiftPackageReference "supabase-swift" */;
			productName = PostgREST;
		};
		D1C6B0DD2B8BC81300F7B877 /* Realtime */ = {
			isa = XCSwiftPackageProductDependency;
			package = D1C6B0D62B8BC81300F7B877 /* XCRemoteSwiftPackageReference "supabase-swift" */;
			productName = Realtime;
		};
		D1C6B0DF2B8BC81300F7B877 /* Storage */ = {
			isa = XCSwiftPackageProductDependency;
			package = D1C6B0D62B8BC81300F7B877 /* XCRemoteSwiftPackageReference "supabase-swift" */;
			productName = Storage;
		};
		D1CACE822D87346D0057E951 /* ApolloGQL */ = {
			isa = XCSwiftPackageProductDependency;
			productName = ApolloGQL;
		};
		D1CDA1032CC5E50A000BB3AB /* ApolloGQL */ = {
			isa = XCSwiftPackageProductDependency;
			productName = ApolloGQL;
		};
		D1CDA1062CC5E901000BB3AB /* ApolloGQL */ = {
			isa = XCSwiftPackageProductDependency;
			productName = ApolloGQL;
		};
		D1CDA1092CC60247000BB3AB /* ApolloGQL */ = {
			isa = XCSwiftPackageProductDependency;
			productName = ApolloGQL;
		};
		D1CDA10B2CC60617000BB3AB /* ApolloGQL */ = {
			isa = XCSwiftPackageProductDependency;
			productName = ApolloGQL;
		};
		D1CDA10E2CC606DC000BB3AB /* ApolloGQL */ = {
			isa = XCSwiftPackageProductDependency;
			productName = ApolloGQL;
		};
		D1D272E82D861DC000D9268C /* ApolloGQL */ = {
			isa = XCSwiftPackageProductDependency;
			productName = ApolloGQL;
		};
		D1D74EA42DA0CDBC004B5238 /* ApolloGQL */ = {
			isa = XCSwiftPackageProductDependency;
			productName = ApolloGQL;
		};
		D1D74EA62DA0CDEA004B5238 /* ApolloGQL */ = {
			isa = XCSwiftPackageProductDependency;
			productName = ApolloGQL;
		};
		D1E086CA2D053134003AE2B4 /* ApolloGQL */ = {
			isa = XCSwiftPackageProductDependency;
			productName = ApolloGQL;
		};
		D1F3AA3F2DD974F600A0C1E7 /* KeychainAccess */ = {
			isa = XCSwiftPackageProductDependency;
			package = D1F3AA3E2DD974F600A0C1E7 /* XCRemoteSwiftPackageReference "KeychainAccess" */;
			productName = KeychainAccess;
		};
		D1F3AA412DD9757B00A0C1E7 /* KeychainAccess */ = {
			isa = XCSwiftPackageProductDependency;
			package = D1F3AA3E2DD974F600A0C1E7 /* XCRemoteSwiftPackageReference "KeychainAccess" */;
			productName = KeychainAccess;
		};
		D1F87A102CDAF10D00F5C70D /* ApolloGQL */ = {
			isa = XCSwiftPackageProductDependency;
			productName = ApolloGQL;
		};
		D1FC3D442D46065A00503FE8 /* ApolloGQL */ = {
			isa = XCSwiftPackageProductDependency;
			productName = ApolloGQL;
		};
/* End XCSwiftPackageProductDependency section */
	};
	rootObject = D19E73332B898F9300BB3EC7 /* Project object */;
}
