// !$*UTF8*$!
{
	archiveVersion = 1;
	classes = {
	};
	objectVersion = 56;
	objects = {

/* Begin PBXBuildFile section */
		D19E733F2B898F9300BB3EC7 /* PracticeLoggerApp.swift in Sources */ = {isa = PBXBuildFile; fileRef = D19E733E2B898F9300BB3EC7 /* PracticeLoggerApp.swift */; };
		D19E73412B898F9300BB3EC7 /* ContentView.swift in Sources */ = {isa = PBXBuildFile; fileRef = D19E73402B898F9300BB3EC7 /* ContentView.swift */; };
		D19E73432B898F9400BB3EC7 /* Assets.xcassets in Resources */ = {isa = PBXBuildFile; fileRef = D19E73422B898F9400BB3EC7 /* Assets.xcassets */; };
		D19E73462B898F9400BB3EC7 /* Preview Assets.xcassets in Resources */ = {isa = PBXBuildFile; fileRef = D19E73452B898F9400BB3EC7 /* Preview Assets.xcassets */; };
		D19E73502B898F9400BB3EC7 /* PracticeLoggerTests.swift in Sources */ = {isa = PBXBuildFile; fileRef = D19E734F2B898F9400BB3EC7 /* PracticeLoggerTests.swift */; };
		D19E735A2B898F9400BB3EC7 /* PracticeLoggerUITests.swift in Sources */ = {isa = PBXBuildFile; fileRef = D19E73592B898F9400BB3EC7 /* PracticeLoggerUITests.swift */; };
		D19E735C2B898F9400BB3EC7 /* PracticeLoggerUITestsLaunchTests.swift in Sources */ = {isa = PBXBuildFile; fileRef = D19E735B2B898F9400BB3EC7 /* PracticeLoggerUITestsLaunchTests.swift */; };
/* End PBXBuildFile section */

/* Begin PBXContainerItemProxy section */
		D19E734C2B898F9400BB3EC7 /* PBXContainerItemProxy */ = {
			isa = PBXContainerItemProxy;
			containerPortal = D19E73332B898F9300BB3EC7 /* Project object */;
			proxyType = 1;
			remoteGlobalIDString = D19E733A2B898F9300BB3EC7;
			remoteInfo = PracticeLogger;
		};
		D19E73562B898F9400BB3EC7 /* PBXContainerItemProxy */ = {
			isa = PBXContainerItemProxy;
			containerPortal = D19E73332B898F9300BB3EC7 /* Project object */;
			proxyType = 1;
			remoteGlobalIDString = D19E733A2B898F9300BB3EC7;
			remoteInfo = PracticeLogger;
		};
/* End PBXContainerItemProxy section */

/* Begin PBXFileReference section */
		D19E733B2B898F9300BB3EC7 /* PracticeLogger.app */ = {isa = PBXFileReference; explicitFileType = wrapper.application; includeInIndex = 0; path = PracticeLogger.app; sourceTree = BUILT_PRODUCTS_DIR; };
		D19E733E2B898F9300BB3EC7 /* PracticeLoggerApp.swift */ = {isa = PBXFileReference; lastKnownFileType = sourcecode.swift; path = PracticeLoggerApp.swift; sourceTree = "<group>"; };
		D19E73402B898F9300BB3EC7 /* ContentView.swift */ = {isa = PBXFileReference; lastKnownFileType = sourcecode.swift; path = ContentView.swift; sourceTree = "<group>"; };
		D19E73422B898F9400BB3EC7 /* Assets.xcassets */ = {isa = PBXFileReference; lastKnownFileType = folder.assetcatalog; path = Assets.xcassets; sourceTree = "<group>"; };
		D19E73452B898F9400BB3EC7 /* Preview Assets.xcassets */ = {isa = PBXFileReference; lastKnownFileType = folder.assetcatalog; path = "Preview Assets.xcassets"; sourceTree = "<group>"; };
		D19E734B2B898F9400BB3EC7 /* PracticeLoggerTests.xctest */ = {isa = PBXFileReference; explicitFileType = wrapper.cfbundle; includeInIndex = 0; path = PracticeLoggerTests.xctest; sourceTree = BUILT_PRODUCTS_DIR; };
		D19E734F2B898F9400BB3EC7 /* PracticeLoggerTests.swift */ = {isa = PBXFileReference; lastKnownFileType = sourcecode.swift; path = PracticeLoggerTests.swift; sourceTree = "<group>"; };
		D19E73552B898F9400BB3EC7 /* PracticeLoggerUITests.xctest */ = {isa = PBXFileReference; explicitFileType = wrapper.cfbundle; includeInIndex = 0; path = PracticeLoggerUITests.xctest; sourceTree = BUILT_PRODUCTS_DIR; };
		D19E73592B898F9400BB3EC7 /* PracticeLoggerUITests.swift */ = {isa = PBXFileReference; lastKnownFileType = sourcecode.swift; path = PracticeLoggerUITests.swift; sourceTree = "<group>"; };
		D19E735B2B898F9400BB3EC7 /* PracticeLoggerUITestsLaunchTests.swift */ = {isa = PBXFileReference; lastKnownFileType = sourcecode.swift; path = PracticeLoggerUITestsLaunchTests.swift; sourceTree = "<group>"; };
		D1EA64CD2B8A7E7B00D95E1F /* Info.plist */ = {isa = PBXFileReference; lastKnownFileType = text.plist; path = Info.plist; sourceTree = "<group>"; };
/* End PBXFileReference section */

/* Begin PBXFrameworksBuildPhase section */
		D19E73382B898F9300BB3EC7 /* Frameworks */ = {
			isa = PBXFrameworksBuildPhase;
			buildActionMask = 2147483647;
			files = (
			);
			runOnlyForDeploymentPostprocessing = 0;
		};
		D19E73482B898F9400BB3EC7 /* Frameworks */ = {
			isa = PBXFrameworksBuildPhase;
			buildActionMask = 2147483647;
			files = (
			);
			runOnlyForDeploymentPostprocessing = 0;
		};
		D19E73522B898F9400BB3EC7 /* Frameworks */ = {
			isa = PBXFrameworksBuildPhase;
			buildActionMask = 2147483647;
			files = (
			);
			runOnlyForDeploymentPostprocessing = 0;
		};
/* End PBXFrameworksBuildPhase section */

/* Begin PBXGroup section */
		D19E73322B898F9300BB3EC7 = {
			isa = PBXGroup;
			children = (
				D19E733D2B898F9300BB3EC7 /* PracticeLogger */,
				D19E734E2B898F9400BB3EC7 /* PracticeLoggerTests */,
				D19E73582B898F9400BB3EC7 /* PracticeLoggerUITests */,
				D19E733C2B898F9300BB3EC7 /* Products */,
			);
			sourceTree = "<group>";
		};
		D19E733C2B898F9300BB3EC7 /* Products */ = {
			isa = PBXGroup;
			children = (
				D19E733B2B898F9300BB3EC7 /* PracticeLogger.app */,
				D19E734B2B898F9400BB3EC7 /* PracticeLoggerTests.xctest */,
				D19E73552B898F9400BB3EC7 /* PracticeLoggerUITests.xctest */,
			);
			name = Products;
			sourceTree = "<group>";
		};
		D19E733D2B898F9300BB3EC7 /* PracticeLogger */ = {
			isa = PBXGroup;
			children = (
				D1EA64CD2B8A7E7B00D95E1F /* Info.plist */,
				D19E733E2B898F9300BB3EC7 /* PracticeLoggerApp.swift */,
				D19E73402B898F9300BB3EC7 /* ContentView.swift */,
				D19E73422B898F9400BB3EC7 /* Assets.xcassets */,
				D19E73442B898F9400BB3EC7 /* Preview Content */,
			);
			path = PracticeLogger;
			sourceTree = "<group>";
		};
		D19E73442B898F9400BB3EC7 /* Preview Content */ = {
			isa = PBXGroup;
			children = (
				D19E73452B898F9400BB3EC7 /* Preview Assets.xcassets */,
			);
			path = "Preview Content";
			sourceTree = "<group>";
		};
		D19E734E2B898F9400BB3EC7 /* PracticeLoggerTests */ = {
			isa = PBXGroup;
			children = (
				D19E734F2B898F9400BB3EC7 /* PracticeLoggerTests.swift */,
			);
			path = PracticeLoggerTests;
			sourceTree = "<group>";
		};
		D19E73582B898F9400BB3EC7 /* PracticeLoggerUITests */ = {
			isa = PBXGroup;
			children = (
				D19E73592B898F9400BB3EC7 /* PracticeLoggerUITests.swift */,
				D19E735B2B898F9400BB3EC7 /* PracticeLoggerUITestsLaunchTests.swift */,
			);
			path = PracticeLoggerUITests;
			sourceTree = "<group>";
		};
/* End PBXGroup section */

/* Begin PBXNativeTarget section */
		D19E733A2B898F9300BB3EC7 /* PracticeLogger */ = {
			isa = PBXNativeTarget;
			buildConfigurationList = D19E735F2B898F9400BB3EC7 /* Build configuration list for PBXNativeTarget "PracticeLogger" */;
			buildPhases = (
				D19E73372B898F9300BB3EC7 /* Sources */,
				D19E73382B898F9300BB3EC7 /* Frameworks */,
				D19E73392B898F9300BB3EC7 /* Resources */,
			);
			buildRules = (
			);
			dependencies = (
			);
			name = PracticeLogger;
			productName = PracticeLogger;
			productReference = D19E733B2B898F9300BB3EC7 /* PracticeLogger.app */;
			productType = "com.apple.product-type.application";
		};
		D19E734A2B898F9400BB3EC7 /* PracticeLoggerTests */ = {
			isa = PBXNativeTarget;
			buildConfigurationList = D19E73622B898F9400BB3EC7 /* Build configuration list for PBXNativeTarget "PracticeLoggerTests" */;
			buildPhases = (
				D19E73472B898F9400BB3EC7 /* Sources */,
				D19E73482B898F9400BB3EC7 /* Frameworks */,
				D19E73492B898F9400BB3EC7 /* Resources */,
			);
			buildRules = (
			);
			dependencies = (
				D19E734D2B898F9400BB3EC7 /* PBXTargetDependency */,
			);
			name = PracticeLoggerTests;
			productName = PracticeLoggerTests;
			productReference = D19E734B2B898F9400BB3EC7 /* PracticeLoggerTests.xctest */;
			productType = "com.apple.product-type.bundle.unit-test";
		};
		D19E73542B898F9400BB3EC7 /* PracticeLoggerUITests */ = {
			isa = PBXNativeTarget;
			buildConfigurationList = D19E73652B898F9400BB3EC7 /* Build configuration list for PBXNativeTarget "PracticeLoggerUITests" */;
			buildPhases = (
				D19E73512B898F9400BB3EC7 /* Sources */,
				D19E73522B898F9400BB3EC7 /* Frameworks */,
				D19E73532B898F9400BB3EC7 /* Resources */,
			);
			buildRules = (
			);
			dependencies = (
				D19E73572B898F9400BB3EC7 /* PBXTargetDependency */,
			);
			name = PracticeLoggerUITests;
			productName = PracticeLoggerUITests;
			productReference = D19E73552B898F9400BB3EC7 /* PracticeLoggerUITests.xctest */;
			productType = "com.apple.product-type.bundle.ui-testing";
		};
/* End PBXNativeTarget section */

/* Begin PBXProject section */
		D19E73332B898F9300BB3EC7 /* Project object */ = {
			isa = PBXProject;
			attributes = {
				BuildIndependentTargetsInParallel = 1;
				LastSwiftUpdateCheck = 1520;
				LastUpgradeCheck = 1520;
				TargetAttributes = {
					D19E733A2B898F9300BB3EC7 = {
						CreatedOnToolsVersion = 15.2;
					};
					D19E734A2B898F9400BB3EC7 = {
						CreatedOnToolsVersion = 15.2;
						TestTargetID = D19E733A2B898F9300BB3EC7;
					};
					D19E73542B898F9400BB3EC7 = {
						CreatedOnToolsVersion = 15.2;
						TestTargetID = D19E733A2B898F9300BB3EC7;
					};
				};
			};
			buildConfigurationList = D19E73362B898F9300BB3EC7 /* Build configuration list for PBXProject "PracticeLogger" */;
			compatibilityVersion = "Xcode 14.0";
			developmentRegion = en;
			hasScannedForEncodings = 0;
			knownRegions = (
				en,
				Base,
			);
			mainGroup = D19E73322B898F9300BB3EC7;
			productRefGroup = D19E733C2B898F9300BB3EC7 /* Products */;
			projectDirPath = "";
			projectRoot = "";
			targets = (
				D19E733A2B898F9300BB3EC7 /* PracticeLogger */,
				D19E734A2B898F9400BB3EC7 /* PracticeLoggerTests */,
				D19E73542B898F9400BB3EC7 /* PracticeLoggerUITests */,
			);
		};
/* End PBXProject section */

/* Begin PBXResourcesBuildPhase section */
		D19E73392B898F9300BB3EC7 /* Resources */ = {
			isa = PBXResourcesBuildPhase;
			buildActionMask = 2147483647;
			files = (
				D19E73462B898F9400BB3EC7 /* Preview Assets.xcassets in Resources */,
				D19E73432B898F9400BB3EC7 /* Assets.xcassets in Resources */,
			);
			runOnlyForDeploymentPostprocessing = 0;
		};
		D19E73492B898F9400BB3EC7 /* Resources */ = {
			isa = PBXResourcesBuildPhase;
			buildActionMask = 2147483647;
			files = (
			);
			runOnlyForDeploymentPostprocessing = 0;
		};
		D19E73532B898F9400BB3EC7 /* Resources */ = {
			isa = PBXResourcesBuildPhase;
			buildActionMask = 2147483647;
			files = (
			);
			runOnlyForDeploymentPostprocessing = 0;
		};
/* End PBXResourcesBuildPhase section */

/* Begin PBXSourcesBuildPhase section */
		D19E73372B898F9300BB3EC7 /* Sources */ = {
			isa = PBXSourcesBuildPhase;
			buildActionMask = 2147483647;
			files = (
				D19E73412B898F9300BB3EC7 /* ContentView.swift in Sources */,
				D19E733F2B898F9300BB3EC7 /* PracticeLoggerApp.swift in Sources */,
			);
			runOnlyForDeploymentPostprocessing = 0;
		};
		D19E73472B898F9400BB3EC7 /* Sources */ = {
			isa = PBXSourcesBuildPhase;
			buildActionMask = 2147483647;
			files = (
				D19E73502B898F9400BB3EC7 /* PracticeLoggerTests.swift in Sources */,
			);
			runOnlyForDeploymentPostprocessing = 0;
		};
		D19E73512B898F9400BB3EC7 /* Sources */ = {
			isa = PBXSourcesBuildPhase;
			buildActionMask = 2147483647;
			files = (
				D19E735A2B898F9400BB3EC7 /* PracticeLoggerUITests.swift in Sources */,
				D19E735C2B898F9400BB3EC7 /* PracticeLoggerUITestsLaunchTests.swift in Sources */,
			);
			runOnlyForDeploymentPostprocessing = 0;
		};
/* End PBXSourcesBuildPhase section */

/* Begin PBXTargetDependency section */
		D19E734D2B898F9400BB3EC7 /* PBXTargetDependency */ = {
			isa = PBXTargetDependency;
			target = D19E733A2B898F9300BB3EC7 /* PracticeLogger */;
			targetProxy = D19E734C2B898F9400BB3EC7 /* PBXContainerItemProxy */;
		};
		D19E73572B898F9400BB3EC7 /* PBXTargetDependency */ = {
			isa = PBXTargetDependency;
			target = D19E733A2B898F9300BB3EC7 /* PracticeLogger */;
			targetProxy = D19E73562B898F9400BB3EC7 /* PBXContainerItemProxy */;
		};
/* End PBXTargetDependency section */

/* Begin XCBuildConfiguration section */
		D19E735D2B898F9400BB3EC7 /* Debug */ = {
			isa = XCBuildConfiguration;
			buildSettings = {
				ALWAYS_SEARCH_USER_PATHS = NO;
				ASSETCATALOG_COMPILER_GENERATE_SWIFT_ASSET_SYMBOL_EXTENSIONS = YES;
				CLANG_ANALYZER_NONNULL = YES;
				CLANG_ANALYZER_NUMBER_OBJECT_CONVERSION = YES_AGGRESSIVE;
				CLANG_CXX_LANGUAGE_STANDARD = "gnu++20";
				CLANG_ENABLE_MODULES = YES;
				CLANG_ENABLE_OBJC_ARC = YES;
				CLANG_ENABLE_OBJC_WEAK = YES;
				CLANG_WARN_BLOCK_CAPTURE_AUTORELEASING = YES;
				CLANG_WARN_BOOL_CONVERSION = YES;
				CLANG_WARN_COMMA = YES;
				CLANG_WARN_CONSTANT_CONVERSION = YES;
				CLANG_WARN_DEPRECATED_OBJC_IMPLEMENTATIONS = YES;
				CLANG_WARN_DIRECT_OBJC_ISA_USAGE = YES_ERROR;
				CLANG_WARN_DOCUMENTATION_COMMENTS = YES;
				CLANG_WARN_EMPTY_BODY = YES;
				CLANG_WARN_ENUM_CONVERSION = YES;
				CLANG_WARN_INFINITE_RECURSION = YES;
				CLANG_WARN_INT_CONVERSION = YES;
				CLANG_WARN_NON_LITERAL_NULL_CONVERSION = YES;
				CLANG_WARN_OBJC_IMPLICIT_RETAIN_SELF = YES;
				CLANG_WARN_OBJC_LITERAL_CONVERSION = YES;
				CLANG_WARN_OBJC_ROOT_CLASS = YES_ERROR;
				CLANG_WARN_QUOTED_INCLUDE_IN_FRAMEWORK_HEADER = YES;
				CLANG_WARN_RANGE_LOOP_ANALYSIS = YES;
				CLANG_WARN_STRICT_PROTOTYPES = YES;
				CLANG_WARN_SUSPICIOUS_MOVE = YES;
				CLANG_WARN_UNGUARDED_AVAILABILITY = YES_AGGRESSIVE;
				CLANG_WARN_UNREACHABLE_CODE = YES;
				CLANG_WARN__DUPLICATE_METHOD_MATCH = YES;
				COPY_PHASE_STRIP = NO;
				DEBUG_INFORMATION_FORMAT = dwarf;
				ENABLE_STRICT_OBJC_MSGSEND = YES;
				ENABLE_TESTABILITY = YES;
				ENABLE_USER_SCRIPT_SANDBOXING = YES;
				GCC_C_LANGUAGE_STANDARD = gnu17;
				GCC_DYNAMIC_NO_PIC = NO;
				GCC_NO_COMMON_BLOCKS = YES;
				GCC_OPTIMIZATION_LEVEL = 0;
				GCC_PREPROCESSOR_DEFINITIONS = (
					"DEBUG=1",
					"$(inherited)",
				);
				GCC_WARN_64_TO_32_BIT_CONVERSION = YES;
				GCC_WARN_ABOUT_RETURN_TYPE = YES_ERROR;
				GCC_WARN_UNDECLARED_SELECTOR = YES;
				GCC_WARN_UNINITIALIZED_AUTOS = YES_AGGRESSIVE;
				GCC_WARN_UNUSED_FUNCTION = YES;
				GCC_WARN_UNUSED_VARIABLE = YES;
				IPHONEOS_DEPLOYMENT_TARGET = 17.2;
				LOCALIZATION_PREFERS_STRING_CATALOGS = YES;
				MTL_ENABLE_DEBUG_INFO = INCLUDE_SOURCE;
				MTL_FAST_MATH = YES;
				ONLY_ACTIVE_ARCH = YES;
				SDKROOT = iphoneos;
				SWIFT_ACTIVE_COMPILATION_CONDITIONS = "DEBUG $(inherited)";
				SWIFT_OPTIMIZATION_LEVEL = "-Onone";
			};
			name = Debug;
		};
		D19E735E2B898F9400BB3EC7 /* Release */ = {
			isa = XCBuildConfiguration;
			buildSettings = {
				ALWAYS_SEARCH_USER_PATHS = NO;
				ASSETCATALOG_COMPILER_GENERATE_SWIFT_ASSET_SYMBOL_EXTENSIONS = YES;
				CLANG_ANALYZER_NONNULL = YES;
				CLANG_ANALYZER_NUMBER_OBJECT_CONVERSION = YES_AGGRESSIVE;
				CLANG_CXX_LANGUAGE_STANDARD = "gnu++20";
				CLANG_ENABLE_MODULES = YES;
				CLANG_ENABLE_OBJC_ARC = YES;
				CLANG_ENABLE_OBJC_WEAK = YES;
				CLANG_WARN_BLOCK_CAPTURE_AUTORELEASING = YES;
				CLANG_WARN_BOOL_CONVERSION = YES;
				CLANG_WARN_COMMA = YES;
				CLANG_WARN_CONSTANT_CONVERSION = YES;
				CLANG_WARN_DEPRECATED_OBJC_IMPLEMENTATIONS = YES;
				CLANG_WARN_DIRECT_OBJC_ISA_USAGE = YES_ERROR;
				CLANG_WARN_DOCUMENTATION_COMMENTS = YES;
				CLANG_WARN_EMPTY_BODY = YES;
				CLANG_WARN_ENUM_CONVERSION = YES;
				CLANG_WARN_INFINITE_RECURSION = YES;
				CLANG_WARN_INT_CONVERSION = YES;
				CLANG_WARN_NON_LITERAL_NULL_CONVERSION = YES;
				CLANG_WARN_OBJC_IMPLICIT_RETAIN_SELF = YES;
				CLANG_WARN_OBJC_LITERAL_CONVERSION = YES;
				CLANG_WARN_OBJC_ROOT_CLASS = YES_ERROR;
				CLANG_WARN_QUOTED_INCLUDE_IN_FRAMEWORK_HEADER = YES;
				CLANG_WARN_RANGE_LOOP_ANALYSIS = YES;
				CLANG_WARN_STRICT_PROTOTYPES = YES;
				CLANG_WARN_SUSPICIOUS_MOVE = YES;
				CLANG_WARN_UNGUARDED_AVAILABILITY = YES_AGGRESSIVE;
				CLANG_WARN_UNREACHABLE_CODE = YES;
				CLANG_WARN__DUPLICATE_METHOD_MATCH = YES;
				COPY_PHASE_STRIP = NO;
				DEBUG_INFORMATION_FORMAT = "dwarf-with-dsym";
				ENABLE_NS_ASSERTIONS = NO;
				ENABLE_STRICT_OBJC_MSGSEND = YES;
				ENABLE_USER_SCRIPT_SANDBOXING = YES;
				GCC_C_LANGUAGE_STANDARD = gnu17;
				GCC_NO_COMMON_BLOCKS = YES;
				GCC_WARN_64_TO_32_BIT_CONVERSION = YES;
				GCC_WARN_ABOUT_RETURN_TYPE = YES_ERROR;
				GCC_WARN_UNDECLARED_SELECTOR = YES;
				GCC_WARN_UNINITIALIZED_AUTOS = YES_AGGRESSIVE;
				GCC_WARN_UNUSED_FUNCTION = YES;
				GCC_WARN_UNUSED_VARIABLE = YES;
				IPHONEOS_DEPLOYMENT_TARGET = 17.2;
				LOCALIZATION_PREFERS_STRING_CATALOGS = YES;
				MTL_ENABLE_DEBUG_INFO = NO;
				MTL_FAST_MATH = YES;
				SDKROOT = iphoneos;
				SWIFT_COMPILATION_MODE = wholemodule;
				VALIDATE_PRODUCT = YES;
			};
			name = Release;
		};
		D19E73602B898F9400BB3EC7 /* Debug */ = {
			isa = XCBuildConfiguration;
			buildSettings = {
				ASSETCATALOG_COMPILER_APPICON_NAME = AppIcon;
				ASSETCATALOG_COMPILER_GLOBAL_ACCENT_COLOR_NAME = AccentColor;
				CODE_SIGN_STYLE = Automatic;
				CURRENT_PROJECT_VERSION = 1;
				DEVELOPMENT_ASSET_PATHS = "\"PracticeLogger/Preview Content\"";
				ENABLE_PREVIEWS = YES;
				GENERATE_INFOPLIST_FILE = YES;
				INFOPLIST_FILE = PracticeLogger/Info.plist;
				INFOPLIST_KEY_CFBundleDisplayName = "Practice Logger";
				INFOPLIST_KEY_LSApplicationCategoryType = "public.app-category.music";
				INFOPLIST_KEY_UIApplicationSceneManifest_Generation = YES;
				INFOPLIST_KEY_UIApplicationSupportsIndirectInputEvents = YES;
				INFOPLIST_KEY_UILaunchScreen_Generation = YES;
				INFOPLIST_KEY_UIStatusBarStyle = "";
				INFOPLIST_KEY_UISupportedInterfaceOrientations = UIInterfaceOrientationPortrait;
				IPHONEOS_DEPLOYMENT_TARGET = 17.0;
				LD_RUNPATH_SEARCH_PATHS = (
					"$(inherited)",
					"@executable_path/Frameworks",
				);
				MARKETING_VERSION = 1.0;
				PRODUCT_BUNDLE_IDENTIFIER = michaelbrandt.PracticeLogger;
				PRODUCT_NAME = "$(TARGET_NAME)";
				SWIFT_EMIT_LOC_STRINGS = YES;
				SWIFT_VERSION = 5.0;
				TARGETED_DEVICE_FAMILY = "1,2";
			};
			name = Debug;
		};
		D19E73612B898F9400BB3EC7 /* Release */ = {
			isa = XCBuildConfiguration;
			buildSettings = {
				ASSETCATALOG_COMPILER_APPICON_NAME = AppIcon;
				ASSETCATALOG_COMPILER_GLOBAL_ACCENT_COLOR_NAME = AccentColor;
				CODE_SIGN_STYLE = Automatic;
				CURRENT_PROJECT_VERSION = 1;
				DEVELOPMENT_ASSET_PATHS = "\"PracticeLogger/Preview Content\"";
				ENABLE_PREVIEWS = YES;
				GENERATE_INFOPLIST_FILE = YES;
				INFOPLIST_FILE = PracticeLogger/Info.plist;
				INFOPLIST_KEY_CFBundleDisplayName = "Practice Logger";
				INFOPLIST_KEY_LSApplicationCategoryType = "public.app-category.music";
				INFOPLIST_KEY_UIApplicationSceneManifest_Generation = YES;
				INFOPLIST_KEY_UIApplicationSupportsIndirectInputEvents = YES;
				INFOPLIST_KEY_UILaunchScreen_Generation = YES;
				INFOPLIST_KEY_UIStatusBarStyle = "";
				INFOPLIST_KEY_UISupportedInterfaceOrientations = UIInterfaceOrientationPortrait;
				IPHONEOS_DEPLOYMENT_TARGET = 17.0;
				LD_RUNPATH_SEARCH_PATHS = (
					"$(inherited)",
					"@executable_path/Frameworks",
				);
				MARKETING_VERSION = 1.0;
				PRODUCT_BUNDLE_IDENTIFIER = michaelbrandt.PracticeLogger;
				PRODUCT_NAME = "$(TARGET_NAME)";
				SWIFT_EMIT_LOC_STRINGS = YES;
				SWIFT_VERSION = 5.0;
				TARGETED_DEVICE_FAMILY = "1,2";
			};
			name = Release;
		};
		D19E73632B898F9400BB3EC7 /* Debug */ = {
			isa = XCBuildConfiguration;
			buildSettings = {
				ALWAYS_EMBED_SWIFT_STANDARD_LIBRARIES = YES;
				BUNDLE_LOADER = "$(TEST_HOST)";
				CODE_SIGN_STYLE = Automatic;
				CURRENT_PROJECT_VERSION = 1;
				GENERATE_INFOPLIST_FILE = YES;
				IPHONEOS_DEPLOYMENT_TARGET = 17.2;
				MARKETING_VERSION = 1.0;
				PRODUCT_BUNDLE_IDENTIFIER = michaelbrandt.PracticeLoggerTests;
				PRODUCT_NAME = "$(TARGET_NAME)";
				SWIFT_EMIT_LOC_STRINGS = NO;
				SWIFT_VERSION = 5.0;
				TARGETED_DEVICE_FAMILY = "1,2";
				TEST_HOST = "$(BUILT_PRODUCTS_DIR)/PracticeLogger.app/$(BUNDLE_EXECUTABLE_FOLDER_PATH)/PracticeLogger";
			};
			name = Debug;
		};
		D19E73642B898F9400BB3EC7 /* Release */ = {
			isa = XCBuildConfiguration;
			buildSettings = {
				ALWAYS_EMBED_SWIFT_STANDARD_LIBRARIES = YES;
				BUNDLE_LOADER = "$(TEST_HOST)";
				CODE_SIGN_STYLE = Automatic;
				CURRENT_PROJECT_VERSION = 1;
				GENERATE_INFOPLIST_FILE = YES;
				IPHONEOS_DEPLOYMENT_TARGET = 17.2;
				MARKETING_VERSION = 1.0;
				PRODUCT_BUNDLE_IDENTIFIER = michaelbrandt.PracticeLoggerTests;
				PRODUCT_NAME = "$(TARGET_NAME)";
				SWIFT_EMIT_LOC_STRINGS = NO;
				SWIFT_VERSION = 5.0;
				TARGETED_DEVICE_FAMILY = "1,2";
				TEST_HOST = "$(BUILT_PRODUCTS_DIR)/PracticeLogger.app/$(BUNDLE_EXECUTABLE_FOLDER_PATH)/PracticeLogger";
			};
			name = Release;
		};
		D19E73662B898F9400BB3EC7 /* Debug */ = {
			isa = XCBuildConfiguration;
			buildSettings = {
				ALWAYS_EMBED_SWIFT_STANDARD_LIBRARIES = YES;
				CODE_SIGN_STYLE = Automatic;
				CURRENT_PROJECT_VERSION = 1;
				GENERATE_INFOPLIST_FILE = YES;
				MARKETING_VERSION = 1.0;
				PRODUCT_BUNDLE_IDENTIFIER = michaelbrandt.PracticeLoggerUITests;
				PRODUCT_NAME = "$(TARGET_NAME)";
				SWIFT_EMIT_LOC_STRINGS = NO;
				SWIFT_VERSION = 5.0;
				TARGETED_DEVICE_FAMILY = "1,2";
				TEST_TARGET_NAME = PracticeLogger;
			};
			name = Debug;
		};
		D19E73672B898F9400BB3EC7 /* Release */ = {
			isa = XCBuildConfiguration;
			buildSettings = {
				ALWAYS_EMBED_SWIFT_STANDARD_LIBRARIES = YES;
				CODE_SIGN_STYLE = Automatic;
				CURRENT_PROJECT_VERSION = 1;
				GENERATE_INFOPLIST_FILE = YES;
				MARKETING_VERSION = 1.0;
				PRODUCT_BUNDLE_IDENTIFIER = michaelbrandt.PracticeLoggerUITests;
				PRODUCT_NAME = "$(TARGET_NAME)";
				SWIFT_EMIT_LOC_STRINGS = NO;
				SWIFT_VERSION = 5.0;
				TARGETED_DEVICE_FAMILY = "1,2";
				TEST_TARGET_NAME = PracticeLogger;
			};
			name = Release;
		};
/* End XCBuildConfiguration section */

/* Begin XCConfigurationList section */
		D19E73362B898F9300BB3EC7 /* Build configuration list for PBXProject "PracticeLogger" */ = {
			isa = XCConfigurationList;
			buildConfigurations = (
				D19E735D2B898F9400BB3EC7 /* Debug */,
				D19E735E2B898F9400BB3EC7 /* Release */,
			);
			defaultConfigurationIsVisible = 0;
			defaultConfigurationName = Release;
		};
		D19E735F2B898F9400BB3EC7 /* Build configuration list for PBXNativeTarget "PracticeLogger" */ = {
			isa = XCConfigurationList;
			buildConfigurations = (
				D19E73602B898F9400BB3EC7 /* Debug */,
				D19E73612B898F9400BB3EC7 /* Release */,
			);
			defaultConfigurationIsVisible = 0;
			defaultConfigurationName = Release;
		};
		D19E73622B898F9400BB3EC7 /* Build configuration list for PBXNativeTarget "PracticeLoggerTests" */ = {
			isa = XCConfigurationList;
			buildConfigurations = (
				D19E73632B898F9400BB3EC7 /* Debug */,
				D19E73642B898F9400BB3EC7 /* Release */,
			);
			defaultConfigurationIsVisible = 0;
			defaultConfigurationName = Release;
		};
		D19E73652B898F9400BB3EC7 /* Build configuration list for PBXNativeTarget "PracticeLoggerUITests" */ = {
			isa = XCConfigurationList;
			buildConfigurations = (
				D19E73662B898F9400BB3EC7 /* Debug */,
				D19E73672B898F9400BB3EC7 /* Release */,
			);
			defaultConfigurationIsVisible = 0;
			defaultConfigurationName = Release;
		};
/* End XCConfigurationList section */
	};
	rootObject = D19E73332B898F9300BB3EC7 /* Project object */;
}
